{
  "version": 4,
  "terraform_version": "1.15.1",
  "serial": 1110,
  "lineage": "02673287-27b0-8e53-8c2e-552d245227e7",
  "outputs": {},
  "resources": [
    {
      "mode": "data",
      "type": "archive_file",
      "name": "create_game_zip",
      "provider": "provider[\"registry.terraform.io/hashicorp/archive\"]",
      "instances": [
        {
          "schema_version": 0,
          "attributes": {
            "exclude_symlink_directories": null,
            "excludes": null,
            "id": "c4f7ff7746e83a96f17fe0539bd659ec2a12dc9a",
            "output_base64sha256": "a6LttHWQnSzgOznw8VC58aKexEwjfI6vw7p07aM/HXA=",
            "output_base64sha512": "gkNqQmNJfyFDRYHU+JbEPMwbce1dqbjqFM3Bi4mfaKiuMFXIGOzHlB8qVtdnAVl4wFonN0dyKbXoaL8csK/GLA==",
            "output_file_mode": null,
            "output_md5": "8a1c8d41e11b7451a65a07cfe4fc6907",
            "output_path": "./exports/lambda/CreateGame.zip",
            "output_sha": "c4f7ff7746e83a96f17fe0539bd659ec2a12dc9a",
            "output_sha256": "6ba2edb475909d2ce03b39f0f150b9f1a29ec44c237c8eafc3ba74eda33f1d70",
            "output_sha512": "82436a4263497f21434581d4f896c43ccc1b71ed5da9b8ea14cdc18b899f68a8ae3055c818ecc7941f2a56d767015978c05a2737477229b5e868bf1cb0afc62c",
            "output_size": 1742,
            "source": [
              {
                "content": "import { SSMClient, SendCommandCommand, GetCommandInvocationCommand } from \"@aws-sdk/client-ssm\";\r\nimport { DynamoDBDocumentClient, PutCommand, QueryCommand } from \"@aws-sdk/lib-dynamodb\";\r\nimport { DynamoDBClient } from \"@aws-sdk/client-dynamodb\";\r\nimport crypto from \"crypto\";\r\nimport Enums from \"./shared/enums.json\" with { type: \"json\" };\r\n\r\nconst ssm = new SSMClient();\r\nconst client = new DynamoDBClient({});\r\nconst docClient = DynamoDBDocumentClient.from(client);\r\n\r\nconst INSTANCE_ID = process.env.POKER_SERVER_INSTANCE_ID;\r\nconst GAMES_TABLE = process.env.GAMES_TABLE;\r\n\r\nexport const handler = async (event) =\u003e {\r\n    if (!event.body) {\r\n        return {\r\n            statusCode: 400,\r\n            body: JSON.stringify({ message: \"Missing request body\" })\r\n        }; \r\n    }\r\n\r\n    const body = JSON.parse(event.body)\r\n    const blindValue = body.blind || 10\r\n    const accountId = event.requestContext?.authorizer?.jwt?.claims?.sub;\r\n\r\n    if (!accountId) {\r\n        return {\r\n            statusCode: 401,\r\n            body: JSON.stringify({ message: \"Unauthorized\" })\r\n        };\r\n    }\r\n\r\n    if (!INSTANCE_ID || !GAMES_TABLE) {\r\n        return {\r\n            statusCode: 500,\r\n            body: JSON.stringify({ message: \"Server configuration error\" })\r\n        };\r\n    }\r\n\r\n    // Get all active games for this player\r\n    const params = {\r\n        TableName: GAMES_TABLE,\r\n        IndexName: \"HostPlayerIdIndex\", \r\n        KeyConditionExpression: \"hostPlayerId = :accId\",\r\n        FilterExpression: \"gameStatus \u003c\u003e :endedStatus\",\r\n        ExpressionAttributeValues: {\r\n            \":accId\": accountId,\r\n            \":endedStatus\": Enums.GameStatus.ENDED\r\n        }\r\n    };\r\n\r\n    try {\r\n        const command = new QueryCommand(params);\r\n        const response = await docClient.send(command);\r\n        let game = response?.Items?.[0] ?? null;\r\n\r\n        if (game) {  \r\n            return {\r\n                statusCode: 200,\r\n                body: JSON.stringify(game)\r\n            }\r\n        }\r\n\r\n        // Create game code\r\n        var gameCode = \"\";\r\n        var gameCodeLength = 7;\r\n        var gameCodeChars = \"1234567890ABCDEFGHIJKLMNOPQRSTUVWXYZ\";\r\n\r\n        for (let i = 0; i \u003c gameCodeLength; i++) {\r\n            gameCode += gameCodeChars[Math.floor(Math.random() * gameCodeChars.length)];\r\n        }\r\n\r\n        const newGame = {\r\n            gameId: gameCode,\r\n            hostPlayerId: accountId,\r\n            createTimeEpochMilliseconds: Date.now(),\r\n            port: 0,\r\n            gameStatus: Enums.GameStatus.STARTING,\r\n            endTimeEpochMilliseconds: 0,\r\n            blind: blindValue,\r\n            connected_players: []\r\n        };\r\n\r\n        await docClient.send(new PutCommand({\r\n            TableName: GAMES_TABLE,\r\n            Item: newGame\r\n        }));\r\n\r\n        // Send the command to run our start game script\r\n        const sendRes = await ssm.send(new SendCommandCommand({\r\n            InstanceIds: [INSTANCE_ID],\r\n            DocumentName: \"AWS-RunShellScript\",\r\n            Parameters: {\r\n                'commands': [`sudo -u ec2-user /home/ec2-user/start_game_session.sh \"${GAMES_TABLE}\" \"${newGame.gameId}\" \"${accountId}\" \"${blindValue}\"`]\r\n            },\r\n            CloudWatchOutputConfig: {\r\n                CloudWatchLogGroupName: \"/apps/poker-game\",\r\n                CloudWatchOutputEnabled: true\r\n            }\r\n        }));\r\n\r\n        return {\r\n            statusCode: 202,\r\n            headers: { \"Content-Type\": \"application/json\" },\r\n            body: JSON.stringify({ \r\n                message: \"Game server configuration initialization started\", \r\n                gameId: newGame.gameId\r\n            })\r\n        };\r\n    } catch (error) {\r\n        console.error(\"SSM Execution Error:\", error);\r\n        return {\r\n            statusCode: 500,\r\n            body: JSON.stringify({ message: \"Failed to spin up game server session\", error: error.message })\r\n        };\r\n    }\r\n};",
                "filename": "index.mjs"
              },
              {
                "content": "{\r\n    \"GameStatus\": {\r\n        \"STARTING\": 0,\r\n        \"STARTED\": 1,\r\n        \"ENDED\": 2\r\n    }\r\n}",
                "filename": "shared/enums.json"
              }
            ],
            "source_content": null,
            "source_content_filename": null,
            "source_dir": null,
            "source_file": null,
            "type": "zip"
          },
          "sensitive_attributes": [],
          "identity_schema_version": 0
        }
      ]
    },
    {
      "mode": "data",
      "type": "archive_file",
      "name": "get_account_zip",
      "provider": "provider[\"registry.terraform.io/hashicorp/archive\"]",
      "instances": [
        {
          "schema_version": 0,
          "attributes": {
            "exclude_symlink_directories": null,
            "excludes": null,
            "id": "999d039447bab5ab8ffdf2be3df76157f5875546",
            "output_base64sha256": "k5mSHyU8kDQ8uIEgr1HFX3Gk/NoWS8HJMG39G9M6XhQ=",
            "output_base64sha512": "ZjUP6dDtbJiIOph/PNo1ZeHNmOISrzMY2zz6W94dmUL3f7oTDOJE9Y5RcKgOXahdfbksykdsBqvYGutUctq2lA==",
            "output_file_mode": null,
            "output_md5": "0a94d84b0142a219ce04a259385faec8",
            "output_path": "./exports/lambda/GetAccount.zip",
            "output_sha": "999d039447bab5ab8ffdf2be3df76157f5875546",
            "output_sha256": "9399921f253c90343cb88120af51c55f71a4fcda164bc1c9306dfd1bd33a5e14",
            "output_sha512": "66350fe9d0ed6c98883a987f3cda3565e1cd98e212af3318db3cfa5bde1d9942f77fba130ce244f58e5170a80e5da85d7db92cca476c06abd81aeb5472dab694",
            "output_size": 1183,
            "source": [
              {
                "content": "import { DynamoDBClient } from \"@aws-sdk/client-dynamodb\";\r\nimport { DynamoDBDocumentClient, PutCommand, QueryCommand } from \"@aws-sdk/lib-dynamodb\";\r\nimport Enums from \"./shared/enums.json\" with { type: \"json\" };\r\n\r\nconst ACCOUNTS_TABLE = process.env.ACCOUNTS_TABLE;\r\n\r\nconst client = new DynamoDBClient({});\r\nconst docClient = DynamoDBDocumentClient.from(client);\r\n\r\nexport const handler = async (event) =\u003e {\r\n    const accountId = event.requestContext?.authorizer?.jwt?.claims?.sub;\r\n    const username = event.requestContext?.authorizer?.jwt?.claims[\"cognito:username\"];\r\n\r\n    if (!accountId) {\r\n        return {\r\n            statusCode: 400,\r\n            body: JSON.stringify({ message: \"Missing AccountId parameter\" }),\r\n        };\r\n    }\r\n\r\n    const params = {\r\n        TableName: ACCOUNTS_TABLE,\r\n        KeyConditionExpression: \"accountId = :accId\",\r\n        ExpressionAttributeValues: {\r\n            \":accId\": accountId\r\n        }\r\n    };\r\n\r\n    try {\r\n        const command = new QueryCommand(params);\r\n        const response = await docClient.send(command);\r\n\r\n        let account = response?.Items?.[0] ?? null;\r\n\r\n        // Account not found, create one with initial values\r\n        if (account == null) {\r\n            const newAccount = {\r\n                accountId: accountId,\r\n                playerName: username,\r\n                createTimeEpochMilliseconds: Date.now(),\r\n                profilePictureUrl: \"\",\r\n                handsWon: 0,\r\n                handsPlayed: 0,\r\n                playerColor: \"#ff8407\"\r\n            };\r\n\r\n            await docClient.send(new PutCommand({\r\n                TableName: ACCOUNTS_TABLE,\r\n                Item: newAccount\r\n            }));\r\n\r\n            // Set the response.Item to the new record for the return statement\r\n            account = newAccount;\r\n        } else {\r\n            console.log(\"not null account, returning found account\")\r\n        }\r\n\r\n        return {\r\n            statusCode: 200,\r\n            body: JSON.stringify(account),\r\n        };\r\n    } catch (error) {\r\n        console.error(\"DynamoDB Error:\", error);\r\n        return {\r\n            statusCode: 500,\r\n            body: JSON.stringify({ message: \"Internal Server Error\", error: error.message }),\r\n        };\r\n    }\r\n};",
                "filename": "index.mjs"
              },
              {
                "content": "{\r\n    \"GameStatus\": {\r\n        \"STARTING\": 0,\r\n        \"STARTED\": 1,\r\n        \"ENDED\": 2\r\n    }\r\n}",
                "filename": "shared/enums.json"
              }
            ],
            "source_content": null,
            "source_content_filename": null,
            "source_dir": null,
            "source_file": null,
            "type": "zip"
          },
          "sensitive_attributes": [],
          "identity_schema_version": 0
        }
      ]
    },
    {
      "mode": "data",
      "type": "archive_file",
      "name": "get_game_zip",
      "provider": "provider[\"registry.terraform.io/hashicorp/archive\"]",
      "instances": [
        {
          "schema_version": 0,
          "attributes": {
            "exclude_symlink_directories": null,
            "excludes": null,
            "id": "631aaa243ecbd9a5f706eb8bee1e2f5a9a6bb03d",
            "output_base64sha256": "xy3YfMWhKmQAkEcZuA+bFGzdbPyJUAY7rsNBqK2EDZM=",
            "output_base64sha512": "4Bl6nGrbRfku9TzyXOzBMqKh2FVk4JWB7qwgzVwu3vwuGzHQnA27C2YH9gkd02fBKYX7X09GPIeHIk9OW0YI/w==",
            "output_file_mode": null,
            "output_md5": "839e105d09d4fc87843145d898fef335",
            "output_path": "./exports/lambda/GetGame.zip",
            "output_sha": "631aaa243ecbd9a5f706eb8bee1e2f5a9a6bb03d",
            "output_sha256": "c72dd87cc5a12a6400904719b80f9b146cdd6cfc8950063baec341a8ad840d93",
            "output_sha512": "e0197a9c6adb45f92ef53cf25cecc132a2a1d85564e09581eeac20cd5c2edefc2e1b31d09c0dbb0b6607f6091dd367c12985fb5f4f463c8787224f4e5b4608ff",
            "output_size": 964,
            "source": [
              {
                "content": "import { DynamoDBDocumentClient, QueryCommand } from \"@aws-sdk/lib-dynamodb\";\r\nimport { DynamoDBClient } from \"@aws-sdk/client-dynamodb\";\r\nimport Enums from \"./shared/enums.json\" with { type: \"json\" };\r\n\r\nconst client = new DynamoDBClient({});\r\nconst docClient = DynamoDBDocumentClient.from(client);\r\nconst GAMES_TABLE = process.env.GAMES_TABLE;\r\n\r\nexport const handler = async (event) =\u003e {\r\n    const gameId = event.queryStringParameters?.gameId;\r\n\r\n    if (!gameId) {\r\n        return { statusCode: 400, body: JSON.stringify({ message: \"Missing gameId parameter\" }) };\r\n    }\r\n\r\n    try {\r\n        const response = await docClient.send(new QueryCommand({\r\n            TableName: GAMES_TABLE,\r\n            KeyConditionExpression: \"gameId = :gId\",\r\n            ExpressionAttributeValues: {\r\n                \":gId\": gameId\r\n            }\r\n        }));\r\n\r\n        const game = response.Items?.[0] ?? null;\r\n\r\n        if (!game) {\r\n            return { statusCode: 404, body: JSON.stringify({ message: \"Game session not found\" }) };\r\n        }\r\n\r\n        // Return the current status (Whether PENDING or ACTIVE along with the port)\r\n        return {\r\n            statusCode: 200,\r\n            headers: { \"Content-Type\": \"application/json\" },\r\n            body: JSON.stringify({\r\n                gameStatus: game.gameStatus,\r\n                port: game.port,\r\n            })\r\n        };\r\n\r\n    } catch (error) {\r\n        return { statusCode: 500, body: JSON.stringify({ error: error.message }) };\r\n    }\r\n};",
                "filename": "index.mjs"
              },
              {
                "content": "{\r\n    \"GameStatus\": {\r\n        \"STARTING\": 0,\r\n        \"STARTED\": 1,\r\n        \"ENDED\": 2\r\n    }\r\n}",
                "filename": "shared/enums.json"
              }
            ],
            "source_content": null,
            "source_content_filename": null,
            "source_dir": null,
            "source_file": null,
            "type": "zip"
          },
          "sensitive_attributes": [],
          "identity_schema_version": 0
        }
      ]
    },
    {
      "mode": "data",
      "type": "archive_file",
      "name": "get_games_zip",
      "provider": "provider[\"registry.terraform.io/hashicorp/archive\"]",
      "instances": [
        {
          "schema_version": 0,
          "attributes": {
            "exclude_symlink_directories": null,
            "excludes": null,
            "id": "b0b930da9c5cc9c052818f2ef5f0986678eade43",
            "output_base64sha256": "s6/3/t5sirot3HX2s4NkVEV11jGU4+XMq5T3PVtHKfI=",
            "output_base64sha512": "S1LCUPJ9H1d3zkn3AmtDt75II+zf352vwhLU6/m9vpqPuaYIjvyJgJv9nEu5VSAfuTNi6Sfny7OhjTko6mJyYw==",
            "output_file_mode": null,
            "output_md5": "a2c57a668d40394be0db934c0c0f07e5",
            "output_path": "./exports/lambda/GetGames.zip",
            "output_sha": "b0b930da9c5cc9c052818f2ef5f0986678eade43",
            "output_sha256": "b3aff7fede6c8aba2ddc75f6b38364544575d63194e3e5ccab94f73d5b4729f2",
            "output_sha512": "4b52c250f27d1f5777ce49f7026b43b7be4823ecdfdf9dafc212d4ebf9bdbe9a8fb9a6088efc89809bfd9c4bb955201fb93362e927e7cbb3a18d3928ea627263",
            "output_size": 893,
            "source": [
              {
                "content": "import { DynamoDBDocumentClient, QueryCommand } from \"@aws-sdk/lib-dynamodb\";\r\nimport { DynamoDBClient } from \"@aws-sdk/client-dynamodb\";\r\nimport Enums from \"./shared/enums.json\" with { type: \"json\" };\r\n\r\nconst client = new DynamoDBClient({});\r\nconst docClient = DynamoDBDocumentClient.from(client);\r\nconst GAMES_TABLE = process.env.GAMES_TABLE;\r\n\r\nexport const handler = async (event) =\u003e {\r\n    const accountId = event.requestContext?.authorizer?.jwt?.claims?.sub;\r\n\r\n    try {\r\n        const response = await docClient.send(new QueryCommand({\r\n            TableName: GAMES_TABLE,\r\n            IndexName: \"HostPlayerIdIndex\", \r\n            KeyConditionExpression: \"hostPlayerId = :hId\",\r\n            ExpressionAttributeValues: {\r\n                \":hId\": accountId\r\n            }\r\n        }));\r\n\r\n        // Return the current status (Whether PENDING or ACTIVE along with the port)\r\n        return {\r\n            statusCode: 200,\r\n            headers: { \"Content-Type\": \"application/json\" },\r\n            body: response.Items\r\n        };\r\n\r\n    } catch (error) {\r\n        return { statusCode: 500, body: JSON.stringify({ error: error.message }) };\r\n    }\r\n};",
                "filename": "index.mjs"
              },
              {
                "content": "{\r\n    \"GameStatus\": {\r\n        \"STARTING\": 0,\r\n        \"STARTED\": 1,\r\n        \"ENDED\": 2\r\n    }\r\n}",
                "filename": "shared/enums.json"
              }
            ],
            "source_content": null,
            "source_content_filename": null,
            "source_dir": null,
            "source_file": null,
            "type": "zip"
          },
          "sensitive_attributes": [],
          "identity_schema_version": 0
        }
      ]
    },
    {
      "mode": "data",
      "type": "archive_file",
      "name": "server_auth_zip",
      "provider": "provider[\"registry.terraform.io/hashicorp/archive\"]",
      "instances": [
        {
          "schema_version": 0,
          "attributes": {
            "exclude_symlink_directories": null,
            "excludes": null,
            "id": "68df09e41d5861d1d698a0fc3d6a1897a3661bf8",
            "output_base64sha256": "6F5OZ8eZcsgm5XGR9IJLGMLW8tRxk05TNTAGQbSv+18=",
            "output_base64sha512": "/Ulvnevu2FkCMas3dvLEWio4S4J5y2Vqw1YH/siLD/8T/hu183tE+thZ+kBrhlgtG75lcfj8Qb5J3qatYLTscg==",
            "output_file_mode": null,
            "output_md5": "cf4a39e3b63c1b93f6e6aa9e3f405486",
            "output_path": "./exports/lambda/ServerAuthorizer.zip",
            "output_sha": "68df09e41d5861d1d698a0fc3d6a1897a3661bf8",
            "output_sha256": "e85e4e67c79972c826e57191f4824b18c2d6f2d471934e5335300641b4affb5f",
            "output_sha512": "fd496f9debeed8590231ab3776f2c45a2a384b8279cb656ac35607fec88b0fff13fe1bb5f37b44fad859fa406b86582d1bbe6571f8fc41be49dea6ad60b4ec72",
            "output_size": 470,
            "source": [],
            "source_content": null,
            "source_content_filename": null,
            "source_dir": "./../src/functions/ServerAuthorizer",
            "source_file": null,
            "type": "zip"
          },
          "sensitive_attributes": [],
          "identity_schema_version": 0
        }
      ]
    },
    {
      "mode": "data",
      "type": "archive_file",
      "name": "server_edge_auth_zip",
      "provider": "provider[\"registry.terraform.io/hashicorp/archive\"]",
      "instances": [
        {
          "schema_version": 0,
          "attributes": {
            "exclude_symlink_directories": null,
            "excludes": null,
            "id": "db0c17c695f62ddcda629d8b699b56867962c4cb",
            "output_base64sha256": "SP32Ux8qkrREc+VQQiqMPLNRcVgUF1a12LrXxUROuDU=",
            "output_base64sha512": "EmnHhYy5nNHkl1ZuYBXCWWE8YFqeQ1j3PHtwvr3PeVBugyWMXwhDwd7yBOuu4NjH7KGsuJvGIpbnaYiK1Q4DLQ==",
            "output_file_mode": null,
            "output_md5": "01bd3114b17c8602069c5dbe965873c2",
            "output_path": "./exports/lambda/ServerEdgeAuthorizer.zip",
            "output_sha": "db0c17c695f62ddcda629d8b699b56867962c4cb",
            "output_sha256": "48fdf6531f2a92b44473e550422a8c3cb3517158141756b5d8bad7c5444eb835",
            "output_sha512": "1269c7858cb99cd1e497566e6015c259613c605a9e4358f73c7b70bebdcf79506e83258c5f0843c1def204ebaee0d8c7eca1acb89bc62296e769888ad50e032d",
            "output_size": 1393,
            "source": [],
            "source_content": null,
            "source_content_filename": null,
            "source_dir": "./../src/functions/ServerEdgeAuthorizer",
            "source_file": null,
            "type": "zip"
          },
          "sensitive_attributes": [],
          "identity_schema_version": 0
        }
      ]
    },
    {
      "mode": "data",
      "type": "archive_file",
      "name": "update_game_zip",
      "provider": "provider[\"registry.terraform.io/hashicorp/archive\"]",
      "instances": [
        {
          "schema_version": 0,
          "attributes": {
            "exclude_symlink_directories": null,
            "excludes": null,
            "id": "47474bda2e4584b568eaa57fc6a72eee6d39bf5e",
            "output_base64sha256": "D1dcnxiilSK2SwYsFwIjk9H+I2B0nXiMjeOXZP/grx8=",
            "output_base64sha512": "jqG3HoukuLDE+IvOW6olL1XXMlNwOQurLJBEkcRULwiEap/Aj5HM1o2HQIrj2NCpKcZplouFfRibniZ1plf2qA==",
            "output_file_mode": null,
            "output_md5": "84d6d3e49b1fb7f40aafa084bdcbbbf5",
            "output_path": "./exports/lambda/UpdateGame.zip",
            "output_sha": "47474bda2e4584b568eaa57fc6a72eee6d39bf5e",
            "output_sha256": "0f575c9f18a29522b64b062c17022393d1fe2360749d788c8de39764ffe0af1f",
            "output_sha512": "8ea1b71e8ba4b8b0c4f88bce5baa252f55d7325370390bab2c904491c4542f08846a9fc08f91ccd68d87408ae3d8d0a929c669968b857d189b9e2675a657f6a8",
            "output_size": 1399,
            "source": [
              {
                "content": "import { DynamoDBDocumentClient, UpdateCommand, QueryCommand } from \"@aws-sdk/lib-dynamodb\";\r\nimport { DynamoDBClient } from \"@aws-sdk/client-dynamodb\";\r\nimport crypto from \"crypto\";\r\nimport Enums from \"./shared/enums.json\" with { type: \"json\" };\r\n\r\nconst docClient = DynamoDBDocumentClient.from(new DynamoDBClient({}));\r\n\r\nconst GAMES_TABLE = process.env.GAMES_TABLE;\r\nconst SERVER_SECRET_TOKEN = process.env.SERVER_SECRET_TOKEN;\r\n\r\nexport const handler = async (event) =\u003e {\r\n    if (!event.body) {\r\n        return {\r\n            statusCode: 400,\r\n            body: JSON.stringify({ message: \"Missing request body\" })\r\n        }; \r\n    }\r\n\r\n    if (!SERVER_SECRET_TOKEN || !GAMES_TABLE) {\r\n        return {\r\n            statusCode: 500,\r\n            body: JSON.stringify({ message: \"Server configuration error\" })\r\n        };\r\n    }\r\n\r\n    const gameId = event.queryStringParameters?.gameId;\r\n    const body = JSON.parse(event.body)\r\n    const newGameStatus = body.gameStatus;\r\n    const newPort = body.port\r\n    const addPlayers = body.addPlayers;\r\n    const removePlayers = body.removePlayers;\r\n    var hostPlayerId = \"\";\r\n    var updateParams;\r\n\r\n    console.log(\"body:\", body);\r\n\r\n    // TODO: update logic to migrate to a new dynamo record if trying to change hosts\r\n    // Maybe best to just create a new endpoint for this...\r\n    // const hostPlayerId = body.hostPlayerId;\r\n\r\n    try {\r\n        const response = await docClient.send(new QueryCommand({\r\n            TableName: GAMES_TABLE,\r\n            KeyConditionExpression: \"gameId = :gId\",\r\n            ExpressionAttributeValues: {\r\n                \":gId\": gameId\r\n            }\r\n        }));\r\n\r\n        const game = response.Items?.[0] ?? null;\r\n\r\n        if (!game) {\r\n            return { statusCode: 404, body: JSON.stringify({ message: \"Game session not found\" }) };\r\n        }\r\n\r\n        hostPlayerId = game.hostPlayerId;\r\n    } catch (error) {\r\n        return {\r\n            statusCode: 500,\r\n            body: JSON.stringify({ message: \"Failed to fetch game record\", error: error.message })\r\n        };\r\n    }\r\n\r\n    if (newGameStatus == Enums.GameStatus.STARTED) {\r\n        updateParams = {\r\n            TableName: GAMES_TABLE,\r\n            Key: {\r\n                gameId: gameId,\r\n                hostPlayerId: hostPlayerId\r\n            },\r\n            UpdateExpression: \"SET gameStatus = :statusValue, port = :newPort\",\r\n            ExpressionAttributeValues: {\r\n                \":statusValue\": newGameStatus,\r\n                \":newPort\": newPort\r\n            },\r\n            ReturnValues: \"ALL_NEW\"\r\n        };\r\n    } else if (newGameStatus == Enums.GameStatus.ENDED) {\r\n        updateParams = {\r\n            TableName: GAMES_TABLE,\r\n            Key: {\r\n                gameId: gameId,\r\n                hostPlayerId: hostPlayerId\r\n            },\r\n            UpdateExpression: \"SET gameStatus = :statusValue, endTimeEpochMilliseconds = :endTimeValue\",\r\n            ExpressionAttributeValues: {\r\n                \":statusValue\": newGameStatus,\r\n                \":endTimeValue\": Date.now()\r\n            },\r\n            ReturnValues: \"ALL_NEW\"\r\n        };\r\n    } else {\r\n        return {\r\n            statusCode: 403,\r\n            body: JSON.stringify({ message: \"Unmapped gameStatus value\" })\r\n        };\r\n    }\r\n\r\n    try {\r\n        const response = await docClient.send(new UpdateCommand(updateParams));\r\n        console.log(\"[Lambda] Game record updated successfully.\");\r\n        \r\n        return {\r\n            statusCode: 200,\r\n            body: JSON.stringify({ message: \"Game updated successfully\", attributes: response.Attributes })\r\n        };\r\n    } catch (error) {\r\n        return {\r\n            statusCode: 500,\r\n            body: JSON.stringify({ message: \"Failed to update game record\", error: error.message })\r\n        };\r\n    }\r\n};",
                "filename": "index.mjs"
              },
              {
                "content": "{\r\n    \"GameStatus\": {\r\n        \"STARTING\": 0,\r\n        \"STARTED\": 1,\r\n        \"ENDED\": 2\r\n    }\r\n}",
                "filename": "shared/enums.json"
              }
            ],
            "source_content": null,
            "source_content_filename": null,
            "source_dir": null,
            "source_file": null,
            "type": "zip"
          },
          "sensitive_attributes": [],
          "identity_schema_version": 0
        }
      ]
    },
    {
      "mode": "data",
      "type": "aws_acm_certificate",
      "name": "poker_cert",
      "provider": "provider[\"registry.terraform.io/hashicorp/aws\"]",
      "instances": [
        {
          "schema_version": 0,
          "attributes": {
            "arn": "arn:aws:acm:us-east-1:072351085675:certificate/f82aae2e-2588-4899-b0dd-9e1ff1d38e07",
            "certificate": "-----BEGIN CERTIFICATE-----\nMIIF3zCCBMegAwIBAgIQCslC1ws+SVHlW5r+q4imEjANBgkqhkiG9w0BAQsFADA8\nMQswCQYDVQQGEwJVUzEPMA0GA1UEChMGQW1hem9uMRwwGgYDVQQDExNBbWF6b24g\nUlNBIDIwNDggTTA0MB4XDTI2MDMxODAwMDAwMFoXDTI2MTAwMTIzNTk1OVowHjEc\nMBoGA1UEAxMTbWlrZWNodWNrdGluZ2xlLm5ldDCCASIwDQYJKoZIhvcNAQEBBQAD\nggEPADCCAQoCggEBALIl7O8eBCfTvkFr65erKMmeR+3AaExTEcoe0mdHQxMSa9Uj\nXW9Si9g4X6Gi9pNknyjByG9uOUl0s9zmaLXUANv9zb+tOf2JBVvJ0oC9Zh9jB2YW\nXZxChVmiQNHzlC42dK29SGlwTnUxIoWypMpSKOMq8KnQ40pG68wBqj4r9/hJtjOV\n0H71SFu94FO23hG1MdV+ucyd3511zhSlZfsJ48kk89ZisRXcSne4GNgXBmkO0vuV\nwr2B8VtHhRE7BEH63l9tzbRT4av1+zRM/ymNQcpf2aqvOXOQVrGXG89pAyzXLL0g\nieWOSyPFKJZUZmJ8rJiYnTUkZxvqAX+A7GcvX0kCAwEAAaOCAvkwggL1MB8GA1Ud\nIwQYMBaAFB9SkmFWglR/gWbYHT0KqjJch90IMB0GA1UdDgQWBBQOMpGwTM1LEYu6\nE5+XXl/NRspQcjA1BgNVHREELjAsghNtaWtlY2h1Y2t0aW5nbGUubmV0ghUqLm1p\na2VjaHVja3RpbmdsZS5uZXQwEwYDVR0gBAwwCjAIBgZngQwBAgEwDgYDVR0PAQH/\nBAQDAgWgMBMGA1UdJQQMMAoGCCsGAQUFBwMBMDsGA1UdHwQ0MDIwMKAuoCyGKmh0\ndHA6Ly9jcmwucjJtMDQuYW1hem9udHJ1c3QuY29tL3IybTA0LmNybDB1BggrBgEF\nBQcBAQRpMGcwLQYIKwYBBQUHMAGGIWh0dHA6Ly9vY3NwLnIybTA0LmFtYXpvbnRy\ndXN0LmNvbTA2BggrBgEFBQcwAoYqaHR0cDovL2NydC5yMm0wNC5hbWF6b250cnVz\ndC5jb20vcjJtMDQuY2VyMAwGA1UdEwEB/wQCMAAwggF+BgorBgEEAdZ5AgQCBIIB\nbgSCAWoBaAB2AMIxfldFGaNF7n843rKQQevHwiFaIr9/1bWtdprZDlLNAAABnQJl\n8M0AAAQDAEcwRQIgDumhWQ/d777ehjUzhR8187p6Vq9wFYTf7dp8kwXlfyQCIQCz\nAarFUUsoOPHZq17Rim9JsBoChxScLermAqGxVrXUrwB2ANdtfRDRp/V3wsfpX9cA\nv/mCyTNaZeHQswFzF8DIxWl3AAABnQJl8KIAAAQDAEcwRQIhANTkuhyvjhdnOZTx\nnLidX4RafFGTxBvmWBJ2K5mW8rrbAiAnRL6uDeRhokseJlnP3sTuurTD6RWRssfu\noNY5vtmkEwB2AJROQ4f67MHvgfMZJCaoGGUBx9NfOAIBP3JnfVU3LhnYAAABnQJl\n8OoAAAQDAEcwRQIhAJxIATpd7alKEaIXp9N77nNj47E/6792/0SynGol0x1KAiAg\nfleELxZOKE7HmP4Cpo/ghqoMhMbwkCcJ/RxxlgwaKDANBgkqhkiG9w0BAQsFAAOC\nAQEAlAOaQxm++t3aJTcSa41D0HjV5YYXl2lCR+b15Uo2OnsJZ9sAAh1X5efXUDRf\nykfV+dnRE+Oe8jjbCoPdOXFJl1GO0vG3I/dPS9UAKnWTUn+dHCcPUrtzdEypFzEF\nGuc0Gedd9WS2hGoRxgYc2GyQOA483If5pj1ENozA7CQP5WjbHoceIGeDTfO+DObU\n1Sd7zxh9nd2/ZjmQFQZxFP/E2b1KG2Q6J+GC337ct+n+fNtsJyvJaXBt1o8o231X\nJMJj29t2lpo2C0DjrdZYVhWkjiBmWDjlWR+hpZ48TECEmTscnH7bqYtbY075PHum\n7rc871LPFDuxDhjs8xFXk/079w==\n-----END CERTIFICATE-----\n",
            "certificate_chain": "-----BEGIN CERTIFICATE-----\nMIIEXjCCA0agAwIBAgITB3MSTyqVLj7Rili9uF0bwM5fJzANBgkqhkiG9w0BAQsF\nADA5MQswCQYDVQQGEwJVUzEPMA0GA1UEChMGQW1hem9uMRkwFwYDVQQDExBBbWF6\nb24gUm9vdCBDQSAxMB4XDTIyMDgyMzIyMjYzNVoXDTMwMDgyMzIyMjYzNVowPDEL\nMAkGA1UEBhMCVVMxDzANBgNVBAoTBkFtYXpvbjEcMBoGA1UEAxMTQW1hem9uIFJT\nQSAyMDQ4IE0wNDCCASIwDQYJKoZIhvcNAQEBBQADggEPADCCAQoCggEBAM3pVR6A\nlQOp4xe776FdePXyejgA38mYx1ou9/jrpV6Sfn+/oqBKgwhY6ePsQHHQayWBJdBn\nv4Wz363qRI4XUh9swBFJ11TnZ3LqOMvHmWq2+loA0QPtOfXdJ2fHBLrBrngtJ/GB\n0p5olAVYrSZgvQGP16Rf8ddtNyxEEhYm3HuhmNi+vSeAq1tLYJPAvRCXonTpWdSD\nxY6hvdmxlqTYi82AtBXSfpGQ58HHM0hw0C6aQakghrwWi5fGslLOqzpimNMIsT7c\nqa0GJx6JfKqJqmQQNplO2h8n9ZsFJgBowof01ppdoLAWg6caMOM0om/VILKaa30F\n9W/r8Qjah7ltGVkCAwEAAaOCAVowggFWMBIGA1UdEwEB/wQIMAYBAf8CAQAwDgYD\nVR0PAQH/BAQDAgGGMB0GA1UdJQQWMBQGCCsGAQUFBwMBBggrBgEFBQcDAjAdBgNV\nHQ4EFgQUH1KSYVaCVH+BZtgdPQqqMlyH3QgwHwYDVR0jBBgwFoAUhBjMhTTsvAyU\nlC4IWZzHshBOCggwewYIKwYBBQUHAQEEbzBtMC8GCCsGAQUFBzABhiNodHRwOi8v\nb2NzcC5yb290Y2ExLmFtYXpvbnRydXN0LmNvbTA6BggrBgEFBQcwAoYuaHR0cDov\nL2NydC5yb290Y2ExLmFtYXpvbnRydXN0LmNvbS9yb290Y2ExLmNlcjA/BgNVHR8E\nODA2MDSgMqAwhi5odHRwOi8vY3JsLnJvb3RjYTEuYW1hem9udHJ1c3QuY29tL3Jv\nb3RjYTEuY3JsMBMGA1UdIAQMMAowCAYGZ4EMAQIBMA0GCSqGSIb3DQEBCwUAA4IB\nAQA+1O5UsAaNuW3lHzJtpNGwBnZd9QEYFtxpiAnIaV4qApnGS9OCw5ZPwie7YSlD\nZF5yyFPsFhUC2Q9uJHY/CRV1b5hIiGH0+6+w5PgKiY1MWuWT8VAaJjFxvuhM7a/e\nfN2TIw1Wd6WCl6YRisunjQOrSP+unqC8A540JNyZ1JOE3jVqat3OZBGgMvihdj2w\nY23EpwesrKiQzkHzmvSH67PVW4ycbPy08HVZnBxZ5NrlGG9bwXR3fNTaz+c+Ej6c\n5AnwI3qkOFgSkg3Y75cdFz6pO/olK+e3AqygAcv0WjzmkDPuBjssuZjCHMC56oH3\nGJkV29Di2j5prHJbwZjG1inU\n-----END CERTIFICATE-----\n-----BEGIN CERTIFICATE-----\nMIIEkjCCA3qgAwIBAgITBn+USionzfP6wq4rAfkI7rnExjANBgkqhkiG9w0BAQsF\nADCBmDELMAkGA1UEBhMCVVMxEDAOBgNVBAgTB0FyaXpvbmExEzARBgNVBAcTClNj\nb3R0c2RhbGUxJTAjBgNVBAoTHFN0YXJmaWVsZCBUZWNobm9sb2dpZXMsIEluYy4x\nOzA5BgNVBAMTMlN0YXJmaWVsZCBTZXJ2aWNlcyBSb290IENlcnRpZmljYXRlIEF1\ndGhvcml0eSAtIEcyMB4XDTE1MDUyNTEyMDAwMFoXDTM3MTIzMTAxMDAwMFowOTEL\nMAkGA1UEBhMCVVMxDzANBgNVBAoTBkFtYXpvbjEZMBcGA1UEAxMQQW1hem9uIFJv\nb3QgQ0EgMTCCASIwDQYJKoZIhvcNAQEBBQADggEPADCCAQoCggEBALJ4gHHKeNXj\nca9HgFB0fW7Y14h29Jlo91ghYPl0hAEvrAIthtOgQ3pOsqTQNroBvo3bSMgHFzZM\n9O6II8c+6zf1tRn4SWiw3te5djgdYZ6k/oI2peVKVuRF4fn9tBb6dNqcmzU5L/qw\nIFAGbHrQgLKm+a/sRxmPUDgH3KKHOVj4utWp+UhnMJbulHheb4mjUcAwhmahRWa6\nVOujw5H5SNz/0egwLX0tdHA114gk957EWW67c4cX8jJGKLhD+rcdqsq08p8kDi1L\n93FcXmn/6pUCyziKrlA4b9v7LWIbxcceVOF34GfID5yHI9Y/QCB/IIDEgEw+OyQm\njgSubJrIqg0CAwEAAaOCATEwggEtMA8GA1UdEwEB/wQFMAMBAf8wDgYDVR0PAQH/\nBAQDAgGGMB0GA1UdDgQWBBSEGMyFNOy8DJSULghZnMeyEE4KCDAfBgNVHSMEGDAW\ngBScXwDfqgHXMCs4iKK4bUqc8hGRgzB4BggrBgEFBQcBAQRsMGowLgYIKwYBBQUH\nMAGGImh0dHA6Ly9vY3NwLnJvb3RnMi5hbWF6b250cnVzdC5jb20wOAYIKwYBBQUH\nMAKGLGh0dHA6Ly9jcnQucm9vdGcyLmFtYXpvbnRydXN0LmNvbS9yb290ZzIuY2Vy\nMD0GA1UdHwQ2MDQwMqAwoC6GLGh0dHA6Ly9jcmwucm9vdGcyLmFtYXpvbnRydXN0\nLmNvbS9yb290ZzIuY3JsMBEGA1UdIAQKMAgwBgYEVR0gADANBgkqhkiG9w0BAQsF\nAAOCAQEAYjdCXLwQtT6LLOkMm2xF4gcAevnFWAu5CIw+7bMlPLVvUOTNNWqnkzSW\nMiGpSESrnO09tKpzbeR/FoCJbM8oAxiDR3mjEH4wW6w7sGDgd9QIpuEdfF7Au/ma\neyKdpwAJfqxGF4PcnCZXmTA5YpaP7dreqsXMGz7KQ2hsVxa81Q4gLv7/wmpdLqBK\nbRRYh5TmOTFffHPLkIhqhBGWJ6bt2YFGpn6jcgAKUj6DiAdjd4lpFw85hdKrCEVN\n0FE6/V1dN2RMfjCyVSRCnTawXZwXgWHxyvkQAiSr6w10kY17RSlQOYiypok1JR4U\nakcjMS9cmvqtmg5iUaQqqcT5NJ0hGA==\n-----END CERTIFICATE-----\n",
            "domain": "mikechucktingle.net",
            "id": "arn:aws:acm:us-east-1:072351085675:certificate/f82aae2e-2588-4899-b0dd-9e1ff1d38e07",
            "key_types": null,
            "most_recent": false,
            "region": "us-east-1",
            "status": "ISSUED",
            "statuses": [
              "ISSUED"
            ],
            "tags": {},
            "types": null
          },
          "sensitive_attributes": [],
          "identity_schema_version": 0
        }
      ]
    },
    {
      "mode": "data",
      "type": "aws_cloudfront_function",
      "name": "redirect_to_index",
      "provider": "provider[\"registry.terraform.io/hashicorp/aws\"]",
      "instances": [
        {
          "schema_version": 0,
          "attributes": {
            "arn": "arn:aws:cloudfront::072351085675:function/RedirectToIndex",
            "code": "function handler(event) {\n    var request = event.request;\n    var uri = request.uri || \"/\";\n\n    // 1) If it's clearly a file (has a dot in the last path segment), pass through.\n    //    e.g. /app.js, /images/logo.png, /assets/app.1234.css, /robots.txt\n    var lastSlash = uri.lastIndexOf(\"/\");\n    var lastSegment = lastSlash \u003e= 0 ? uri.substring(lastSlash + 1) : uri;\n    if (lastSegment.indexOf(\".\") !== -1) {\n        return request;\n    }\n\n    // 2) If it ends with a slash, point to that folder's index.html\n    //    e.g. /docs/  -\u003e /docs/index.html\n    if (uri.endsWith(\"/\")) {\n        request.uri = uri + \"index.html\";\n        return request;\n    }\n\n    // 3) Otherwise, treat it as a client-side route and map to /index.html\n    //    e.g. /dashboard -\u003e /index.html  (URL bar stays /dashboard)\n    request.uri = \"/index.html\";\n    return request;\n}\n",
            "comment": "",
            "etag": "E3UN6WX5RRO2AG",
            "id": "RedirectToIndex",
            "key_value_store_associations": [],
            "last_modified_time": "2025-11-09T04:12:35Z",
            "name": "RedirectToIndex",
            "runtime": "cloudfront-js-2.0",
            "stage": "LIVE",
            "status": "DEPLOYED"
          },
          "sensitive_attributes": [],
          "identity_schema_version": 0
        }
      ]
    },
    {
      "mode": "data",
      "type": "aws_route53_zone",
      "name": "main",
      "provider": "provider[\"registry.terraform.io/hashicorp/aws\"]",
      "instances": [
        {
          "schema_version": 0,
          "attributes": {
            "arn": "arn:aws:route53:::hostedzone/Z0053251XXT1FWAUMZOS",
            "caller_reference": "RISWorkflow-RD:3c3939f0-8f31-4c1c-8b3f-06d586d8c2ba",
            "comment": "HostedZone created by Route53 Registrar",
            "enable_accelerated_recovery": false,
            "id": "Z0053251XXT1FWAUMZOS",
            "linked_service_description": null,
            "linked_service_principal": null,
            "name": "mikechucktingle.net",
            "name_servers": [
              "ns-517.awsdns-00.net",
              "ns-1291.awsdns-33.org",
              "ns-1908.awsdns-46.co.uk",
              "ns-145.awsdns-18.com"
            ],
            "primary_name_server": "ns-517.awsdns-00.net",
            "private_zone": false,
            "resource_record_set_count": 8,
            "tags": {},
            "vpc_id": null,
            "zone_id": "Z0053251XXT1FWAUMZOS"
          },
          "sensitive_attributes": [],
          "identity_schema_version": 0
        }
      ]
    },
    {
      "mode": "data",
      "type": "aws_subnets",
      "name": "default_public",
      "provider": "provider[\"registry.terraform.io/hashicorp/aws\"]",
      "instances": [
        {
          "schema_version": 0,
          "attributes": {
            "filter": [
              {
                "name": "vpc-id",
                "values": [
                  "vpc-0cca4587cb26d6420"
                ]
              }
            ],
            "id": "us-east-1",
            "ids": [
              "subnet-00a99e58e80dcd297",
              "subnet-05ab6777fe891e660",
              "subnet-08f23715afe198ffa",
              "subnet-064f257f5ebc1222a",
              "subnet-029adf83780c0c188",
              "subnet-0b72afa47198e13ed"
            ],
            "region": "us-east-1",
            "tags": null,
            "timeouts": null
          },
          "sensitive_attributes": [],
          "identity_schema_version": 0
        }
      ]
    },
    {
      "mode": "data",
      "type": "aws_vpc",
      "name": "default",
      "provider": "provider[\"registry.terraform.io/hashicorp/aws\"]",
      "instances": [
        {
          "schema_version": 0,
          "attributes": {
            "arn": "arn:aws:ec2:us-east-1:072351085675:vpc/vpc-0cca4587cb26d6420",
            "cidr_block": "172.31.0.0/16",
            "cidr_block_associations": [
              {
                "association_id": "vpc-cidr-assoc-039ec646b579c42ba",
                "cidr_block": "172.31.0.0/16",
                "state": "associated"
              }
            ],
            "default": true,
            "dhcp_options_id": "dopt-080296d5ce043a40f",
            "enable_dns_hostnames": true,
            "enable_dns_support": true,
            "enable_network_address_usage_metrics": false,
            "filter": null,
            "id": "vpc-0cca4587cb26d6420",
            "instance_tenancy": "default",
            "ipv6_association_id": "",
            "ipv6_cidr_block": "",
            "main_route_table_id": "rtb-032cfa403f848a2d3",
            "owner_id": "072351085675",
            "region": "us-east-1",
            "state": null,
            "tags": {},
            "timeouts": null
          },
          "sensitive_attributes": [],
          "identity_schema_version": 0
        }
      ]
    },
    {
      "mode": "managed",
      "type": "aws_apigatewayv2_api",
      "name": "poker_api",
      "provider": "provider[\"registry.terraform.io/hashicorp/aws\"]",
      "instances": [
        {
          "schema_version": 0,
          "attributes": {
            "api_endpoint": "https://q3szamrsj6.execute-api.us-east-1.amazonaws.com",
            "api_key_selection_expression": "$request.header.x-api-key",
            "arn": "arn:aws:apigateway:us-east-1::/apis/q3szamrsj6",
            "body": null,
            "cors_configuration": [
              {
                "allow_credentials": true,
                "allow_headers": [
                  "authorization",
                  "content-type"
                ],
                "allow_methods": [
                  "DELETE",
                  "GET",
                  "OPTIONS",
                  "POST",
                  "PUT"
                ],
                "allow_origins": [
                  "http://localhost:5173",
                  "https://poker.mikechucktingle.net"
                ],
                "expose_headers": [],
                "max_age": 0
              }
            ],
            "credentials_arn": null,
            "description": "",
            "disable_execute_api_endpoint": false,
            "execution_arn": "arn:aws:execute-api:us-east-1:072351085675:q3szamrsj6",
            "fail_on_warnings": null,
            "id": "q3szamrsj6",
            "ip_address_type": "ipv4",
            "name": "PokerAPI",
            "protocol_type": "HTTP",
            "region": "us-east-1",
            "route_key": null,
            "route_selection_expression": "$request.method $request.path",
            "tags": {},
            "tags_all": {},
            "target": null,
            "version": ""
          },
          "sensitive_attributes": [],
          "identity_schema_version": 0,
          "identity": {
            "account_id": "072351085675",
            "id": "q3szamrsj6",
            "region": "us-east-1"
          },
          "private": "bnVsbA=="
        }
      ]
    },
    {
      "mode": "managed",
      "type": "aws_apigatewayv2_api_mapping",
      "name": "poker_mapping",
      "provider": "provider[\"registry.terraform.io/hashicorp/aws\"]",
      "instances": [
        {
          "schema_version": 0,
          "attributes": {
            "api_id": "q3szamrsj6",
            "api_mapping_key": "",
            "domain_name": "api.mikechucktingle.net",
            "id": "qgfci4",
            "region": "us-east-1",
            "stage": "dev"
          },
          "sensitive_attributes": [],
          "identity_schema_version": 0,
          "private": "bnVsbA==",
          "dependencies": [
            "aws_apigatewayv2_api.poker_api",
            "aws_apigatewayv2_domain_name.poker_api_domain",
            "aws_apigatewayv2_stage.dev",
            "data.aws_acm_certificate.poker_cert"
          ]
        }
      ]
    },
    {
      "mode": "managed",
      "type": "aws_apigatewayv2_authorizer",
      "name": "cognito_auth",
      "provider": "provider[\"registry.terraform.io/hashicorp/aws\"]",
      "instances": [
        {
          "schema_version": 0,
          "attributes": {
            "api_id": "q3szamrsj6",
            "authorizer_credentials_arn": "",
            "authorizer_payload_format_version": "",
            "authorizer_result_ttl_in_seconds": 0,
            "authorizer_type": "JWT",
            "authorizer_uri": "",
            "enable_simple_responses": false,
            "id": "whr83a",
            "identity_sources": [
              "$request.header.Authorization"
            ],
            "jwt_configuration": [
              {
                "audience": [
                  "5nke82c4g3l1256jkhve4vivk3"
                ],
                "issuer": "https://cognito-idp.us-east-1.amazonaws.com/us-east-1_P0kvE7vF4"
              }
            ],
            "name": "CognitoJwtAuthorizer",
            "region": "us-east-1",
            "timeouts": null
          },
          "sensitive_attributes": [],
          "identity_schema_version": 0,
          "private": "eyJlMmJmYjczMC1lY2FhLTExZTYtOGY4OC0zNDM2M2JjN2M0YzAiOnsiZGVsZXRlIjoxODAwMDAwMDAwMDAwfX0=",
          "dependencies": [
            "aws_apigatewayv2_api.poker_api",
            "aws_cognito_user_pool.poker_pool",
            "aws_cognito_user_pool_client.poker_client"
          ]
        }
      ]
    },
    {
      "mode": "managed",
      "type": "aws_apigatewayv2_authorizer",
      "name": "server_token_auth",
      "provider": "provider[\"registry.terraform.io/hashicorp/aws\"]",
      "instances": [
        {
          "schema_version": 0,
          "attributes": {
            "api_id": "q3szamrsj6",
            "authorizer_credentials_arn": "",
            "authorizer_payload_format_version": "2.0",
            "authorizer_result_ttl_in_seconds": 300,
            "authorizer_type": "REQUEST",
            "authorizer_uri": "arn:aws:apigateway:us-east-1:lambda:path/2015-03-31/functions/arn:aws:lambda:us-east-1:072351085675:function:ServerAuthorizer/invocations",
            "enable_simple_responses": true,
            "id": "30wo6l",
            "identity_sources": [
              "$request.header.x-server-token"
            ],
            "jwt_configuration": [],
            "name": "ServerTokenAuthorizer",
            "region": "us-east-1",
            "timeouts": null
          },
          "sensitive_attributes": [],
          "identity_schema_version": 0,
          "private": "eyJlMmJmYjczMC1lY2FhLTExZTYtOGY4OC0zNDM2M2JjN2M0YzAiOnsiZGVsZXRlIjoxODAwMDAwMDAwMDAwfX0=",
          "dependencies": [
            "aws_apigatewayv2_api.poker_api",
            "aws_iam_role.authorizer_lambda_role",
            "aws_lambda_function.server_auth_lambda",
            "data.archive_file.server_auth_zip",
            "random_password.server_api_token"
          ]
        }
      ]
    },
    {
      "mode": "managed",
      "type": "aws_apigatewayv2_domain_name",
      "name": "poker_api_domain",
      "provider": "provider[\"registry.terraform.io/hashicorp/aws\"]",
      "instances": [
        {
          "schema_version": 0,
          "attributes": {
            "api_mapping_selection_expression": "$request.basepath",
            "arn": "arn:aws:apigateway:us-east-1::/domainnames/api.mikechucktingle.net",
            "domain_name": "api.mikechucktingle.net",
            "domain_name_configuration": [
              {
                "certificate_arn": "arn:aws:acm:us-east-1:072351085675:certificate/f82aae2e-2588-4899-b0dd-9e1ff1d38e07",
                "endpoint_type": "REGIONAL",
                "hosted_zone_id": "Z1UJRXOUMOOFQ8",
                "ip_address_type": "ipv4",
                "ownership_verification_certificate_arn": "",
                "security_policy": "TLS_1_2",
                "target_domain_name": "d-8nddnduhli.execute-api.us-east-1.amazonaws.com"
              }
            ],
            "id": "api.mikechucktingle.net",
            "mutual_tls_authentication": [],
            "region": "us-east-1",
            "routing_mode": "API_MAPPING_ONLY",
            "tags": {},
            "tags_all": {},
            "timeouts": null
          },
          "sensitive_attributes": [],
          "identity_schema_version": 0,
          "private": "eyJlMmJmYjczMC1lY2FhLTExZTYtOGY4OC0zNDM2M2JjN2M0YzAiOnsiY3JlYXRlIjo2MDAwMDAwMDAwMDAsInVwZGF0ZSI6MzYwMDAwMDAwMDAwMH0sInNjaGVtYV92ZXJzaW9uIjoiMCJ9",
          "dependencies": [
            "data.aws_acm_certificate.poker_cert"
          ]
        }
      ]
    },
    {
      "mode": "managed",
      "type": "aws_apigatewayv2_integration",
      "name": "create_game_int",
      "provider": "provider[\"registry.terraform.io/hashicorp/aws\"]",
      "instances": [
        {
          "schema_version": 0,
          "attributes": {
            "api_id": "q3szamrsj6",
            "connection_id": "",
            "connection_type": "INTERNET",
            "content_handling_strategy": "",
            "credentials_arn": "",
            "description": "",
            "id": "b8j22za",
            "integration_method": "POST",
            "integration_response_selection_expression": "",
            "integration_subtype": "",
            "integration_type": "AWS_PROXY",
            "integration_uri": "arn:aws:apigateway:us-east-1:lambda:path/2015-03-31/functions/arn:aws:lambda:us-east-1:072351085675:function:CreateGame/invocations",
            "passthrough_behavior": "",
            "payload_format_version": "2.0",
            "region": "us-east-1",
            "request_parameters": {},
            "request_templates": {},
            "response_parameters": [],
            "template_selection_expression": "",
            "timeout_milliseconds": 30000,
            "tls_config": []
          },
          "sensitive_attributes": [],
          "identity_schema_version": 0,
          "private": "bnVsbA==",
          "dependencies": [
            "aws_apigatewayv2_api.poker_api",
            "aws_dynamodb_table.games_table",
            "aws_iam_instance_profile.ec2_profile",
            "aws_iam_role.ec2_logs_role",
            "aws_iam_role.lambda_integration_role",
            "aws_instance.poker_server",
            "aws_lambda_function.create_game",
            "aws_security_group.alb_sg",
            "aws_security_group.poker_sg",
            "aws_ssm_parameter.cw_agent_config",
            "data.archive_file.create_game_zip",
            "data.aws_vpc.default"
          ]
        }
      ]
    },
    {
      "mode": "managed",
      "type": "aws_apigatewayv2_integration",
      "name": "get_account_int",
      "provider": "provider[\"registry.terraform.io/hashicorp/aws\"]",
      "instances": [
        {
          "schema_version": 0,
          "attributes": {
            "api_id": "q3szamrsj6",
            "connection_id": "",
            "connection_type": "INTERNET",
            "content_handling_strategy": "",
            "credentials_arn": "",
            "description": "",
            "id": "5frfwte",
            "integration_method": "POST",
            "integration_response_selection_expression": "",
            "integration_subtype": "",
            "integration_type": "AWS_PROXY",
            "integration_uri": "arn:aws:apigateway:us-east-1:lambda:path/2015-03-31/functions/arn:aws:lambda:us-east-1:072351085675:function:GetAccount/invocations",
            "passthrough_behavior": "",
            "payload_format_version": "2.0",
            "region": "us-east-1",
            "request_parameters": {},
            "request_templates": {},
            "response_parameters": [],
            "template_selection_expression": "",
            "timeout_milliseconds": 30000,
            "tls_config": []
          },
          "sensitive_attributes": [],
          "identity_schema_version": 0,
          "private": "bnVsbA==",
          "dependencies": [
            "aws_apigatewayv2_api.poker_api",
            "aws_dynamodb_table.accounts_table",
            "aws_iam_role.lambda_integration_role",
            "aws_lambda_function.get_account",
            "data.archive_file.get_account_zip"
          ]
        }
      ]
    },
    {
      "mode": "managed",
      "type": "aws_apigatewayv2_integration",
      "name": "get_game_int",
      "provider": "provider[\"registry.terraform.io/hashicorp/aws\"]",
      "instances": [
        {
          "schema_version": 0,
          "attributes": {
            "api_id": "q3szamrsj6",
            "connection_id": "",
            "connection_type": "INTERNET",
            "content_handling_strategy": "",
            "credentials_arn": "",
            "description": "",
            "id": "bdwru8g",
            "integration_method": "POST",
            "integration_response_selection_expression": "",
            "integration_subtype": "",
            "integration_type": "AWS_PROXY",
            "integration_uri": "arn:aws:apigateway:us-east-1:lambda:path/2015-03-31/functions/arn:aws:lambda:us-east-1:072351085675:function:GetGame/invocations",
            "passthrough_behavior": "",
            "payload_format_version": "2.0",
            "region": "us-east-1",
            "request_parameters": {},
            "request_templates": {},
            "response_parameters": [],
            "template_selection_expression": "",
            "timeout_milliseconds": 30000,
            "tls_config": []
          },
          "sensitive_attributes": [],
          "identity_schema_version": 0,
          "private": "bnVsbA==",
          "dependencies": [
            "aws_apigatewayv2_api.poker_api",
            "aws_dynamodb_table.games_table",
            "aws_iam_role.lambda_integration_role",
            "aws_lambda_function.get_game",
            "data.archive_file.get_game_zip"
          ]
        }
      ]
    },
    {
      "mode": "managed",
      "type": "aws_apigatewayv2_integration",
      "name": "get_games_int",
      "provider": "provider[\"registry.terraform.io/hashicorp/aws\"]",
      "instances": [
        {
          "schema_version": 0,
          "attributes": {
            "api_id": "q3szamrsj6",
            "connection_id": "",
            "connection_type": "INTERNET",
            "content_handling_strategy": "",
            "credentials_arn": "",
            "description": "",
            "id": "fv16p44",
            "integration_method": "POST",
            "integration_response_selection_expression": "",
            "integration_subtype": "",
            "integration_type": "AWS_PROXY",
            "integration_uri": "arn:aws:apigateway:us-east-1:lambda:path/2015-03-31/functions/arn:aws:lambda:us-east-1:072351085675:function:GetGames/invocations",
            "passthrough_behavior": "",
            "payload_format_version": "2.0",
            "region": "us-east-1",
            "request_parameters": {},
            "request_templates": {},
            "response_parameters": [],
            "template_selection_expression": "",
            "timeout_milliseconds": 30000,
            "tls_config": []
          },
          "sensitive_attributes": [],
          "identity_schema_version": 0,
          "private": "bnVsbA==",
          "dependencies": [
            "aws_apigatewayv2_api.poker_api",
            "aws_dynamodb_table.games_table",
            "aws_iam_role.lambda_integration_role",
            "aws_lambda_function.get_games",
            "data.archive_file.get_games_zip"
          ]
        }
      ]
    },
    {
      "mode": "managed",
      "type": "aws_apigatewayv2_integration",
      "name": "update_game_int",
      "provider": "provider[\"registry.terraform.io/hashicorp/aws\"]",
      "instances": [
        {
          "schema_version": 0,
          "attributes": {
            "api_id": "q3szamrsj6",
            "connection_id": "",
            "connection_type": "INTERNET",
            "content_handling_strategy": "",
            "credentials_arn": "",
            "description": "",
            "id": "drje8ws",
            "integration_method": "POST",
            "integration_response_selection_expression": "",
            "integration_subtype": "",
            "integration_type": "AWS_PROXY",
            "integration_uri": "arn:aws:apigateway:us-east-1:lambda:path/2015-03-31/functions/arn:aws:lambda:us-east-1:072351085675:function:UpdateGame/invocations",
            "passthrough_behavior": "",
            "payload_format_version": "2.0",
            "region": "us-east-1",
            "request_parameters": {},
            "request_templates": {},
            "response_parameters": [],
            "template_selection_expression": "",
            "timeout_milliseconds": 30000,
            "tls_config": []
          },
          "sensitive_attributes": [],
          "identity_schema_version": 0,
          "private": "bnVsbA==",
          "dependencies": [
            "aws_apigatewayv2_api.poker_api",
            "aws_dynamodb_table.games_table",
            "aws_iam_role.lambda_integration_role",
            "aws_lambda_function.update_game",
            "data.archive_file.update_game_zip",
            "random_password.server_api_token"
          ]
        }
      ]
    },
    {
      "mode": "managed",
      "type": "aws_apigatewayv2_route",
      "name": "create_game_route",
      "provider": "provider[\"registry.terraform.io/hashicorp/aws\"]",
      "instances": [
        {
          "schema_version": 0,
          "attributes": {
            "api_id": "q3szamrsj6",
            "api_key_required": false,
            "authorization_scopes": [],
            "authorization_type": "JWT",
            "authorizer_id": "whr83a",
            "id": "1g5pt1l",
            "model_selection_expression": "",
            "operation_name": "",
            "region": "us-east-1",
            "request_models": {},
            "request_parameter": [],
            "route_key": "PUT /game",
            "route_response_selection_expression": "",
            "target": "integrations/b8j22za"
          },
          "sensitive_attributes": [],
          "identity_schema_version": 0,
          "identity": {
            "account_id": "072351085675",
            "api_id": "q3szamrsj6",
            "id": "1g5pt1l",
            "region": "us-east-1"
          },
          "private": "bnVsbA==",
          "dependencies": [
            "aws_apigatewayv2_api.poker_api",
            "aws_apigatewayv2_authorizer.cognito_auth",
            "aws_apigatewayv2_integration.create_game_int",
            "aws_cognito_user_pool.poker_pool",
            "aws_cognito_user_pool_client.poker_client",
            "aws_dynamodb_table.games_table",
            "aws_iam_instance_profile.ec2_profile",
            "aws_iam_role.ec2_logs_role",
            "aws_iam_role.lambda_integration_role",
            "aws_instance.poker_server",
            "aws_lambda_function.create_game",
            "aws_security_group.alb_sg",
            "aws_security_group.poker_sg",
            "aws_ssm_parameter.cw_agent_config",
            "data.archive_file.create_game_zip",
            "data.aws_vpc.default"
          ]
        }
      ]
    },
    {
      "mode": "managed",
      "type": "aws_apigatewayv2_route",
      "name": "get_account_route",
      "provider": "provider[\"registry.terraform.io/hashicorp/aws\"]",
      "instances": [
        {
          "schema_version": 0,
          "attributes": {
            "api_id": "q3szamrsj6",
            "api_key_required": false,
            "authorization_scopes": [],
            "authorization_type": "JWT",
            "authorizer_id": "whr83a",
            "id": "zbsnox4",
            "model_selection_expression": "",
            "operation_name": "",
            "region": "us-east-1",
            "request_models": {},
            "request_parameter": [],
            "route_key": "GET /account",
            "route_response_selection_expression": "",
            "target": "integrations/5frfwte"
          },
          "sensitive_attributes": [],
          "identity_schema_version": 0,
          "identity": {
            "account_id": "072351085675",
            "api_id": "q3szamrsj6",
            "id": "zbsnox4",
            "region": "us-east-1"
          },
          "private": "bnVsbA==",
          "dependencies": [
            "aws_apigatewayv2_api.poker_api",
            "aws_apigatewayv2_authorizer.cognito_auth",
            "aws_apigatewayv2_integration.get_account_int",
            "aws_cognito_user_pool.poker_pool",
            "aws_cognito_user_pool_client.poker_client",
            "aws_dynamodb_table.accounts_table",
            "aws_iam_role.lambda_integration_role",
            "aws_lambda_function.get_account",
            "data.archive_file.get_account_zip"
          ]
        }
      ]
    },
    {
      "mode": "managed",
      "type": "aws_apigatewayv2_route",
      "name": "get_game_route",
      "provider": "provider[\"registry.terraform.io/hashicorp/aws\"]",
      "instances": [
        {
          "schema_version": 0,
          "attributes": {
            "api_id": "q3szamrsj6",
            "api_key_required": false,
            "authorization_scopes": [],
            "authorization_type": "JWT",
            "authorizer_id": "whr83a",
            "id": "fry17co",
            "model_selection_expression": "",
            "operation_name": "",
            "region": "us-east-1",
            "request_models": {},
            "request_parameter": [],
            "route_key": "GET /game",
            "route_response_selection_expression": "",
            "target": "integrations/bdwru8g"
          },
          "sensitive_attributes": [],
          "identity_schema_version": 0,
          "identity": {
            "account_id": "072351085675",
            "api_id": "q3szamrsj6",
            "id": "fry17co",
            "region": "us-east-1"
          },
          "private": "bnVsbA==",
          "dependencies": [
            "aws_apigatewayv2_api.poker_api",
            "aws_apigatewayv2_authorizer.cognito_auth",
            "aws_apigatewayv2_integration.get_game_int",
            "aws_cognito_user_pool.poker_pool",
            "aws_cognito_user_pool_client.poker_client",
            "aws_dynamodb_table.games_table",
            "aws_iam_role.lambda_integration_role",
            "aws_lambda_function.get_game",
            "data.archive_file.get_game_zip"
          ]
        }
      ]
    },
    {
      "mode": "managed",
      "type": "aws_apigatewayv2_route",
      "name": "get_games_route",
      "provider": "provider[\"registry.terraform.io/hashicorp/aws\"]",
      "instances": [
        {
          "schema_version": 0,
          "attributes": {
            "api_id": "q3szamrsj6",
            "api_key_required": false,
            "authorization_scopes": [],
            "authorization_type": "JWT",
            "authorizer_id": "whr83a",
            "id": "jfxv8q1",
            "model_selection_expression": "",
            "operation_name": "",
            "region": "us-east-1",
            "request_models": {},
            "request_parameter": [],
            "route_key": "GET /games",
            "route_response_selection_expression": "",
            "target": "integrations/fv16p44"
          },
          "sensitive_attributes": [],
          "identity_schema_version": 0,
          "identity": {
            "account_id": "072351085675",
            "api_id": "q3szamrsj6",
            "id": "jfxv8q1",
            "region": "us-east-1"
          },
          "private": "bnVsbA==",
          "dependencies": [
            "aws_apigatewayv2_api.poker_api",
            "aws_apigatewayv2_authorizer.cognito_auth",
            "aws_apigatewayv2_integration.get_games_int",
            "aws_cognito_user_pool.poker_pool",
            "aws_cognito_user_pool_client.poker_client",
            "aws_dynamodb_table.games_table",
            "aws_iam_role.lambda_integration_role",
            "aws_lambda_function.get_games",
            "data.archive_file.get_games_zip"
          ]
        }
      ]
    },
    {
      "mode": "managed",
      "type": "aws_apigatewayv2_route",
      "name": "routes",
      "provider": "provider[\"registry.terraform.io/hashicorp/aws\"]",
      "instances": [
        {
          "index_key": "GET /debts",
          "schema_version": 0,
          "attributes": {
            "api_id": "q3szamrsj6",
            "api_key_required": false,
            "authorization_scopes": [],
            "authorization_type": "JWT",
            "authorizer_id": "whr83a",
            "id": "njoh70r",
            "model_selection_expression": "",
            "operation_name": "",
            "region": "us-east-1",
            "request_models": {},
            "request_parameter": [],
            "route_key": "GET /debts",
            "route_response_selection_expression": "",
            "target": ""
          },
          "sensitive_attributes": [],
          "identity_schema_version": 0,
          "identity": {
            "account_id": "072351085675",
            "api_id": "q3szamrsj6",
            "id": "njoh70r",
            "region": "us-east-1"
          },
          "private": "bnVsbA==",
          "dependencies": [
            "aws_apigatewayv2_api.poker_api",
            "aws_apigatewayv2_authorizer.cognito_auth",
            "aws_cognito_user_pool.poker_pool",
            "aws_cognito_user_pool_client.poker_client"
          ]
        },
        {
          "index_key": "POST /account/picture",
          "schema_version": 0,
          "attributes": {
            "api_id": "q3szamrsj6",
            "api_key_required": false,
            "authorization_scopes": [],
            "authorization_type": "JWT",
            "authorizer_id": "whr83a",
            "id": "8dsmal6",
            "model_selection_expression": "",
            "operation_name": "",
            "region": "us-east-1",
            "request_models": {},
            "request_parameter": [],
            "route_key": "POST /account/picture",
            "route_response_selection_expression": "",
            "target": ""
          },
          "sensitive_attributes": [],
          "identity_schema_version": 0,
          "identity": {
            "account_id": "072351085675",
            "api_id": "q3szamrsj6",
            "id": "8dsmal6",
            "region": "us-east-1"
          },
          "private": "bnVsbA==",
          "dependencies": [
            "aws_apigatewayv2_api.poker_api",
            "aws_apigatewayv2_authorizer.cognito_auth",
            "aws_cognito_user_pool.poker_pool",
            "aws_cognito_user_pool_client.poker_client"
          ]
        }
      ]
    },
    {
      "mode": "managed",
      "type": "aws_apigatewayv2_route",
      "name": "update_game_route",
      "provider": "provider[\"registry.terraform.io/hashicorp/aws\"]",
      "instances": [
        {
          "schema_version": 0,
          "attributes": {
            "api_id": "q3szamrsj6",
            "api_key_required": false,
            "authorization_scopes": [],
            "authorization_type": "CUSTOM",
            "authorizer_id": "30wo6l",
            "id": "orzal0d",
            "model_selection_expression": "",
            "operation_name": "",
            "region": "us-east-1",
            "request_models": {},
            "request_parameter": [],
            "route_key": "POST /game/{gameId}",
            "route_response_selection_expression": "",
            "target": "integrations/drje8ws"
          },
          "sensitive_attributes": [],
          "identity_schema_version": 0,
          "identity": {
            "account_id": "072351085675",
            "api_id": "q3szamrsj6",
            "id": "orzal0d",
            "region": "us-east-1"
          },
          "private": "bnVsbA==",
          "dependencies": [
            "aws_apigatewayv2_api.poker_api",
            "aws_apigatewayv2_authorizer.server_token_auth",
            "aws_apigatewayv2_integration.update_game_int",
            "aws_dynamodb_table.games_table",
            "aws_iam_role.authorizer_lambda_role",
            "aws_iam_role.lambda_integration_role",
            "aws_lambda_function.server_auth_lambda",
            "aws_lambda_function.update_game",
            "data.archive_file.server_auth_zip",
            "data.archive_file.update_game_zip",
            "random_password.server_api_token"
          ]
        }
      ]
    },
    {
      "mode": "managed",
      "type": "aws_apigatewayv2_stage",
      "name": "dev",
      "provider": "provider[\"registry.terraform.io/hashicorp/aws\"]",
      "instances": [
        {
          "schema_version": 0,
          "attributes": {
            "access_log_settings": [],
            "api_id": "q3szamrsj6",
            "arn": "arn:aws:apigateway:us-east-1::/apis/q3szamrsj6/stages/dev",
            "auto_deploy": true,
            "client_certificate_id": "",
            "default_route_settings": [
              {
                "data_trace_enabled": false,
                "detailed_metrics_enabled": false,
                "logging_level": "",
                "throttling_burst_limit": 0,
                "throttling_rate_limit": 0
              }
            ],
            "deployment_id": "guzqqj",
            "description": "",
            "execution_arn": "arn:aws:execute-api:us-east-1:072351085675:q3szamrsj6/dev",
            "id": "dev",
            "invoke_url": "https://q3szamrsj6.execute-api.us-east-1.amazonaws.com/dev",
            "name": "dev",
            "region": "us-east-1",
            "route_settings": [],
            "stage_variables": {},
            "tags": {},
            "tags_all": {}
          },
          "sensitive_attributes": [],
          "identity_schema_version": 0,
          "private": "bnVsbA==",
          "dependencies": [
            "aws_apigatewayv2_api.poker_api"
          ]
        }
      ]
    },
    {
      "mode": "managed",
      "type": "aws_cloudfront_distribution",
      "name": "poker_cdn",
      "provider": "provider[\"registry.terraform.io/hashicorp/aws\"]",
      "instances": [
        {
          "schema_version": 1,
          "attributes": {
            "aliases": [
              "poker.mikechucktingle.net"
            ],
            "anycast_ip_list_id": "",
            "arn": "arn:aws:cloudfront::072351085675:distribution/E1SJ2O1VFU30SP",
            "cache_tag_config": [],
            "caller_reference": "23be9cc7-ac0c-4fd7-a70d-a6a33a35f734",
            "comment": "",
            "connection_function_association": [],
            "continuous_deployment_policy_id": "",
            "custom_error_response": [],
            "default_cache_behavior": [
              {
                "allowed_methods": [
                  "GET",
                  "HEAD",
                  "OPTIONS"
                ],
                "cache_policy_id": "4135ea2d-6df8-44a3-9df3-4b5a84be39ad",
                "cached_methods": [
                  "GET",
                  "HEAD"
                ],
                "compress": true,
                "default_ttl": 0,
                "field_level_encryption_id": "",
                "forwarded_values": [],
                "function_association": [
                  {
                    "event_type": "viewer-request",
                    "function_arn": "arn:aws:cloudfront::072351085675:function/RedirectToIndex"
                  }
                ],
                "grpc_config": [
                  {
                    "enabled": false
                  }
                ],
                "lambda_function_association": [],
                "max_ttl": 0,
                "min_ttl": 0,
                "origin_request_policy_id": "af02d496-94bc-400f-be9f-19aa4e9259e7",
                "realtime_log_config_arn": "",
                "response_headers_policy_id": "8cdb1d31-535d-4c44-83db-2d761e390b56",
                "smooth_streaming": false,
                "target_origin_id": "chuckycodes-poker-game",
                "trusted_key_groups": [],
                "trusted_signers": [],
                "viewer_protocol_policy": "redirect-to-https"
              }
            ],
            "default_root_object": "index.html",
            "domain_name": "ddfh2856132nt.cloudfront.net",
            "enabled": true,
            "etag": "E3Q53IAPCP8IND",
            "hosted_zone_id": "Z2FDTNDATAQYW2",
            "http_version": "http2",
            "id": "E1SJ2O1VFU30SP",
            "in_progress_validation_batches": 0,
            "is_ipv6_enabled": true,
            "last_modified_time": "2026-07-15 14:11:56.503 +0000 UTC",
            "logging_config": [],
            "logging_v1_enabled": false,
            "ordered_cache_behavior": [
              {
                "allowed_methods": [
                  "DELETE",
                  "GET",
                  "HEAD",
                  "OPTIONS",
                  "PATCH",
                  "POST",
                  "PUT"
                ],
                "cache_policy_id": "4135ea2d-6df8-44a3-9df3-4b5a84be39ad",
                "cached_methods": [
                  "GET",
                  "HEAD"
                ],
                "compress": true,
                "default_ttl": 0,
                "field_level_encryption_id": "",
                "forwarded_values": [],
                "function_association": [],
                "grpc_config": [
                  {
                    "enabled": false
                  }
                ],
                "lambda_function_association": [],
                "max_ttl": 0,
                "min_ttl": 0,
                "origin_request_policy_id": "216adef6-5c7f-47e4-b989-5492eafa07d3",
                "path_pattern": "/game/*",
                "realtime_log_config_arn": "",
                "response_headers_policy_id": "",
                "smooth_streaming": false,
                "target_origin_id": "ec2-poker-server",
                "trusted_key_groups": [],
                "trusted_signers": [],
                "viewer_protocol_policy": "https-only"
              }
            ],
            "origin": [
              {
                "connection_attempts": 3,
                "connection_timeout": 10,
                "custom_header": [],
                "custom_origin_config": [
                  {
                    "http_port": 8000,
                    "https_port": 443,
                    "ip_address_type": "",
                    "origin_keepalive_timeout": 5,
                    "origin_protocol_policy": "http-only",
                    "origin_read_timeout": 30,
                    "origin_ssl_protocols": [
                      "TLSv1.2"
                    ]
                  }
                ],
                "domain_name": "poker-game-alb-1917828768.us-east-1.elb.amazonaws.com",
                "origin_access_control_id": "",
                "origin_id": "ec2-poker-server",
                "origin_path": "",
                "origin_shield": [],
                "response_completion_timeout": 0,
                "s3_origin_config": [],
                "vpc_origin_config": []
              },
              {
                "connection_attempts": 3,
                "connection_timeout": 10,
                "custom_header": [],
                "custom_origin_config": [],
                "domain_name": "chuckycodes-poker-game.s3.us-east-1.amazonaws.com",
                "origin_access_control_id": "EWBACNDZ4NC05",
                "origin_id": "chuckycodes-poker-game",
                "origin_path": "",
                "origin_shield": [],
                "response_completion_timeout": 0,
                "s3_origin_config": [],
                "vpc_origin_config": []
              }
            ],
            "origin_group": [],
            "price_class": "PriceClass_All",
            "restrictions": [
              {
                "geo_restriction": [
                  {
                    "locations": [],
                    "restriction_type": "none"
                  }
                ]
              }
            ],
            "retain_on_delete": false,
            "staging": false,
            "status": "Deployed",
            "tags": {},
            "tags_all": {},
            "trusted_key_groups": [
              {
                "enabled": false,
                "items": []
              }
            ],
            "trusted_signers": [
              {
                "enabled": false,
                "items": []
              }
            ],
            "viewer_certificate": [
              {
                "acm_certificate_arn": "arn:aws:acm:us-east-1:072351085675:certificate/f82aae2e-2588-4899-b0dd-9e1ff1d38e07",
                "cloudfront_default_certificate": false,
                "iam_certificate_id": "",
                "minimum_protocol_version": "TLSv1.2_2021",
                "ssl_support_method": "sni-only"
              }
            ],
            "viewer_mtls_config": [],
            "wait_for_deployment": true,
            "web_acl_id": ""
          },
          "sensitive_attributes": [],
          "identity_schema_version": 0,
          "identity": {
            "account_id": "072351085675",
            "id": "E1SJ2O1VFU30SP"
          },
          "private": "eyJzY2hlbWFfdmVyc2lvbiI6IjEifQ==",
          "dependencies": [
            "aws_cloudfront_origin_access_control.poker_oac",
            "aws_cloudfront_origin_request_policy.godot_requests",
            "aws_cloudfront_response_headers_policy.godot_response",
            "aws_cognito_user_pool.poker_pool",
            "aws_cognito_user_pool_client.poker_client",
            "aws_iam_role.lambda_edge_auth_role",
            "aws_iam_role.lambda_edge_role",
            "aws_lambda_function.auth_edge",
            "aws_lambda_function.server_edge_auth_lambda",
            "aws_lb.poker_alb",
            "aws_s3_bucket.poker_bucket",
            "aws_security_group.alb_sg",
            "data.archive_file.lambda_zip",
            "data.archive_file.server_edge_auth_zip",
            "data.aws_acm_certificate.poker_cert",
            "data.aws_cloudfront_function.redirect_to_index",
            "data.aws_subnets.default_public",
            "data.aws_vpc.default",
            "data.template_file.lambda_source"
          ]
        }
      ]
    },
    {
      "mode": "managed",
      "type": "aws_cloudfront_origin_access_control",
      "name": "poker_oac",
      "provider": "provider[\"registry.terraform.io/hashicorp/aws\"]",
      "instances": [
        {
          "schema_version": 0,
          "attributes": {
            "arn": "arn:aws:cloudfront::072351085675:origin-access-control/EWBACNDZ4NC05",
            "description": "Managed by Terraform",
            "etag": "E3UN6WX5RRO2AG",
            "id": "EWBACNDZ4NC05",
            "name": "godot-origin-access-control",
            "origin_access_control_origin_type": "s3",
            "signing_behavior": "always",
            "signing_protocol": "sigv4"
          },
          "sensitive_attributes": [],
          "identity_schema_version": 0,
          "private": "bnVsbA=="
        }
      ]
    },
    {
      "mode": "managed",
      "type": "aws_cloudfront_origin_request_policy",
      "name": "godot_requests",
      "provider": "provider[\"registry.terraform.io/hashicorp/aws\"]",
      "instances": [
        {
          "schema_version": 0,
          "attributes": {
            "arn": "arn:aws:cloudfront::072351085675:origin-request-policy/af02d496-94bc-400f-be9f-19aa4e9259e7",
            "comment": "Origin request policy for Godot web client headers",
            "cookies_config": [
              {
                "cookie_behavior": "none",
                "cookies": []
              }
            ],
            "etag": "E15MU3EQ4XZ3Y5",
            "headers_config": [
              {
                "header_behavior": "whitelist",
                "headers": [
                  {
                    "items": [
                      "Origin"
                    ]
                  }
                ]
              }
            ],
            "id": "af02d496-94bc-400f-be9f-19aa4e9259e7",
            "name": "godot-web-requests",
            "query_strings_config": [
              {
                "query_string_behavior": "none",
                "query_strings": []
              }
            ]
          },
          "sensitive_attributes": [],
          "identity_schema_version": 0,
          "private": "bnVsbA=="
        }
      ]
    },
    {
      "mode": "managed",
      "type": "aws_cloudfront_response_headers_policy",
      "name": "godot_response",
      "provider": "provider[\"registry.terraform.io/hashicorp/aws\"]",
      "instances": [
        {
          "schema_version": 0,
          "attributes": {
            "arn": "arn:aws:cloudfront::072351085675:response-headers-policy/8cdb1d31-535d-4c44-83db-2d761e390b56",
            "comment": "",
            "cors_config": [],
            "custom_headers_config": [
              {
                "items": [
                  {
                    "header": "Cross-Origin-Embedder-Policy",
                    "override": true,
                    "value": "require-corp"
                  },
                  {
                    "header": "Cross-Origin-Opener-Policy",
                    "override": true,
                    "value": "same-origin"
                  }
                ]
              }
            ],
            "etag": "E3P5ROKL5A1OLE",
            "id": "8cdb1d31-535d-4c44-83db-2d761e390b56",
            "name": "godot-response-headers",
            "remove_headers_config": [],
            "security_headers_config": [
              {
                "content_security_policy": [
                  {
                    "content_security_policy": "default-src 'self'; script-src 'self' 'unsafe-inline' 'wasm-unsafe-eval' 'unsafe-eval'; style-src 'self' 'unsafe-inline'; img-src 'self' blob:; media-src 'self' blob:; font-src 'self' data:; worker-src 'self' blob:; connect-src 'self' *.mikechucktingle.net mikechucktingle.net wss://server.mikechucktingle.net; object-src 'none'; frame-ancestors 'self';",
                    "override": true
                  }
                ],
                "content_type_options": [
                  {
                    "override": true
                  }
                ],
                "frame_options": [
                  {
                    "frame_option": "SAMEORIGIN",
                    "override": true
                  }
                ],
                "referrer_policy": [
                  {
                    "override": true,
                    "referrer_policy": "no-referrer-when-downgrade"
                  }
                ],
                "strict_transport_security": [
                  {
                    "access_control_max_age_sec": 31536000,
                    "include_subdomains": true,
                    "override": true,
                    "preload": true
                  }
                ],
                "xss_protection": []
              }
            ],
            "server_timing_headers_config": []
          },
          "sensitive_attributes": [],
          "identity_schema_version": 0,
          "private": "bnVsbA=="
        }
      ]
    },
    {
      "mode": "managed",
      "type": "aws_cloudwatch_log_group",
      "name": "create_game_logs",
      "provider": "provider[\"registry.terraform.io/hashicorp/aws\"]",
      "instances": [
        {
          "schema_version": 0,
          "attributes": {
            "arn": "arn:aws:logs:us-east-1:072351085675:log-group:/aws/lambda/CreateGame",
            "deletion_protection_enabled": false,
            "id": "/aws/lambda/CreateGame",
            "kms_key_id": "",
            "log_group_class": "STANDARD",
            "name": "/aws/lambda/CreateGame",
            "name_prefix": "",
            "region": "us-east-1",
            "retention_in_days": 7,
            "skip_destroy": false,
            "tags": {},
            "tags_all": {}
          },
          "sensitive_attributes": [],
          "identity_schema_version": 0,
          "identity": {
            "account_id": "072351085675",
            "name": "/aws/lambda/CreateGame",
            "region": "us-east-1"
          },
          "private": "bnVsbA=="
        }
      ]
    },
    {
      "mode": "managed",
      "type": "aws_cloudwatch_log_group",
      "name": "get_account_logs",
      "provider": "provider[\"registry.terraform.io/hashicorp/aws\"]",
      "instances": [
        {
          "schema_version": 0,
          "attributes": {
            "arn": "arn:aws:logs:us-east-1:072351085675:log-group:/aws/lambda/GetAccount",
            "deletion_protection_enabled": false,
            "id": "/aws/lambda/GetAccount",
            "kms_key_id": "",
            "log_group_class": "STANDARD",
            "name": "/aws/lambda/GetAccount",
            "name_prefix": "",
            "region": "us-east-1",
            "retention_in_days": 7,
            "skip_destroy": false,
            "tags": {},
            "tags_all": {}
          },
          "sensitive_attributes": [],
          "identity_schema_version": 0,
          "identity": {
            "account_id": "072351085675",
            "name": "/aws/lambda/GetAccount",
            "region": "us-east-1"
          },
          "private": "bnVsbA=="
        }
      ]
    },
    {
      "mode": "managed",
      "type": "aws_cloudwatch_log_group",
      "name": "get_game_logs",
      "provider": "provider[\"registry.terraform.io/hashicorp/aws\"]",
      "instances": [
        {
          "schema_version": 0,
          "attributes": {
            "arn": "arn:aws:logs:us-east-1:072351085675:log-group:/aws/lambda/GetGame",
            "deletion_protection_enabled": false,
            "id": "/aws/lambda/GetGame",
            "kms_key_id": "",
            "log_group_class": "STANDARD",
            "name": "/aws/lambda/GetGame",
            "name_prefix": "",
            "region": "us-east-1",
            "retention_in_days": 7,
            "skip_destroy": false,
            "tags": {},
            "tags_all": {}
          },
          "sensitive_attributes": [],
          "identity_schema_version": 0,
          "identity": {
            "account_id": "072351085675",
            "name": "/aws/lambda/GetGame",
            "region": "us-east-1"
          },
          "private": "bnVsbA=="
        }
      ]
    },
    {
      "mode": "managed",
      "type": "aws_cloudwatch_log_group",
      "name": "get_games_logs",
      "provider": "provider[\"registry.terraform.io/hashicorp/aws\"]",
      "instances": [
        {
          "schema_version": 0,
          "attributes": {
            "arn": "arn:aws:logs:us-east-1:072351085675:log-group:/aws/lambda/GetGames",
            "deletion_protection_enabled": false,
            "id": "/aws/lambda/GetGames",
            "kms_key_id": "",
            "log_group_class": "STANDARD",
            "name": "/aws/lambda/GetGames",
            "name_prefix": "",
            "region": "us-east-1",
            "retention_in_days": 7,
            "skip_destroy": false,
            "tags": {},
            "tags_all": {}
          },
          "sensitive_attributes": [],
          "identity_schema_version": 0,
          "identity": {
            "account_id": "072351085675",
            "name": "/aws/lambda/GetGames",
            "region": "us-east-1"
          },
          "private": "bnVsbA=="
        }
      ]
    },
    {
      "mode": "managed",
      "type": "aws_cloudwatch_log_group",
      "name": "node_app_logs",
      "provider": "provider[\"registry.terraform.io/hashicorp/aws\"]",
      "instances": [
        {
          "schema_version": 0,
          "attributes": {
            "arn": "arn:aws:logs:us-east-1:072351085675:log-group:/apps/poker-game",
            "deletion_protection_enabled": false,
            "id": "/apps/poker-game",
            "kms_key_id": "",
            "log_group_class": "STANDARD",
            "name": "/apps/poker-game",
            "name_prefix": "",
            "region": "us-east-1",
            "retention_in_days": 7,
            "skip_destroy": false,
            "tags": {},
            "tags_all": {}
          },
          "sensitive_attributes": [],
          "identity_schema_version": 0,
          "identity": {
            "account_id": "072351085675",
            "name": "/apps/poker-game",
            "region": "us-east-1"
          },
          "private": "bnVsbA=="
        }
      ]
    },
    {
      "mode": "managed",
      "type": "aws_cloudwatch_log_group",
      "name": "update_game_logs",
      "provider": "provider[\"registry.terraform.io/hashicorp/aws\"]",
      "instances": [
        {
          "schema_version": 0,
          "attributes": {
            "arn": "arn:aws:logs:us-east-1:072351085675:log-group:/aws/lambda/UpdateGame",
            "deletion_protection_enabled": false,
            "id": "/aws/lambda/UpdateGame",
            "kms_key_id": "",
            "log_group_class": "STANDARD",
            "name": "/aws/lambda/UpdateGame",
            "name_prefix": "",
            "region": "us-east-1",
            "retention_in_days": 7,
            "skip_destroy": false,
            "tags": {},
            "tags_all": {}
          },
          "sensitive_attributes": [],
          "identity_schema_version": 0,
          "identity": {
            "account_id": "072351085675",
            "name": "/aws/lambda/UpdateGame",
            "region": "us-east-1"
          },
          "private": "bnVsbA=="
        }
      ]
    },
    {
      "mode": "managed",
      "type": "aws_cognito_managed_login_branding",
      "name": "poker_branding",
      "provider": "provider[\"registry.terraform.io/hashicorp/aws\"]",
      "instances": [
        {
          "schema_version": 0,
          "attributes": {
            "asset": [],
            "client_id": "5nke82c4g3l1256jkhve4vivk3",
            "managed_login_branding_id": "eba10ba0-1937-47bb-b443-b74b53389bd5",
            "region": "us-east-1",
            "settings": null,
            "settings_all": "{\"categories\":{\"auth\":{\"authMethodOrder\":[[{\"display\":\"BUTTON\",\"type\":\"FEDERATED\"},{\"display\":\"INPUT\",\"type\":\"USERNAME_PASSWORD\"}]],\"federation\":{\"interfaceStyle\":\"BUTTON_LIST\",\"order\":[]}},\"form\":{\"displayGraphics\":true,\"instructions\":{\"enabled\":false},\"languageSelector\":{\"enabled\":false},\"location\":{\"horizontal\":\"CENTER\",\"vertical\":\"CENTER\"},\"sessionTimerDisplay\":\"NONE\"},\"global\":{\"colorSchemeMode\":\"LIGHT\",\"pageFooter\":{\"enabled\":false},\"pageHeader\":{\"enabled\":false},\"spacingDensity\":\"REGULAR\"},\"signUp\":{\"acceptanceElements\":[{\"enforcement\":\"NONE\",\"textKey\":\"en\"}]}},\"componentClasses\":{\"buttons\":{\"borderRadius\":8},\"divider\":{\"darkMode\":{\"borderColor\":\"232b37ff\"},\"lightMode\":{\"borderColor\":\"ebebf0ff\"}},\"dropDown\":{\"borderRadius\":8,\"darkMode\":{\"defaults\":{\"itemBackgroundColor\":\"192534ff\"},\"hover\":{\"itemBackgroundColor\":\"081120ff\",\"itemBorderColor\":\"5f6b7aff\",\"itemTextColor\":\"e9ebedff\"},\"match\":{\"itemBackgroundColor\":\"d1d5dbff\",\"itemTextColor\":\"89bdeeff\"}},\"lightMode\":{\"defaults\":{\"itemBackgroundColor\":\"ffffffff\"},\"hover\":{\"itemBackgroundColor\":\"f4f4f4ff\",\"itemBorderColor\":\"7d8998ff\",\"itemTextColor\":\"000716ff\"},\"match\":{\"itemBackgroundColor\":\"414d5cff\",\"itemTextColor\":\"0972d3ff\"}}},\"focusState\":{\"darkMode\":{\"borderColor\":\"539fe5ff\"},\"lightMode\":{\"borderColor\":\"0972d3ff\"}},\"idpButtons\":{\"icons\":{\"enabled\":true}},\"input\":{\"borderRadius\":8,\"darkMode\":{\"defaults\":{\"backgroundColor\":\"0f1b2aff\",\"borderColor\":\"5f6b7aff\"},\"placeholderColor\":\"8d99a8ff\"},\"lightMode\":{\"defaults\":{\"backgroundColor\":\"ffffffff\",\"borderColor\":\"7d8998ff\"},\"placeholderColor\":\"5f6b7aff\"}},\"inputDescription\":{\"darkMode\":{\"textColor\":\"8d99a8ff\"},\"lightMode\":{\"textColor\":\"5f6b7aff\"}},\"inputLabel\":{\"darkMode\":{\"textColor\":\"d1d5dbff\"},\"lightMode\":{\"textColor\":\"000716ff\"}},\"link\":{\"darkMode\":{\"defaults\":{\"textColor\":\"539fe5ff\"},\"hover\":{\"textColor\":\"89bdeeff\"}},\"lightMode\":{\"defaults\":{\"textColor\":\"0972d3ff\"},\"hover\":{\"textColor\":\"033160ff\"}}},\"optionControls\":{\"darkMode\":{\"defaults\":{\"backgroundColor\":\"0f1b2aff\",\"borderColor\":\"7d8998ff\"},\"selected\":{\"backgroundColor\":\"539fe5ff\",\"foregroundColor\":\"000716ff\"}},\"lightMode\":{\"defaults\":{\"backgroundColor\":\"ffffffff\",\"borderColor\":\"7d8998ff\"},\"selected\":{\"backgroundColor\":\"0972d3ff\",\"foregroundColor\":\"ffffffff\"}}},\"statusIndicator\":{\"darkMode\":{\"error\":{\"backgroundColor\":\"1a0000ff\",\"borderColor\":\"eb6f6fff\",\"indicatorColor\":\"eb6f6fff\"},\"pending\":{\"indicatorColor\":\"AAAAAAAA\"},\"success\":{\"backgroundColor\":\"001a02ff\",\"borderColor\":\"29ad32ff\",\"indicatorColor\":\"29ad32ff\"},\"warning\":{\"backgroundColor\":\"1d1906ff\",\"borderColor\":\"e0ca57ff\",\"indicatorColor\":\"e0ca57ff\"}},\"lightMode\":{\"error\":{\"backgroundColor\":\"fff7f7ff\",\"borderColor\":\"d91515ff\",\"indicatorColor\":\"d91515ff\"},\"pending\":{\"indicatorColor\":\"AAAAAAAA\"},\"success\":{\"backgroundColor\":\"f2fcf3ff\",\"borderColor\":\"037f0cff\",\"indicatorColor\":\"037f0cff\"},\"warning\":{\"backgroundColor\":\"fffce9ff\",\"borderColor\":\"8d6605ff\",\"indicatorColor\":\"8d6605ff\"}}}},\"components\":{\"alert\":{\"borderRadius\":12,\"darkMode\":{\"error\":{\"backgroundColor\":\"1a0000ff\",\"borderColor\":\"eb6f6fff\"}},\"lightMode\":{\"error\":{\"backgroundColor\":\"fff7f7ff\",\"borderColor\":\"d91515ff\"}}},\"favicon\":{\"enabledTypes\":[\"ICO\",\"SVG\"]},\"form\":{\"backgroundImage\":{\"enabled\":false},\"borderRadius\":8,\"darkMode\":{\"backgroundColor\":\"0f1b2aff\",\"borderColor\":\"424650ff\"},\"lightMode\":{\"backgroundColor\":\"ffffffff\",\"borderColor\":\"c6c6cdff\"},\"logo\":{\"enabled\":false,\"formInclusion\":\"IN\",\"location\":\"CENTER\",\"position\":\"TOP\"}},\"idpButton\":{\"custom\":{},\"standard\":{\"darkMode\":{\"active\":{\"backgroundColor\":\"354150ff\",\"borderColor\":\"89bdeeff\",\"textColor\":\"89bdeeff\"},\"defaults\":{\"backgroundColor\":\"0f1b2aff\",\"borderColor\":\"c6c6cdff\",\"textColor\":\"c6c6cdff\"},\"hover\":{\"backgroundColor\":\"192534ff\",\"borderColor\":\"89bdeeff\",\"textColor\":\"89bdeeff\"}},\"lightMode\":{\"active\":{\"backgroundColor\":\"d3e7f9ff\",\"borderColor\":\"033160ff\",\"textColor\":\"033160ff\"},\"defaults\":{\"backgroundColor\":\"ffffffff\",\"borderColor\":\"424650ff\",\"textColor\":\"424650ff\"},\"hover\":{\"backgroundColor\":\"f2f8fdff\",\"borderColor\":\"033160ff\",\"textColor\":\"033160ff\"}}}},\"pageBackground\":{\"darkMode\":{\"color\":\"0f1b2aff\"},\"image\":{\"enabled\":true},\"lightMode\":{\"color\":\"ffffffff\"}},\"pageFooter\":{\"backgroundImage\":{\"enabled\":false},\"darkMode\":{\"background\":{\"color\":\"0f141aff\"},\"borderColor\":\"424650ff\"},\"lightMode\":{\"background\":{\"color\":\"fafafaff\"},\"borderColor\":\"d5dbdbff\"},\"logo\":{\"enabled\":false,\"location\":\"START\"}},\"pageHeader\":{\"backgroundImage\":{\"enabled\":false},\"darkMode\":{\"background\":{\"color\":\"0f141aff\"},\"borderColor\":\"424650ff\"},\"lightMode\":{\"background\":{\"color\":\"fafafaff\"},\"borderColor\":\"d5dbdbff\"},\"logo\":{\"enabled\":false,\"location\":\"START\"}},\"pageText\":{\"darkMode\":{\"bodyColor\":\"b6bec9ff\",\"descriptionColor\":\"b6bec9ff\",\"headingColor\":\"d1d5dbff\"},\"lightMode\":{\"bodyColor\":\"414d5cff\",\"descriptionColor\":\"414d5cff\",\"headingColor\":\"000716ff\"}},\"phoneNumberSelector\":{\"displayType\":\"TEXT\"},\"primaryButton\":{\"darkMode\":{\"active\":{\"backgroundColor\":\"539fe5ff\",\"textColor\":\"000716ff\"},\"defaults\":{\"backgroundColor\":\"539fe5ff\",\"textColor\":\"000716ff\"},\"disabled\":{\"backgroundColor\":\"ffffffff\",\"borderColor\":\"ffffffff\"},\"hover\":{\"backgroundColor\":\"89bdeeff\",\"textColor\":\"000716ff\"}},\"lightMode\":{\"active\":{\"backgroundColor\":\"033160ff\",\"textColor\":\"ffffffff\"},\"defaults\":{\"backgroundColor\":\"0972d3ff\",\"textColor\":\"ffffffff\"},\"disabled\":{\"backgroundColor\":\"ffffffff\",\"borderColor\":\"ffffffff\"},\"hover\":{\"backgroundColor\":\"033160ff\",\"textColor\":\"ffffffff\"}}},\"secondaryButton\":{\"darkMode\":{\"active\":{\"backgroundColor\":\"354150ff\",\"borderColor\":\"89bdeeff\",\"textColor\":\"89bdeeff\"},\"defaults\":{\"backgroundColor\":\"0f1b2aff\",\"borderColor\":\"539fe5ff\",\"textColor\":\"539fe5ff\"},\"hover\":{\"backgroundColor\":\"192534ff\",\"borderColor\":\"89bdeeff\",\"textColor\":\"89bdeeff\"}},\"lightMode\":{\"active\":{\"backgroundColor\":\"d3e7f9ff\",\"borderColor\":\"033160ff\",\"textColor\":\"033160ff\"},\"defaults\":{\"backgroundColor\":\"ffffffff\",\"borderColor\":\"0972d3ff\",\"textColor\":\"0972d3ff\"},\"hover\":{\"backgroundColor\":\"f2f8fdff\",\"borderColor\":\"033160ff\",\"textColor\":\"033160ff\"}}}}}",
            "use_cognito_provided_values": true,
            "user_pool_id": "us-east-1_P0kvE7vF4"
          },
          "sensitive_attributes": [],
          "identity_schema_version": 0,
          "dependencies": [
            "aws_cognito_user_pool.poker_pool",
            "aws_cognito_user_pool_client.poker_client"
          ]
        }
      ]
    },
    {
      "mode": "managed",
      "type": "aws_cognito_user_pool",
      "name": "poker_pool",
      "provider": "provider[\"registry.terraform.io/hashicorp/aws\"]",
      "instances": [
        {
          "schema_version": 0,
          "attributes": {
            "account_recovery_setting": [
              {
                "recovery_mechanism": [
                  {
                    "name": "verified_email",
                    "priority": 1
                  },
                  {
                    "name": "verified_phone_number",
                    "priority": 2
                  }
                ]
              }
            ],
            "admin_create_user_config": [
              {
                "allow_admin_create_user_only": false,
                "invite_message_template": []
              }
            ],
            "alias_attributes": [
              "email",
              "preferred_username"
            ],
            "arn": "arn:aws:cognito-idp:us-east-1:072351085675:userpool/us-east-1_P0kvE7vF4",
            "auto_verified_attributes": [
              "email"
            ],
            "creation_date": "2026-05-14T14:44:05Z",
            "custom_domain": "auth.mikechucktingle.net",
            "deletion_protection": "INACTIVE",
            "device_configuration": [],
            "domain": "auth.mikechucktingle.net",
            "email_configuration": [
              {
                "configuration_set": "",
                "email_sending_account": "COGNITO_DEFAULT",
                "from_email_address": "",
                "reply_to_email_address": "",
                "source_arn": ""
              }
            ],
            "email_mfa_configuration": [],
            "email_verification_message": "",
            "email_verification_subject": "",
            "endpoint": "cognito-idp.us-east-1.amazonaws.com/us-east-1_P0kvE7vF4",
            "estimated_number_of_users": 2,
            "id": "us-east-1_P0kvE7vF4",
            "lambda_config": [],
            "last_modified_date": "2026-05-14T14:44:05Z",
            "mfa_configuration": "OFF",
            "name": "poker-user-pool",
            "password_policy": [
              {
                "minimum_length": 8,
                "password_history_size": 0,
                "require_lowercase": true,
                "require_numbers": true,
                "require_symbols": true,
                "require_uppercase": true,
                "temporary_password_validity_days": 7
              }
            ],
            "region": "us-east-1",
            "schema": [
              {
                "attribute_data_type": "String",
                "developer_only_attribute": false,
                "mutable": true,
                "name": "email",
                "number_attribute_constraints": [],
                "required": true,
                "string_attribute_constraints": [
                  {
                    "max_length": "256",
                    "min_length": "7"
                  }
                ]
              }
            ],
            "sign_in_policy": [
              {
                "allowed_first_auth_factors": [
                  "PASSWORD"
                ]
              }
            ],
            "sms_authentication_message": "",
            "sms_configuration": [],
            "sms_verification_message": "",
            "software_token_mfa_configuration": [],
            "tags": {
              "Name": "PokerGameUserPool"
            },
            "tags_all": {
              "Name": "PokerGameUserPool"
            },
            "user_attribute_update_settings": [],
            "user_pool_add_ons": [],
            "user_pool_tier": "ESSENTIALS",
            "username_attributes": [],
            "username_configuration": [],
            "verification_message_template": [
              {
                "default_email_option": "CONFIRM_WITH_CODE",
                "email_message": "",
                "email_message_by_link": "",
                "email_subject": "",
                "email_subject_by_link": "",
                "sms_message": ""
              }
            ],
            "web_authn_configuration": []
          },
          "sensitive_attributes": [],
          "identity_schema_version": 0,
          "private": "bnVsbA=="
        }
      ]
    },
    {
      "mode": "managed",
      "type": "aws_cognito_user_pool_client",
      "name": "poker_client",
      "provider": "provider[\"registry.terraform.io/hashicorp/aws\"]",
      "instances": [
        {
          "schema_version": 0,
          "attributes": {
            "access_token_validity": 60,
            "allowed_oauth_flows": [
              "code"
            ],
            "allowed_oauth_flows_user_pool_client": true,
            "allowed_oauth_scopes": [
              "email",
              "openid",
              "phone"
            ],
            "analytics_configuration": [],
            "auth_session_validity": 3,
            "callback_urls": [
              "http://localhost:5173/",
              "https://poker.mikechucktingle.net/"
            ],
            "client_secret": "",
            "default_redirect_uri": "",
            "enable_propagate_additional_user_context_data": false,
            "enable_token_revocation": true,
            "explicit_auth_flows": [
              "ALLOW_REFRESH_TOKEN_AUTH",
              "ALLOW_USER_AUTH",
              "ALLOW_USER_SRP_AUTH"
            ],
            "generate_secret": false,
            "id": "5nke82c4g3l1256jkhve4vivk3",
            "id_token_validity": 60,
            "logout_urls": [],
            "name": "Poker",
            "prevent_user_existence_errors": "",
            "read_attributes": [],
            "refresh_token_rotation": [],
            "refresh_token_validity": 5,
            "region": "us-east-1",
            "supported_identity_providers": [
              "COGNITO"
            ],
            "token_validity_units": [
              {
                "access_token": "minutes",
                "id_token": "minutes",
                "refresh_token": "days"
              }
            ],
            "user_pool_id": "us-east-1_P0kvE7vF4",
            "write_attributes": []
          },
          "sensitive_attributes": [
            [
              {
                "type": "get_attr",
                "value": "client_secret"
              }
            ]
          ],
          "identity_schema_version": 0,
          "dependencies": [
            "aws_cognito_user_pool.poker_pool"
          ]
        }
      ]
    },
    {
      "mode": "managed",
      "type": "aws_cognito_user_pool_domain",
      "name": "poker_domain",
      "provider": "provider[\"registry.terraform.io/hashicorp/aws\"]",
      "instances": [
        {
          "schema_version": 0,
          "attributes": {
            "aws_account_id": "072351085675",
            "certificate_arn": "arn:aws:acm:us-east-1:072351085675:certificate/f82aae2e-2588-4899-b0dd-9e1ff1d38e07",
            "cloudfront_distribution": "dfhhg4w04ckuo.cloudfront.net",
            "cloudfront_distribution_arn": "dfhhg4w04ckuo.cloudfront.net",
            "cloudfront_distribution_zone_id": "Z2FDTNDATAQYW2",
            "domain": "auth.mikechucktingle.net",
            "id": "auth.mikechucktingle.net",
            "managed_login_version": 2,
            "region": "us-east-1",
            "s3_bucket": "aws-cognito-prod-iad-assets",
            "user_pool_id": "us-east-1_P0kvE7vF4",
            "version": "20260514145329"
          },
          "sensitive_attributes": [],
          "identity_schema_version": 0,
          "private": "bnVsbA==",
          "dependencies": [
            "aws_cognito_user_pool.poker_pool",
            "data.aws_acm_certificate.poker_cert"
          ]
        }
      ]
    },
    {
      "mode": "managed",
      "type": "aws_dynamodb_table",
      "name": "accounts_table",
      "provider": "provider[\"registry.terraform.io/hashicorp/aws\"]",
      "instances": [
        {
          "schema_version": 1,
          "attributes": {
            "arn": "arn:aws:dynamodb:us-east-1:072351085675:table/Accounts",
            "attribute": [
              {
                "name": "accountId",
                "type": "S"
              },
              {
                "name": "playerName",
                "type": "S"
              }
            ],
            "billing_mode": "PAY_PER_REQUEST",
            "deletion_protection_enabled": false,
            "global_secondary_index": [],
            "global_table_witness": [],
            "hash_key": "accountId",
            "id": "Accounts",
            "import_table": [],
            "local_secondary_index": [],
            "name": "Accounts",
            "on_demand_throughput": [],
            "point_in_time_recovery": [
              {
                "enabled": false,
                "recovery_period_in_days": 0
              }
            ],
            "range_key": "playerName",
            "read_capacity": 0,
            "region": "us-east-1",
            "replica": [],
            "restore_backup_arn": null,
            "restore_date_time": null,
            "restore_source_name": null,
            "restore_source_table_arn": null,
            "restore_to_latest_time": null,
            "server_side_encryption": [],
            "stream_arn": "",
            "stream_enabled": false,
            "stream_label": "",
            "stream_view_type": "",
            "table_class": "STANDARD",
            "tags": {
              "Name": "PokerAccounts"
            },
            "tags_all": {
              "Name": "PokerAccounts"
            },
            "timeouts": null,
            "ttl": [
              {
                "attribute_name": "",
                "enabled": false
              }
            ],
            "warm_throughput": [],
            "write_capacity": 0
          },
          "sensitive_attributes": [],
          "identity_schema_version": 0,
          "identity": {
            "account_id": "072351085675",
            "name": "Accounts",
            "region": "us-east-1"
          },
          "private": "eyJlMmJmYjczMC1lY2FhLTExZTYtOGY4OC0zNDM2M2JjN2M0YzAiOnsiY3JlYXRlIjoxODAwMDAwMDAwMDAwLCJkZWxldGUiOjYwMDAwMDAwMDAwMCwidXBkYXRlIjozNjAwMDAwMDAwMDAwfSwic2NoZW1hX3ZlcnNpb24iOiIxIn0="
        }
      ]
    },
    {
      "mode": "managed",
      "type": "aws_dynamodb_table",
      "name": "debts_table",
      "provider": "provider[\"registry.terraform.io/hashicorp/aws\"]",
      "instances": [
        {
          "schema_version": 1,
          "attributes": {
            "arn": "arn:aws:dynamodb:us-east-1:072351085675:table/Debts",
            "attribute": [
              {
                "name": "creditorId",
                "type": "S"
              },
              {
                "name": "debterId",
                "type": "S"
              }
            ],
            "billing_mode": "PAY_PER_REQUEST",
            "deletion_protection_enabled": false,
            "global_secondary_index": [
              {
                "hash_key": "creditorId",
                "key_schema": [
                  {
                    "attribute_name": "creditorId",
                    "key_type": "HASH"
                  },
                  {
                    "attribute_name": "debterId",
                    "key_type": "RANGE"
                  }
                ],
                "name": "CreditorIndex",
                "non_key_attributes": [],
                "on_demand_throughput": [],
                "projection_type": "ALL",
                "range_key": "debterId",
                "read_capacity": 0,
                "warm_throughput": [],
                "write_capacity": 0
              }
            ],
            "global_table_witness": [],
            "hash_key": "debterId",
            "id": "Debts",
            "import_table": [],
            "local_secondary_index": [],
            "name": "Debts",
            "on_demand_throughput": [],
            "point_in_time_recovery": [
              {
                "enabled": false,
                "recovery_period_in_days": 0
              }
            ],
            "range_key": "creditorId",
            "read_capacity": 0,
            "region": "us-east-1",
            "replica": [],
            "restore_backup_arn": null,
            "restore_date_time": null,
            "restore_source_name": null,
            "restore_source_table_arn": null,
            "restore_to_latest_time": null,
            "server_side_encryption": [],
            "stream_arn": "",
            "stream_enabled": false,
            "stream_label": "",
            "stream_view_type": "",
            "table_class": "STANDARD",
            "tags": {
              "Name": "PokerDebts"
            },
            "tags_all": {
              "Name": "PokerDebts"
            },
            "timeouts": null,
            "ttl": [
              {
                "attribute_name": "",
                "enabled": false
              }
            ],
            "warm_throughput": [],
            "write_capacity": 0
          },
          "sensitive_attributes": [],
          "identity_schema_version": 0,
          "identity": {
            "account_id": "072351085675",
            "name": "Debts",
            "region": "us-east-1"
          },
          "private": "eyJlMmJmYjczMC1lY2FhLTExZTYtOGY4OC0zNDM2M2JjN2M0YzAiOnsiY3JlYXRlIjoxODAwMDAwMDAwMDAwLCJkZWxldGUiOjYwMDAwMDAwMDAwMCwidXBkYXRlIjozNjAwMDAwMDAwMDAwfSwic2NoZW1hX3ZlcnNpb24iOiIxIn0="
        }
      ]
    },
    {
      "mode": "managed",
      "type": "aws_dynamodb_table",
      "name": "games_table",
      "provider": "provider[\"registry.terraform.io/hashicorp/aws\"]",
      "instances": [
        {
          "schema_version": 1,
          "attributes": {
            "arn": "arn:aws:dynamodb:us-east-1:072351085675:table/Games",
            "attribute": [
              {
                "name": "endTimeEpochMilliseconds",
                "type": "N"
              },
              {
                "name": "gameId",
                "type": "S"
              },
              {
                "name": "hostPlayerId",
                "type": "S"
              }
            ],
            "billing_mode": "PAY_PER_REQUEST",
            "deletion_protection_enabled": false,
            "global_secondary_index": [
              {
                "hash_key": "hostPlayerId",
                "key_schema": [
                  {
                    "attribute_name": "hostPlayerId",
                    "key_type": "HASH"
                  },
                  {
                    "attribute_name": "endTimeEpochMilliseconds",
                    "key_type": "RANGE"
                  }
                ],
                "name": "HostPlayerIdIndex",
                "non_key_attributes": [],
                "on_demand_throughput": [],
                "projection_type": "ALL",
                "range_key": "endTimeEpochMilliseconds",
                "read_capacity": 0,
                "warm_throughput": [],
                "write_capacity": 0
              }
            ],
            "global_table_witness": [],
            "hash_key": "gameId",
            "id": "Games",
            "import_table": [],
            "local_secondary_index": [],
            "name": "Games",
            "on_demand_throughput": [],
            "point_in_time_recovery": [
              {
                "enabled": false,
                "recovery_period_in_days": 0
              }
            ],
            "range_key": "hostPlayerId",
            "read_capacity": 0,
            "region": "us-east-1",
            "replica": [],
            "restore_backup_arn": null,
            "restore_date_time": null,
            "restore_source_name": null,
            "restore_source_table_arn": null,
            "restore_to_latest_time": null,
            "server_side_encryption": [],
            "stream_arn": "",
            "stream_enabled": false,
            "stream_label": "",
            "stream_view_type": "",
            "table_class": "STANDARD",
            "tags": {
              "Name": "PokerGames"
            },
            "tags_all": {
              "Name": "PokerGames"
            },
            "timeouts": null,
            "ttl": [
              {
                "attribute_name": "",
                "enabled": false
              }
            ],
            "warm_throughput": [],
            "write_capacity": 0
          },
          "sensitive_attributes": [],
          "identity_schema_version": 0,
          "identity": {
            "account_id": "072351085675",
            "name": "Games",
            "region": "us-east-1"
          },
          "private": "eyJlMmJmYjczMC1lY2FhLTExZTYtOGY4OC0zNDM2M2JjN2M0YzAiOnsiY3JlYXRlIjoxODAwMDAwMDAwMDAwLCJkZWxldGUiOjYwMDAwMDAwMDAwMCwidXBkYXRlIjozNjAwMDAwMDAwMDAwfSwic2NoZW1hX3ZlcnNpb24iOiIxIn0="
        }
      ]
    },
    {
      "mode": "managed",
      "type": "aws_eip",
      "name": "poker_server_eip",
      "provider": "provider[\"registry.terraform.io/hashicorp/aws\"]",
      "instances": [
        {
          "schema_version": 0,
          "attributes": {
            "address": null,
            "allocation_id": "eipalloc-02692688a4763d83d",
            "arn": "arn:aws:ec2:us-east-1:072351085675:elastic-ip/eipalloc-02692688a4763d83d",
            "associate_with_private_ip": null,
            "association_id": "eipassoc-03f858fdc7c97272c",
            "carrier_ip": "",
            "customer_owned_ip": "",
            "customer_owned_ipv4_pool": "",
            "domain": "vpc",
            "id": "eipalloc-02692688a4763d83d",
            "instance": "i-038274696909ee7f0",
            "ipam_pool_id": "",
            "network_border_group": "us-east-1",
            "network_interface": "eni-0790e3b1b7805c1b4",
            "private_dns": "ip-172-31-6-249.ec2.internal",
            "private_ip": "172.31.6.249",
            "ptr_record": "",
            "public_dns": "ec2-3-228-203-155.compute-1.amazonaws.com",
            "public_ip": "3.228.203.155",
            "public_ipv4_pool": "amazon",
            "region": "us-east-1",
            "tags": {
              "Name": "PokerServerEIP"
            },
            "tags_all": {
              "Name": "PokerServerEIP"
            },
            "timeouts": null
          },
          "sensitive_attributes": [],
          "identity_schema_version": 0,
          "identity": {
            "account_id": "072351085675",
            "id": "eipalloc-02692688a4763d83d",
            "region": "us-east-1"
          },
          "private": "eyJlMmJmYjczMC1lY2FhLTExZTYtOGY4OC0zNDM2M2JjN2M0YzAiOnsiZGVsZXRlIjoxODAwMDAwMDAwMDAsInJlYWQiOjkwMDAwMDAwMDAwMCwidXBkYXRlIjozMDAwMDAwMDAwMDB9fQ==",
          "dependencies": [
            "aws_dynamodb_table.games_table",
            "aws_iam_instance_profile.ec2_profile",
            "aws_iam_role.ec2_logs_role",
            "aws_instance.poker_server",
            "aws_security_group.alb_sg",
            "aws_security_group.poker_sg",
            "aws_ssm_parameter.cw_agent_config",
            "data.aws_vpc.default"
          ]
        }
      ]
    },
    {
      "mode": "managed",
      "type": "aws_iam_instance_profile",
      "name": "ec2_profile",
      "provider": "provider[\"registry.terraform.io/hashicorp/aws\"]",
      "instances": [
        {
          "schema_version": 0,
          "attributes": {
            "arn": "arn:aws:iam::072351085675:instance-profile/poker-game-ec2-profile",
            "create_date": "2026-05-13T14:01:36Z",
            "id": "poker-game-ec2-profile",
            "name": "poker-game-ec2-profile",
            "name_prefix": "",
            "path": "/",
            "role": "poker-game-ec2-role",
            "tags": {},
            "tags_all": {},
            "unique_id": "AIPARBWDV6RVSBK3SGOOR"
          },
          "sensitive_attributes": [],
          "identity_schema_version": 0,
          "identity": {
            "account_id": "072351085675",
            "name": "poker-game-ec2-profile"
          },
          "private": "bnVsbA==",
          "dependencies": [
            "aws_iam_role.ec2_logs_role"
          ]
        }
      ]
    },
    {
      "mode": "managed",
      "type": "aws_iam_policy",
      "name": "dynamo_poker_access",
      "provider": "provider[\"registry.terraform.io/hashicorp/aws\"]",
      "instances": [
        {
          "schema_version": 0,
          "attributes": {
            "arn": "arn:aws:iam::072351085675:policy/poker-dynamo-access-policy",
            "attachment_count": 1,
            "delay_after_policy_creation_in_ms": null,
            "description": "Allows poker lambdas to read/write to Accounts and Debts tables",
            "id": "arn:aws:iam::072351085675:policy/poker-dynamo-access-policy",
            "name": "poker-dynamo-access-policy",
            "name_prefix": "",
            "path": "/",
            "policy": "{\"Statement\":[{\"Action\":[\"dynamodb:PutItem\",\"dynamodb:GetItem\",\"dynamodb:UpdateItem\",\"dynamodb:Query\",\"dynamodb:Scan\"],\"Effect\":\"Allow\",\"Resource\":[\"arn:aws:dynamodb:us-east-1:072351085675:table/Accounts\",\"arn:aws:dynamodb:us-east-1:072351085675:table/Debts\",\"arn:aws:dynamodb:us-east-1:072351085675:table/Games\",\"arn:aws:dynamodb:us-east-1:072351085675:table/Games/index/*\"]}],\"Version\":\"2012-10-17\"}",
            "policy_id": "ANPARBWDV6RV3AZ6TJC2D",
            "tags": {},
            "tags_all": {}
          },
          "sensitive_attributes": [],
          "identity_schema_version": 0,
          "identity": {
            "arn": "arn:aws:iam::072351085675:policy/poker-dynamo-access-policy"
          },
          "private": "bnVsbA==",
          "dependencies": [
            "aws_dynamodb_table.accounts_table",
            "aws_dynamodb_table.debts_table",
            "aws_dynamodb_table.games_table"
          ]
        }
      ]
    },
    {
      "mode": "managed",
      "type": "aws_iam_policy",
      "name": "ssm_poker_server_access",
      "provider": "provider[\"registry.terraform.io/hashicorp/aws\"]",
      "instances": [
        {
          "schema_version": 0,
          "attributes": {
            "arn": "arn:aws:iam::072351085675:policy/poker-ssm-server-access-policy",
            "attachment_count": 1,
            "delay_after_policy_creation_in_ms": null,
            "description": "Allows CreateGame lambda to execute shell scripts on the game server via SSM",
            "id": "arn:aws:iam::072351085675:policy/poker-ssm-server-access-policy",
            "name": "poker-ssm-server-access-policy",
            "name_prefix": "",
            "path": "/",
            "policy": "{\"Statement\":[{\"Action\":[\"ssm:SendCommand\"],\"Effect\":\"Allow\",\"Resource\":[\"arn:aws:ec2:*:*:instance/i-038274696909ee7f0\"]},{\"Action\":[\"ssm:SendCommand\"],\"Effect\":\"Allow\",\"Resource\":[\"arn:aws:ssm:*:*:document/AWS-RunShellScript\"]},{\"Action\":[\"ssm:GetCommandInvocation\",\"ssm:ListCommandInvocations\"],\"Effect\":\"Allow\",\"Resource\":[\"*\"]}],\"Version\":\"2012-10-17\"}",
            "policy_id": "ANPARBWDV6RV6BOA5UZUU",
            "tags": {},
            "tags_all": {}
          },
          "sensitive_attributes": [],
          "identity_schema_version": 0,
          "identity": {
            "arn": "arn:aws:iam::072351085675:policy/poker-ssm-server-access-policy"
          },
          "private": "bnVsbA==",
          "dependencies": [
            "aws_dynamodb_table.games_table",
            "aws_iam_instance_profile.ec2_profile",
            "aws_iam_role.ec2_logs_role",
            "aws_instance.poker_server",
            "aws_security_group.alb_sg",
            "aws_security_group.poker_sg",
            "aws_ssm_parameter.cw_agent_config",
            "data.aws_vpc.default"
          ]
        }
      ]
    },
    {
      "mode": "managed",
      "type": "aws_iam_role",
      "name": "authorizer_lambda_role",
      "provider": "provider[\"registry.terraform.io/hashicorp/aws\"]",
      "instances": [
        {
          "schema_version": 0,
          "attributes": {
            "arn": "arn:aws:iam::072351085675:role/poker-authorizer-execution-role",
            "assume_role_policy": "{\"Statement\":[{\"Action\":\"sts:AssumeRole\",\"Effect\":\"Allow\",\"Principal\":{\"Service\":\"lambda.amazonaws.com\"}}],\"Version\":\"2012-10-17\"}",
            "create_date": "2026-05-25T14:07:55Z",
            "description": "",
            "force_detach_policies": false,
            "id": "poker-authorizer-execution-role",
            "inline_policy": [],
            "managed_policy_arns": [
              "arn:aws:iam::aws:policy/service-role/AWSLambdaBasicExecutionRole"
            ],
            "max_session_duration": 3600,
            "name": "poker-authorizer-execution-role",
            "name_prefix": "",
            "path": "/",
            "permissions_boundary": "",
            "tags": {},
            "tags_all": {},
            "unique_id": "AROARBWDV6RVVBIR7Y4EE"
          },
          "sensitive_attributes": [],
          "identity_schema_version": 0,
          "identity": {
            "account_id": "072351085675",
            "name": "poker-authorizer-execution-role"
          },
          "private": "bnVsbA=="
        }
      ]
    },
    {
      "mode": "managed",
      "type": "aws_iam_role",
      "name": "ec2_logs_role",
      "provider": "provider[\"registry.terraform.io/hashicorp/aws\"]",
      "instances": [
        {
          "schema_version": 0,
          "attributes": {
            "arn": "arn:aws:iam::072351085675:role/poker-game-ec2-role",
            "assume_role_policy": "{\"Statement\":[{\"Action\":\"sts:AssumeRole\",\"Effect\":\"Allow\",\"Principal\":{\"Service\":\"ec2.amazonaws.com\"}}],\"Version\":\"2012-10-17\"}",
            "create_date": "2026-05-13T14:01:35Z",
            "description": "",
            "force_detach_policies": false,
            "id": "poker-game-ec2-role",
            "inline_policy": [
              {
                "name": "poker-ec2-dynamo-update-policy",
                "policy": "{\"Version\":\"2012-10-17\",\"Statement\":[{\"Action\":[\"dynamodb:UpdateItem\"],\"Effect\":\"Allow\",\"Resource\":[\"arn:aws:dynamodb:us-east-1:072351085675:table/Games\"]}]}"
              },
              {
                "name": "poker-ec2-s3-bucket-policy",
                "policy": "{\"Version\":\"2012-10-17\",\"Statement\":[{\"Action\":[\"s3:GetObject\",\"s3:ListBucket\"],\"Effect\":\"Allow\",\"Resource\":[\"arn:aws:s3:::chuckycodes-games\",\"arn:aws:s3:::chuckycodes-games/*\"]}]}"
              },
              {
                "name": "poker-ec2-ssm-parameter-policy",
                "policy": "{\"Version\":\"2012-10-17\",\"Statement\":[{\"Action\":[\"ssm:GetParameter\",\"ssm:GetParameters\"],\"Effect\":\"Allow\",\"Resource\":[\"arn:aws:ssm:us-east-1:072351085675:parameter/amazon-cloudwatch-agent-config\",\"arn:aws:ssm:us-east-1:072351085675:parameter/poker/server/api_token\"]},{\"Action\":[\"logs:CreateLogGroup\",\"logs:CreateLogStream\",\"logs:PutLogEvents\",\"logs:DescribeLogStreams\",\"logs:DescribeLogGroups\"],\"Effect\":\"Allow\",\"Resource\":[\"*\"]}]}"
              }
            ],
            "managed_policy_arns": [
              "arn:aws:iam::aws:policy/CloudWatchAgentServerPolicy"
            ],
            "max_session_duration": 3600,
            "name": "poker-game-ec2-role",
            "name_prefix": "",
            "path": "/",
            "permissions_boundary": "",
            "tags": {},
            "tags_all": {},
            "unique_id": "AROARBWDV6RV77RKZSJSW"
          },
          "sensitive_attributes": [],
          "identity_schema_version": 0,
          "identity": {
            "account_id": "072351085675",
            "name": "poker-game-ec2-role"
          },
          "private": "bnVsbA=="
        }
      ]
    },
    {
      "mode": "managed",
      "type": "aws_iam_role",
      "name": "lambda_integration_role",
      "provider": "provider[\"registry.terraform.io/hashicorp/aws\"]",
      "instances": [
        {
          "schema_version": 0,
          "attributes": {
            "arn": "arn:aws:iam::072351085675:role/poker-get-account-role",
            "assume_role_policy": "{\"Statement\":[{\"Action\":\"sts:AssumeRole\",\"Effect\":\"Allow\",\"Principal\":{\"Service\":\"lambda.amazonaws.com\"}}],\"Version\":\"2012-10-17\"}",
            "create_date": "2026-05-13T16:36:05Z",
            "description": "",
            "force_detach_policies": false,
            "id": "poker-get-account-role",
            "inline_policy": [],
            "managed_policy_arns": [
              "arn:aws:iam::072351085675:policy/poker-dynamo-access-policy",
              "arn:aws:iam::072351085675:policy/poker-ssm-server-access-policy",
              "arn:aws:iam::aws:policy/service-role/AWSLambdaBasicExecutionRole"
            ],
            "max_session_duration": 3600,
            "name": "poker-get-account-role",
            "name_prefix": "",
            "path": "/",
            "permissions_boundary": "",
            "tags": {},
            "tags_all": {},
            "unique_id": "AROARBWDV6RV5DD5ZWFZH"
          },
          "sensitive_attributes": [],
          "identity_schema_version": 0,
          "identity": {
            "account_id": "072351085675",
            "name": "poker-get-account-role"
          },
          "private": "bnVsbA=="
        }
      ]
    },
    {
      "mode": "managed",
      "type": "aws_iam_role_policy",
      "name": "ec2_dynamo_update_access",
      "provider": "provider[\"registry.terraform.io/hashicorp/aws\"]",
      "instances": [
        {
          "schema_version": 0,
          "attributes": {
            "id": "poker-game-ec2-role:poker-ec2-dynamo-update-policy",
            "name": "poker-ec2-dynamo-update-policy",
            "name_prefix": "",
            "policy": "{\"Version\":\"2012-10-17\",\"Statement\":[{\"Action\":[\"dynamodb:UpdateItem\"],\"Effect\":\"Allow\",\"Resource\":[\"arn:aws:dynamodb:us-east-1:072351085675:table/Games\"]}]}",
            "role": "poker-game-ec2-role"
          },
          "sensitive_attributes": [],
          "identity_schema_version": 0,
          "identity": {
            "account_id": "072351085675",
            "name": "poker-ec2-dynamo-update-policy",
            "role": "poker-game-ec2-role"
          },
          "private": "bnVsbA==",
          "dependencies": [
            "aws_dynamodb_table.games_table",
            "aws_iam_role.ec2_logs_role"
          ]
        }
      ]
    },
    {
      "mode": "managed",
      "type": "aws_iam_role_policy",
      "name": "ec2_s3_bucket_access",
      "provider": "provider[\"registry.terraform.io/hashicorp/aws\"]",
      "instances": [
        {
          "schema_version": 0,
          "attributes": {
            "id": "poker-game-ec2-role:poker-ec2-s3-bucket-policy",
            "name": "poker-ec2-s3-bucket-policy",
            "name_prefix": "",
            "policy": "{\"Version\":\"2012-10-17\",\"Statement\":[{\"Action\":[\"s3:GetObject\",\"s3:ListBucket\"],\"Effect\":\"Allow\",\"Resource\":[\"arn:aws:s3:::chuckycodes-games\",\"arn:aws:s3:::chuckycodes-games/*\"]}]}",
            "role": "poker-game-ec2-role"
          },
          "sensitive_attributes": [],
          "identity_schema_version": 0,
          "identity": {
            "account_id": "072351085675",
            "name": "poker-ec2-s3-bucket-policy",
            "role": "poker-game-ec2-role"
          },
          "private": "bnVsbA==",
          "dependencies": [
            "aws_iam_role.ec2_logs_role"
          ]
        }
      ]
    },
    {
      "mode": "managed",
      "type": "aws_iam_role_policy",
      "name": "ec2_ssm_parameter_access",
      "provider": "provider[\"registry.terraform.io/hashicorp/aws\"]",
      "instances": [
        {
          "schema_version": 0,
          "attributes": {
            "id": "poker-game-ec2-role:poker-ec2-ssm-parameter-policy",
            "name": "poker-ec2-ssm-parameter-policy",
            "name_prefix": "",
            "policy": "{\"Version\":\"2012-10-17\",\"Statement\":[{\"Action\":[\"ssm:GetParameter\",\"ssm:GetParameters\"],\"Effect\":\"Allow\",\"Resource\":[\"arn:aws:ssm:us-east-1:072351085675:parameter/amazon-cloudwatch-agent-config\",\"arn:aws:ssm:us-east-1:072351085675:parameter/poker/server/api_token\"]},{\"Action\":[\"logs:CreateLogGroup\",\"logs:CreateLogStream\",\"logs:PutLogEvents\",\"logs:DescribeLogStreams\",\"logs:DescribeLogGroups\"],\"Effect\":\"Allow\",\"Resource\":[\"*\"]}]}",
            "role": "poker-game-ec2-role"
          },
          "sensitive_attributes": [],
          "identity_schema_version": 0,
          "identity": {
            "account_id": "072351085675",
            "name": "poker-ec2-ssm-parameter-policy",
            "role": "poker-game-ec2-role"
          },
          "private": "bnVsbA==",
          "dependencies": [
            "aws_iam_role.ec2_logs_role",
            "aws_ssm_parameter.cw_agent_config",
            "aws_ssm_parameter.server_api_token",
            "random_password.server_api_token"
          ]
        }
      ]
    },
    {
      "mode": "managed",
      "type": "aws_iam_role_policy_attachment",
      "name": "authorizer_basic_logs",
      "provider": "provider[\"registry.terraform.io/hashicorp/aws\"]",
      "instances": [
        {
          "schema_version": 0,
          "attributes": {
            "id": "poker-authorizer-execution-role/arn:aws:iam::aws:policy/service-role/AWSLambdaBasicExecutionRole",
            "policy_arn": "arn:aws:iam::aws:policy/service-role/AWSLambdaBasicExecutionRole",
            "role": "poker-authorizer-execution-role"
          },
          "sensitive_attributes": [],
          "identity_schema_version": 0,
          "identity": {
            "account_id": "072351085675",
            "policy_arn": "arn:aws:iam::aws:policy/service-role/AWSLambdaBasicExecutionRole",
            "role": "poker-authorizer-execution-role"
          },
          "private": "bnVsbA==",
          "dependencies": [
            "aws_iam_role.authorizer_lambda_role"
          ]
        }
      ]
    },
    {
      "mode": "managed",
      "type": "aws_iam_role_policy_attachment",
      "name": "cw_agent_policy",
      "provider": "provider[\"registry.terraform.io/hashicorp/aws\"]",
      "instances": [
        {
          "schema_version": 0,
          "attributes": {
            "id": "poker-game-ec2-role/arn:aws:iam::aws:policy/CloudWatchAgentServerPolicy",
            "policy_arn": "arn:aws:iam::aws:policy/CloudWatchAgentServerPolicy",
            "role": "poker-game-ec2-role"
          },
          "sensitive_attributes": [],
          "identity_schema_version": 0,
          "identity": {
            "account_id": "072351085675",
            "policy_arn": "arn:aws:iam::aws:policy/CloudWatchAgentServerPolicy",
            "role": "poker-game-ec2-role"
          },
          "private": "bnVsbA==",
          "dependencies": [
            "aws_iam_role.ec2_logs_role"
          ]
        }
      ]
    },
    {
      "mode": "managed",
      "type": "aws_iam_role_policy_attachment",
      "name": "edge_logs",
      "provider": "provider[\"registry.terraform.io/hashicorp/aws\"]",
      "instances": [
        {
          "schema_version": 0,
          "attributes": {
            "id": "poker-auth-edge-role/arn:aws:iam::aws:policy/service-role/AWSLambdaBasicExecutionRole",
            "policy_arn": "arn:aws:iam::aws:policy/service-role/AWSLambdaBasicExecutionRole",
            "role": "poker-auth-edge-role"
          },
          "sensitive_attributes": [],
          "identity_schema_version": 0,
          "identity": {
            "account_id": "072351085675",
            "policy_arn": "arn:aws:iam::aws:policy/service-role/AWSLambdaBasicExecutionRole",
            "role": "poker-auth-edge-role"
          },
          "private": "bnVsbA==",
          "dependencies": [
            "aws_iam_role.lambda_edge_auth_role"
          ]
        }
      ]
    },
    {
      "mode": "managed",
      "type": "aws_iam_role_policy_attachment",
      "name": "lambda_integration_dynamo",
      "provider": "provider[\"registry.terraform.io/hashicorp/aws\"]",
      "instances": [
        {
          "schema_version": 0,
          "attributes": {
            "id": "poker-get-account-role/arn:aws:iam::072351085675:policy/poker-dynamo-access-policy",
            "policy_arn": "arn:aws:iam::072351085675:policy/poker-dynamo-access-policy",
            "role": "poker-get-account-role"
          },
          "sensitive_attributes": [],
          "identity_schema_version": 0,
          "identity": {
            "account_id": "072351085675",
            "policy_arn": "arn:aws:iam::072351085675:policy/poker-dynamo-access-policy",
            "role": "poker-get-account-role"
          },
          "private": "bnVsbA==",
          "dependencies": [
            "aws_dynamodb_table.accounts_table",
            "aws_dynamodb_table.debts_table",
            "aws_dynamodb_table.games_table",
            "aws_iam_policy.dynamo_poker_access",
            "aws_iam_role.lambda_integration_role"
          ]
        }
      ]
    },
    {
      "mode": "managed",
      "type": "aws_iam_role_policy_attachment",
      "name": "lambda_integration_logs",
      "provider": "provider[\"registry.terraform.io/hashicorp/aws\"]",
      "instances": [
        {
          "schema_version": 0,
          "attributes": {
            "id": "poker-get-account-role/arn:aws:iam::aws:policy/service-role/AWSLambdaBasicExecutionRole",
            "policy_arn": "arn:aws:iam::aws:policy/service-role/AWSLambdaBasicExecutionRole",
            "role": "poker-get-account-role"
          },
          "sensitive_attributes": [],
          "identity_schema_version": 0,
          "identity": {
            "account_id": "072351085675",
            "policy_arn": "arn:aws:iam::aws:policy/service-role/AWSLambdaBasicExecutionRole",
            "role": "poker-get-account-role"
          },
          "private": "bnVsbA==",
          "dependencies": [
            "aws_iam_role.lambda_integration_role"
          ]
        }
      ]
    },
    {
      "mode": "managed",
      "type": "aws_iam_role_policy_attachment",
      "name": "lambda_integration_ssm",
      "provider": "provider[\"registry.terraform.io/hashicorp/aws\"]",
      "instances": [
        {
          "schema_version": 0,
          "attributes": {
            "id": "poker-get-account-role/arn:aws:iam::072351085675:policy/poker-ssm-server-access-policy",
            "policy_arn": "arn:aws:iam::072351085675:policy/poker-ssm-server-access-policy",
            "role": "poker-get-account-role"
          },
          "sensitive_attributes": [],
          "identity_schema_version": 0,
          "identity": {
            "account_id": "072351085675",
            "policy_arn": "arn:aws:iam::072351085675:policy/poker-ssm-server-access-policy",
            "role": "poker-get-account-role"
          },
          "private": "bnVsbA==",
          "dependencies": [
            "aws_dynamodb_table.games_table",
            "aws_iam_instance_profile.ec2_profile",
            "aws_iam_policy.ssm_poker_server_access",
            "aws_iam_role.ec2_logs_role",
            "aws_iam_role.lambda_integration_role",
            "aws_instance.poker_server",
            "aws_security_group.alb_sg",
            "aws_security_group.poker_sg",
            "aws_ssm_parameter.cw_agent_config",
            "data.aws_vpc.default"
          ]
        }
      ]
    },
    {
      "mode": "managed",
      "type": "aws_instance",
      "name": "poker_server",
      "provider": "provider[\"registry.terraform.io/hashicorp/aws\"]",
      "instances": [
        {
          "schema_version": 2,
          "attributes": {
            "ami": "ami-0341d95f75f311023",
            "arn": "arn:aws:ec2:us-east-1:072351085675:instance/i-038274696909ee7f0",
            "associate_public_ip_address": true,
            "availability_zone": "us-east-1d",
            "capacity_reservation_specification": [
              {
                "capacity_reservation_preference": "open",
                "capacity_reservation_target": []
              }
            ],
            "cpu_options": [
              {
                "amd_sev_snp": "",
                "core_count": 1,
                "nested_virtualization": "",
                "threads_per_core": 2
              }
            ],
            "credit_specification": [
              {
                "cpu_credits": "unlimited"
              }
            ],
            "disable_api_stop": false,
            "disable_api_termination": false,
            "ebs_block_device": [],
            "ebs_optimized": false,
            "enable_primary_ipv6": null,
            "enclave_options": [
              {
                "enabled": false
              }
            ],
            "ephemeral_block_device": [],
            "force_destroy": false,
            "get_password_data": false,
            "hibernation": false,
            "host_id": "",
            "host_resource_group_arn": null,
            "iam_instance_profile": "poker-game-ec2-profile",
            "id": "i-038274696909ee7f0",
            "instance_initiated_shutdown_behavior": "stop",
            "instance_lifecycle": "",
            "instance_market_options": [],
            "instance_state": "running",
            "instance_type": "t3.micro",
            "ipv6_address_count": 0,
            "ipv6_addresses": [],
            "key_name": "",
            "launch_template": [],
            "maintenance_options": [
              {
                "auto_recovery": "default"
              }
            ],
            "metadata_options": [
              {
                "http_endpoint": "enabled",
                "http_protocol_ipv6": "disabled",
                "http_put_response_hop_limit": 2,
                "http_tokens": "required",
                "instance_metadata_tags": "disabled"
              }
            ],
            "monitoring": false,
            "network_interface": [],
            "outpost_arn": "",
            "password_data": "",
            "placement_group": "",
            "placement_group_id": "",
            "placement_partition_number": 0,
            "primary_network_interface": [
              {
                "delete_on_termination": true,
                "network_interface_id": "eni-0790e3b1b7805c1b4"
              }
            ],
            "primary_network_interface_id": "eni-0790e3b1b7805c1b4",
            "private_dns": "ip-172-31-6-249.ec2.internal",
            "private_dns_name_options": [
              {
                "enable_resource_name_dns_a_record": false,
                "enable_resource_name_dns_aaaa_record": false,
                "hostname_type": "ip-name"
              }
            ],
            "private_ip": "172.31.6.249",
            "public_dns": "ec2-98-81-70-27.compute-1.amazonaws.com",
            "public_ip": "98.81.70.27",
            "region": "us-east-1",
            "root_block_device": [
              {
                "delete_on_termination": true,
                "device_name": "/dev/xvda",
                "encrypted": false,
                "iops": 3000,
                "kms_key_id": "",
                "tags": {},
                "tags_all": {},
                "throughput": 125,
                "volume_id": "vol-0bc710073d9a10f16",
                "volume_size": 8,
                "volume_type": "gp3"
              }
            ],
            "secondary_network_interface": [],
            "secondary_private_ips": [],
            "security_groups": [
              "poker-game-sg"
            ],
            "source_dest_check": true,
            "spot_instance_request_id": "",
            "subnet_id": "subnet-08f23715afe198ffa",
            "tags": {
              "Name": "PokerGameServer"
            },
            "tags_all": {
              "Name": "PokerGameServer"
            },
            "tenancy": "default",
            "timeouts": null,
            "user_data": "#!/bin/bash\nset -e\n\n# System Update and Dependencies\nsudo dnf update -y\nsudo dnf install -y nginx libXcursor libXinerama libXrandr libXi fontconfig nmap-ncat\nsudo yum install -y amazon-cloudwatch-agent\nmkdir -p /home/ec2-user/logs\nsudo usermod -aG ec2-user cwagent\n\n# Start the agent using the config stored in SSM (Kept for basic system metrics)\n/opt/aws/amazon-cloudwatch-agent/bin/amazon-cloudwatch-agent-ctl \\\n    -a fetch-config \\\n    -m ec2 \\\n    -c ssm:amazon-cloudwatch-agent-config \\\n    -s\n\n# We only grab base environment configs like nginx config sheets here, not the game files\naws s3 cp s3://chuckycodes-games/poker-game/server/linux /home/ec2-user/ --recursive --exclude \"*\" --include \"poker.conf\"\ncd /home/ec2-user\n\n# Nginx setup\nif [ -f \"poker.conf\" ]; then\n    sudo cp poker.conf /etc/nginx/conf.d/poker.conf\n    sudo nginx -t\n    sudo systemctl enable nginx\n    sudo systemctl start nginx\nfi\n\n# ==============================================================================\n# Dynamic Session Starter Engine\n# ==============================================================================\ncat \u003c\u003c EOF \u003e /home/ec2-user/start_game_session.sh\n#!/bin/bash\n\nset -e\n\n# Setup a local file log loop just for the orchestration steps\nLOG_DIR=\"/home/ec2-user/logs\"\nmkdir -p \"\\$LOG_DIR\"\nexec \u003e \u003e(tee -a \"\\$LOG_DIR/orchestrator.log\") 2\u003e\u00261\n\necho \"[Startup] Starting new game session request...\"\n\nMIN_PORT=12000\nMAX_PORT=13000\nSERVER_BIN=\"/home/ec2-user/poker_server.x86_64\"\nGAMES_TABLE_NAME=\"\\$1\"\nTARGET_GAME_ID=\"\\$2\"\nHOST_PLAYER_ID=\"\\$3\"\nBLIND_VALUE=\"\\$4\"\n\n# Grab api token so game server instance can talk to our apis\nexport GAME_SERVER_API_TOKEN=\\$(aws ssm get-parameter --name \"/poker/server/api_token\" --with-decryption --query \"Parameter.Value\" --output text --region us-east-1)\nexport AWS_DEFAULT_REGION=\"us-east-1\"\nexport HOME=\"/home/ec2-user\"\n\n# 🟩 STEP 1: Pull the latest fresh server engine builds directly from S3 at launch time\necho \"[Startup] Downloading fresh server binaries from S3...\"\naws s3 cp s3://\\chuckycodes-games/\\poker-game/server/linux /home/ec2-user/ --recursive --exclude \"*\" --include \"poker_server*\" --include \"shared/*\"\n\n# 🟩 STEP 2: Explicitly clear permissions so ec2-user can run it even if SSM invoked as root\nchmod +x \"\\$SERVER_BIN\"\nchown -R ec2-user:ec2-user /home/ec2-user\n\n# Find a free port for the new game instance\nwhile :; do\n    PORT=\\$(( (RANDOM % (\\$MAX_PORT - \\$MIN_PORT + 1)) + \\$MIN_PORT ))\n    nc -z localhost \\$PORT \u0026\u0026 CONTINUE=true || CONTINUE=false\n    if [ \"\\$CONTINUE\" = false ]; then\n        break\n    fi\ndone\n\necho \"[Startup] Selected available port: \\$PORT\"\n\n# Ensure wide open permissions for directory drops\nchmod 777 \"\\$LOG_DIR\"\ncd /home/ec2-user\n\n# Write the file directly to the agent's configuration directory using sudo tee\nsudo tee /opt/aws/amazon-cloudwatch-agent/etc/amazon-cloudwatch-agent.d/poker_\\$PORT_\\$TARGET_GAME_ID.json \u003e /dev/null \u003c\u003c DYNCFG\n{\n  \"logs\": {\n    \"logs_collected\": {\n      \"files\": {\n        \"collect_list\": [\n          {\n            \"file_path\": \"/home/ec2-user/logs/poker_\\$PORT_\\$TARGET_GAME_ID.log\",\n            \"log_group_name\": \"/apps/poker-game\",\n            \"log_stream_name\": \"{instance_id}-poker_\\$PORT_\\$TARGET_GAME_ID\",\n            \"retention_in_days\": -1\n          }\n        ]\n      }\n    }\n  }\n}\nDYNCFG\n\necho \"[Startup] Appending new log tracking rule for port \\$PORT...\"\n\nsudo /opt/aws/amazon-cloudwatch-agent/bin/amazon-cloudwatch-agent-ctl \\\n    -a append-config \\\n    -m ec2 \\\n    -c file:/opt/aws/amazon-cloudwatch-agent/etc/amazon-cloudwatch-agent.d/poker_\\$PORT_\\$TARGET_GAME_ID.json \\\n    -s\n\n# Execute the binary explicitly running context dropped to 'ec2-user'\necho \"[Startup] Detaching poker server engine process...\"\nsudo -u ec2-user -H nohup \"\\$SERVER_BIN\" --headless --gameId=\"\\$TARGET_GAME_ID\" --port=\"\\$PORT\" --blind=\"\\$BLIND_VALUE\" --apiToken=\"\\$GAME_SERVER_API_TOKEN\" \u003e \"/home/ec2-user/logs/poker_\\$PORT_\\$TARGET_GAME_ID.log\" 2\u003e\u00261 \u003c /dev/null \u0026\n\nPID=\\$!\necho \"[Startup] Game server process successfully detached with PID: \\$PID on port \\$PORT\"\necho \"[Startup] Game initialization complete!\"\nEOF\n\n# Finalize orchestrator script permissions\nchmod +x /home/ec2-user/start_game_session.sh\nchown -R ec2-user:ec2-user /home/ec2-user",
            "user_data_base64": null,
            "user_data_replace_on_change": true,
            "volume_tags": null,
            "vpc_security_group_ids": [
              "sg-00744698e0bf0353c"
            ]
          },
          "sensitive_attributes": [],
          "identity_schema_version": 0,
          "identity": {
            "account_id": "072351085675",
            "id": "i-038274696909ee7f0",
            "region": "us-east-1"
          },
          "private": "eyJlMmJmYjczMC1lY2FhLTExZTYtOGY4OC0zNDM2M2JjN2M0YzAiOnsiY3JlYXRlIjo2MDAwMDAwMDAwMDAsImRlbGV0ZSI6MTIwMDAwMDAwMDAwMCwicmVhZCI6OTAwMDAwMDAwMDAwLCJ1cGRhdGUiOjYwMDAwMDAwMDAwMH0sInNjaGVtYV92ZXJzaW9uIjoiMiJ9",
          "dependencies": [
            "aws_dynamodb_table.games_table",
            "aws_iam_instance_profile.ec2_profile",
            "aws_iam_role.ec2_logs_role",
            "aws_security_group.alb_sg",
            "aws_security_group.poker_sg",
            "aws_ssm_parameter.cw_agent_config",
            "data.aws_vpc.default"
          ]
        }
      ]
    },
    {
      "mode": "managed",
      "type": "aws_lambda_function",
      "name": "create_game",
      "provider": "provider[\"registry.terraform.io/hashicorp/aws\"]",
      "instances": [
        {
          "schema_version": 0,
          "attributes": {
            "architectures": [
              "x86_64"
            ],
            "arn": "arn:aws:lambda:us-east-1:072351085675:function:CreateGame",
            "capacity_provider_config": [],
            "code_sha256": "a6LttHWQnSzgOznw8VC58aKexEwjfI6vw7p07aM/HXA=",
            "code_signing_config_arn": "",
            "dead_letter_config": [],
            "description": "",
            "durable_config": [],
            "environment": [
              {
                "variables": {
                  "GAMES_TABLE": "Games",
                  "POKER_SERVER_INSTANCE_ID": "i-038274696909ee7f0"
                }
              }
            ],
            "ephemeral_storage": [
              {
                "size": 512
              }
            ],
            "file_system_config": [],
            "filename": "./exports/lambda/CreateGame.zip",
            "function_name": "CreateGame",
            "handler": "index.handler",
            "id": "CreateGame",
            "image_config": [],
            "image_uri": "",
            "invoke_arn": "arn:aws:apigateway:us-east-1:lambda:path/2015-03-31/functions/arn:aws:lambda:us-east-1:072351085675:function:CreateGame/invocations",
            "kms_key_arn": "",
            "last_modified": "2026-07-15T14:16:32.000+0000",
            "layers": [],
            "logging_config": [
              {
                "application_log_level": "",
                "log_format": "Text",
                "log_group": "/aws/lambda/CreateGame",
                "system_log_level": ""
              }
            ],
            "memory_size": 512,
            "package_type": "Zip",
            "publish": false,
            "publish_to": null,
            "qualified_arn": "arn:aws:lambda:us-east-1:072351085675:function:CreateGame:$LATEST",
            "qualified_invoke_arn": "arn:aws:apigateway:us-east-1:lambda:path/2015-03-31/functions/arn:aws:lambda:us-east-1:072351085675:function:CreateGame:$LATEST/invocations",
            "region": "us-east-1",
            "replace_security_groups_on_destroy": null,
            "replacement_security_group_ids": null,
            "reserved_concurrent_executions": -1,
            "response_streaming_invoke_arn": "arn:aws:apigateway:us-east-1:lambda:path/2021-11-15/functions/arn:aws:lambda:us-east-1:072351085675:function:CreateGame/response-streaming-invocations",
            "role": "arn:aws:iam::072351085675:role/poker-get-account-role",
            "runtime": "nodejs22.x",
            "s3_bucket": null,
            "s3_key": null,
            "s3_object_version": null,
            "signing_job_arn": "",
            "signing_profile_version_arn": "",
            "skip_destroy": false,
            "snap_start": [],
            "source_code_hash": "a6LttHWQnSzgOznw8VC58aKexEwjfI6vw7p07aM/HXA=",
            "source_code_size": 1742,
            "source_kms_key_arn": "",
            "tags": {},
            "tags_all": {},
            "tenancy_config": [],
            "timeout": 10,
            "timeouts": null,
            "tracing_config": [
              {
                "mode": "PassThrough"
              }
            ],
            "version": "$LATEST",
            "vpc_config": []
          },
          "sensitive_attributes": [],
          "identity_schema_version": 0,
          "identity": {
            "account_id": "072351085675",
            "function_name": "CreateGame",
            "region": "us-east-1"
          },
          "private": "eyJlMmJmYjczMC1lY2FhLTExZTYtOGY4OC0zNDM2M2JjN2M0YzAiOnsiY3JlYXRlIjo2MDAwMDAwMDAwMDAsImRlbGV0ZSI6NjAwMDAwMDAwMDAwLCJ1cGRhdGUiOjYwMDAwMDAwMDAwMH19",
          "dependencies": [
            "aws_dynamodb_table.games_table",
            "aws_iam_instance_profile.ec2_profile",
            "aws_iam_role.ec2_logs_role",
            "aws_iam_role.lambda_integration_role",
            "aws_instance.poker_server",
            "aws_security_group.alb_sg",
            "aws_security_group.poker_sg",
            "aws_ssm_parameter.cw_agent_config",
            "data.archive_file.create_game_zip",
            "data.aws_vpc.default"
          ]
        }
      ]
    },
    {
      "mode": "managed",
      "type": "aws_lambda_function",
      "name": "get_account",
      "provider": "provider[\"registry.terraform.io/hashicorp/aws\"]",
      "instances": [
        {
          "schema_version": 0,
          "attributes": {
            "architectures": [
              "x86_64"
            ],
            "arn": "arn:aws:lambda:us-east-1:072351085675:function:GetAccount",
            "capacity_provider_config": [],
            "code_sha256": "k5mSHyU8kDQ8uIEgr1HFX3Gk/NoWS8HJMG39G9M6XhQ=",
            "code_signing_config_arn": "",
            "dead_letter_config": [],
            "description": "",
            "durable_config": [],
            "environment": [
              {
                "variables": {
                  "ACCOUNTS_TABLE": "Accounts"
                }
              }
            ],
            "ephemeral_storage": [
              {
                "size": 512
              }
            ],
            "file_system_config": [],
            "filename": "./exports/lambda/GetAccount.zip",
            "function_name": "GetAccount",
            "handler": "index.handler",
            "id": "GetAccount",
            "image_config": [],
            "image_uri": "",
            "invoke_arn": "arn:aws:apigateway:us-east-1:lambda:path/2015-03-31/functions/arn:aws:lambda:us-east-1:072351085675:function:GetAccount/invocations",
            "kms_key_arn": "",
            "last_modified": "2026-07-06T13:17:08.000+0000",
            "layers": [],
            "logging_config": [
              {
                "application_log_level": "",
                "log_format": "Text",
                "log_group": "/aws/lambda/GetAccount",
                "system_log_level": ""
              }
            ],
            "memory_size": 128,
            "package_type": "Zip",
            "publish": false,
            "publish_to": null,
            "qualified_arn": "arn:aws:lambda:us-east-1:072351085675:function:GetAccount:$LATEST",
            "qualified_invoke_arn": "arn:aws:apigateway:us-east-1:lambda:path/2015-03-31/functions/arn:aws:lambda:us-east-1:072351085675:function:GetAccount:$LATEST/invocations",
            "region": "us-east-1",
            "replace_security_groups_on_destroy": null,
            "replacement_security_group_ids": null,
            "reserved_concurrent_executions": -1,
            "response_streaming_invoke_arn": "arn:aws:apigateway:us-east-1:lambda:path/2021-11-15/functions/arn:aws:lambda:us-east-1:072351085675:function:GetAccount/response-streaming-invocations",
            "role": "arn:aws:iam::072351085675:role/poker-get-account-role",
            "runtime": "nodejs22.x",
            "s3_bucket": null,
            "s3_key": null,
            "s3_object_version": null,
            "signing_job_arn": "",
            "signing_profile_version_arn": "",
            "skip_destroy": false,
            "snap_start": [],
            "source_code_hash": "k5mSHyU8kDQ8uIEgr1HFX3Gk/NoWS8HJMG39G9M6XhQ=",
            "source_code_size": 1183,
            "source_kms_key_arn": "",
            "tags": {},
            "tags_all": {},
            "tenancy_config": [],
            "timeout": 10,
            "timeouts": null,
            "tracing_config": [
              {
                "mode": "PassThrough"
              }
            ],
            "version": "$LATEST",
            "vpc_config": []
          },
          "sensitive_attributes": [],
          "identity_schema_version": 0,
          "identity": {
            "account_id": "072351085675",
            "function_name": "GetAccount",
            "region": "us-east-1"
          },
          "private": "eyJlMmJmYjczMC1lY2FhLTExZTYtOGY4OC0zNDM2M2JjN2M0YzAiOnsiY3JlYXRlIjo2MDAwMDAwMDAwMDAsImRlbGV0ZSI6NjAwMDAwMDAwMDAwLCJ1cGRhdGUiOjYwMDAwMDAwMDAwMH19",
          "dependencies": [
            "aws_dynamodb_table.accounts_table",
            "aws_iam_role.lambda_integration_role",
            "data.archive_file.get_account_zip"
          ]
        }
      ]
    },
    {
      "mode": "managed",
      "type": "aws_lambda_function",
      "name": "get_game",
      "provider": "provider[\"registry.terraform.io/hashicorp/aws\"]",
      "instances": [
        {
          "schema_version": 0,
          "attributes": {
            "architectures": [
              "x86_64"
            ],
            "arn": "arn:aws:lambda:us-east-1:072351085675:function:GetGame",
            "capacity_provider_config": [],
            "code_sha256": "xy3YfMWhKmQAkEcZuA+bFGzdbPyJUAY7rsNBqK2EDZM=",
            "code_signing_config_arn": "",
            "dead_letter_config": [],
            "description": "",
            "durable_config": [],
            "environment": [
              {
                "variables": {
                  "GAMES_TABLE": "Games"
                }
              }
            ],
            "ephemeral_storage": [
              {
                "size": 512
              }
            ],
            "file_system_config": [],
            "filename": "./exports/lambda/GetGame.zip",
            "function_name": "GetGame",
            "handler": "index.handler",
            "id": "GetGame",
            "image_config": [],
            "image_uri": "",
            "invoke_arn": "arn:aws:apigateway:us-east-1:lambda:path/2015-03-31/functions/arn:aws:lambda:us-east-1:072351085675:function:GetGame/invocations",
            "kms_key_arn": "",
            "last_modified": "2026-07-06T13:17:14.000+0000",
            "layers": [],
            "logging_config": [
              {
                "application_log_level": "",
                "log_format": "Text",
                "log_group": "/aws/lambda/GetGame",
                "system_log_level": ""
              }
            ],
            "memory_size": 512,
            "package_type": "Zip",
            "publish": false,
            "publish_to": null,
            "qualified_arn": "arn:aws:lambda:us-east-1:072351085675:function:GetGame:$LATEST",
            "qualified_invoke_arn": "arn:aws:apigateway:us-east-1:lambda:path/2015-03-31/functions/arn:aws:lambda:us-east-1:072351085675:function:GetGame:$LATEST/invocations",
            "region": "us-east-1",
            "replace_security_groups_on_destroy": null,
            "replacement_security_group_ids": null,
            "reserved_concurrent_executions": -1,
            "response_streaming_invoke_arn": "arn:aws:apigateway:us-east-1:lambda:path/2021-11-15/functions/arn:aws:lambda:us-east-1:072351085675:function:GetGame/response-streaming-invocations",
            "role": "arn:aws:iam::072351085675:role/poker-get-account-role",
            "runtime": "nodejs22.x",
            "s3_bucket": null,
            "s3_key": null,
            "s3_object_version": null,
            "signing_job_arn": "",
            "signing_profile_version_arn": "",
            "skip_destroy": false,
            "snap_start": [],
            "source_code_hash": "xy3YfMWhKmQAkEcZuA+bFGzdbPyJUAY7rsNBqK2EDZM=",
            "source_code_size": 964,
            "source_kms_key_arn": "",
            "tags": {},
            "tags_all": {},
            "tenancy_config": [],
            "timeout": 10,
            "timeouts": null,
            "tracing_config": [
              {
                "mode": "PassThrough"
              }
            ],
            "version": "$LATEST",
            "vpc_config": []
          },
          "sensitive_attributes": [],
          "identity_schema_version": 0,
          "identity": {
            "account_id": "072351085675",
            "function_name": "GetGame",
            "region": "us-east-1"
          },
          "private": "eyJlMmJmYjczMC1lY2FhLTExZTYtOGY4OC0zNDM2M2JjN2M0YzAiOnsiY3JlYXRlIjo2MDAwMDAwMDAwMDAsImRlbGV0ZSI6NjAwMDAwMDAwMDAwLCJ1cGRhdGUiOjYwMDAwMDAwMDAwMH19",
          "dependencies": [
            "aws_dynamodb_table.games_table",
            "aws_iam_role.lambda_integration_role",
            "data.archive_file.get_game_zip"
          ]
        }
      ]
    },
    {
      "mode": "managed",
      "type": "aws_lambda_function",
      "name": "get_games",
      "provider": "provider[\"registry.terraform.io/hashicorp/aws\"]",
      "instances": [
        {
          "schema_version": 0,
          "attributes": {
            "architectures": [
              "x86_64"
            ],
            "arn": "arn:aws:lambda:us-east-1:072351085675:function:GetGames",
            "capacity_provider_config": [],
            "code_sha256": "s6/3/t5sirot3HX2s4NkVEV11jGU4+XMq5T3PVtHKfI=",
            "code_signing_config_arn": "",
            "dead_letter_config": [],
            "description": "",
            "durable_config": [],
            "environment": [
              {
                "variables": {
                  "GAMES_TABLE": "Games"
                }
              }
            ],
            "ephemeral_storage": [
              {
                "size": 512
              }
            ],
            "file_system_config": [],
            "filename": "./exports/lambda/GetGames.zip",
            "function_name": "GetGames",
            "handler": "index.handler",
            "id": "GetGames",
            "image_config": [],
            "image_uri": "",
            "invoke_arn": "arn:aws:apigateway:us-east-1:lambda:path/2015-03-31/functions/arn:aws:lambda:us-east-1:072351085675:function:GetGames/invocations",
            "kms_key_arn": "",
            "last_modified": "2026-07-07T03:30:27.026+0000",
            "layers": [],
            "logging_config": [
              {
                "application_log_level": "",
                "log_format": "Text",
                "log_group": "/aws/lambda/GetGames",
                "system_log_level": ""
              }
            ],
            "memory_size": 512,
            "package_type": "Zip",
            "publish": false,
            "publish_to": null,
            "qualified_arn": "arn:aws:lambda:us-east-1:072351085675:function:GetGames:$LATEST",
            "qualified_invoke_arn": "arn:aws:apigateway:us-east-1:lambda:path/2015-03-31/functions/arn:aws:lambda:us-east-1:072351085675:function:GetGames:$LATEST/invocations",
            "region": "us-east-1",
            "replace_security_groups_on_destroy": null,
            "replacement_security_group_ids": null,
            "reserved_concurrent_executions": -1,
            "response_streaming_invoke_arn": "arn:aws:apigateway:us-east-1:lambda:path/2021-11-15/functions/arn:aws:lambda:us-east-1:072351085675:function:GetGames/response-streaming-invocations",
            "role": "arn:aws:iam::072351085675:role/poker-get-account-role",
            "runtime": "nodejs22.x",
            "s3_bucket": null,
            "s3_key": null,
            "s3_object_version": null,
            "signing_job_arn": "",
            "signing_profile_version_arn": "",
            "skip_destroy": false,
            "snap_start": [],
            "source_code_hash": "s6/3/t5sirot3HX2s4NkVEV11jGU4+XMq5T3PVtHKfI=",
            "source_code_size": 893,
            "source_kms_key_arn": "",
            "tags": {},
            "tags_all": {},
            "tenancy_config": [],
            "timeout": 10,
            "timeouts": null,
            "tracing_config": [
              {
                "mode": "PassThrough"
              }
            ],
            "version": "$LATEST",
            "vpc_config": []
          },
          "sensitive_attributes": [],
          "identity_schema_version": 0,
          "identity": {
            "account_id": "072351085675",
            "function_name": "GetGames",
            "region": "us-east-1"
          },
          "private": "eyJlMmJmYjczMC1lY2FhLTExZTYtOGY4OC0zNDM2M2JjN2M0YzAiOnsiY3JlYXRlIjo2MDAwMDAwMDAwMDAsImRlbGV0ZSI6NjAwMDAwMDAwMDAwLCJ1cGRhdGUiOjYwMDAwMDAwMDAwMH19",
          "dependencies": [
            "aws_dynamodb_table.games_table",
            "aws_iam_role.lambda_integration_role",
            "data.archive_file.get_games_zip"
          ]
        }
      ]
    },
    {
      "mode": "managed",
      "type": "aws_lambda_function",
      "name": "server_auth_lambda",
      "provider": "provider[\"registry.terraform.io/hashicorp/aws\"]",
      "instances": [
        {
          "schema_version": 0,
          "attributes": {
            "architectures": [
              "x86_64"
            ],
            "arn": "arn:aws:lambda:us-east-1:072351085675:function:ServerAuthorizer",
            "capacity_provider_config": [],
            "code_sha256": "6F5OZ8eZcsgm5XGR9IJLGMLW8tRxk05TNTAGQbSv+18=",
            "code_signing_config_arn": "",
            "dead_letter_config": [],
            "description": "",
            "durable_config": [],
            "environment": [
              {
                "variables": {
                  "SERVER_SECRET_TOKEN": "peUL5YWy9EFZu8n7DANja5T7ZHI3HdlR"
                }
              }
            ],
            "ephemeral_storage": [
              {
                "size": 512
              }
            ],
            "file_system_config": [],
            "filename": "./exports/lambda/ServerAuthorizer.zip",
            "function_name": "ServerAuthorizer",
            "handler": "index.handler",
            "id": "ServerAuthorizer",
            "image_config": [],
            "image_uri": "",
            "invoke_arn": "arn:aws:apigateway:us-east-1:lambda:path/2015-03-31/functions/arn:aws:lambda:us-east-1:072351085675:function:ServerAuthorizer/invocations",
            "kms_key_arn": "",
            "last_modified": "2026-07-15T13:59:11.000+0000",
            "layers": [],
            "logging_config": [
              {
                "application_log_level": "",
                "log_format": "Text",
                "log_group": "/aws/lambda/ServerAuthorizer",
                "system_log_level": ""
              }
            ],
            "memory_size": 128,
            "package_type": "Zip",
            "publish": false,
            "publish_to": null,
            "qualified_arn": "arn:aws:lambda:us-east-1:072351085675:function:ServerAuthorizer:$LATEST",
            "qualified_invoke_arn": "arn:aws:apigateway:us-east-1:lambda:path/2015-03-31/functions/arn:aws:lambda:us-east-1:072351085675:function:ServerAuthorizer:$LATEST/invocations",
            "region": "us-east-1",
            "replace_security_groups_on_destroy": null,
            "replacement_security_group_ids": null,
            "reserved_concurrent_executions": -1,
            "response_streaming_invoke_arn": "arn:aws:apigateway:us-east-1:lambda:path/2021-11-15/functions/arn:aws:lambda:us-east-1:072351085675:function:ServerAuthorizer/response-streaming-invocations",
            "role": "arn:aws:iam::072351085675:role/poker-authorizer-execution-role",
            "runtime": "nodejs22.x",
            "s3_bucket": null,
            "s3_key": null,
            "s3_object_version": null,
            "signing_job_arn": "",
            "signing_profile_version_arn": "",
            "skip_destroy": false,
            "snap_start": [],
            "source_code_hash": "6F5OZ8eZcsgm5XGR9IJLGMLW8tRxk05TNTAGQbSv+18=",
            "source_code_size": 470,
            "source_kms_key_arn": "",
            "tags": {},
            "tags_all": {},
            "tenancy_config": [],
            "timeout": 5,
            "timeouts": null,
            "tracing_config": [
              {
                "mode": "PassThrough"
              }
            ],
            "version": "$LATEST",
            "vpc_config": []
          },
          "sensitive_attributes": [
            [
              {
                "type": "get_attr",
                "value": "environment"
              },
              {
                "type": "index",
                "value": {
                  "value": 0,
                  "type": "number"
                }
              },
              {
                "type": "get_attr",
                "value": "variables"
              },
              {
                "type": "index",
                "value": {
                  "value": "SERVER_SECRET_TOKEN",
                  "type": "string"
                }
              }
            ]
          ],
          "identity_schema_version": 0,
          "identity": {
            "account_id": "072351085675",
            "function_name": "ServerAuthorizer",
            "region": "us-east-1"
          },
          "private": "eyJlMmJmYjczMC1lY2FhLTExZTYtOGY4OC0zNDM2M2JjN2M0YzAiOnsiY3JlYXRlIjo2MDAwMDAwMDAwMDAsImRlbGV0ZSI6NjAwMDAwMDAwMDAwLCJ1cGRhdGUiOjYwMDAwMDAwMDAwMH19",
          "dependencies": [
            "aws_iam_role.authorizer_lambda_role",
            "data.archive_file.server_auth_zip",
            "random_password.server_api_token"
          ]
        }
      ]
    },
    {
      "mode": "managed",
      "type": "aws_lambda_function",
      "name": "update_game",
      "provider": "provider[\"registry.terraform.io/hashicorp/aws\"]",
      "instances": [
        {
          "schema_version": 0,
          "attributes": {
            "architectures": [
              "x86_64"
            ],
            "arn": "arn:aws:lambda:us-east-1:072351085675:function:UpdateGame",
            "capacity_provider_config": [],
            "code_sha256": "D1dcnxiilSK2SwYsFwIjk9H+I2B0nXiMjeOXZP/grx8=",
            "code_signing_config_arn": "",
            "dead_letter_config": [],
            "description": "",
            "durable_config": [],
            "environment": [
              {
                "variables": {
                  "GAMES_TABLE": "Games",
                  "SERVER_SECRET_TOKEN": "peUL5YWy9EFZu8n7DANja5T7ZHI3HdlR"
                }
              }
            ],
            "ephemeral_storage": [
              {
                "size": 512
              }
            ],
            "file_system_config": [],
            "filename": "./exports/lambda/UpdateGame.zip",
            "function_name": "UpdateGame",
            "handler": "index.handler",
            "id": "UpdateGame",
            "image_config": [],
            "image_uri": "",
            "invoke_arn": "arn:aws:apigateway:us-east-1:lambda:path/2015-03-31/functions/arn:aws:lambda:us-east-1:072351085675:function:UpdateGame/invocations",
            "kms_key_arn": "",
            "last_modified": "2026-07-15T13:59:17.000+0000",
            "layers": [],
            "logging_config": [
              {
                "application_log_level": "",
                "log_format": "Text",
                "log_group": "/aws/lambda/UpdateGame",
                "system_log_level": ""
              }
            ],
            "memory_size": 512,
            "package_type": "Zip",
            "publish": false,
            "publish_to": null,
            "qualified_arn": "arn:aws:lambda:us-east-1:072351085675:function:UpdateGame:$LATEST",
            "qualified_invoke_arn": "arn:aws:apigateway:us-east-1:lambda:path/2015-03-31/functions/arn:aws:lambda:us-east-1:072351085675:function:UpdateGame:$LATEST/invocations",
            "region": "us-east-1",
            "replace_security_groups_on_destroy": null,
            "replacement_security_group_ids": null,
            "reserved_concurrent_executions": -1,
            "response_streaming_invoke_arn": "arn:aws:apigateway:us-east-1:lambda:path/2021-11-15/functions/arn:aws:lambda:us-east-1:072351085675:function:UpdateGame/response-streaming-invocations",
            "role": "arn:aws:iam::072351085675:role/poker-get-account-role",
            "runtime": "nodejs22.x",
            "s3_bucket": null,
            "s3_key": null,
            "s3_object_version": null,
            "signing_job_arn": "",
            "signing_profile_version_arn": "",
            "skip_destroy": false,
            "snap_start": [],
            "source_code_hash": "D1dcnxiilSK2SwYsFwIjk9H+I2B0nXiMjeOXZP/grx8=",
            "source_code_size": 1399,
            "source_kms_key_arn": "",
            "tags": {},
            "tags_all": {},
            "tenancy_config": [],
            "timeout": 10,
            "timeouts": null,
            "tracing_config": [
              {
                "mode": "PassThrough"
              }
            ],
            "version": "$LATEST",
            "vpc_config": []
          },
          "sensitive_attributes": [
            [
              {
                "type": "get_attr",
                "value": "environment"
              },
              {
                "type": "index",
                "value": {
                  "value": 0,
                  "type": "number"
                }
              },
              {
                "type": "get_attr",
                "value": "variables"
              },
              {
                "type": "index",
                "value": {
                  "value": "SERVER_SECRET_TOKEN",
                  "type": "string"
                }
              }
            ]
          ],
          "identity_schema_version": 0,
          "identity": {
            "account_id": "072351085675",
            "function_name": "UpdateGame",
            "region": "us-east-1"
          },
          "private": "eyJlMmJmYjczMC1lY2FhLTExZTYtOGY4OC0zNDM2M2JjN2M0YzAiOnsiY3JlYXRlIjo2MDAwMDAwMDAwMDAsImRlbGV0ZSI6NjAwMDAwMDAwMDAwLCJ1cGRhdGUiOjYwMDAwMDAwMDAwMH19",
          "dependencies": [
            "aws_dynamodb_table.games_table",
            "aws_iam_role.lambda_integration_role",
            "data.archive_file.update_game_zip",
            "random_password.server_api_token"
          ]
        }
      ]
    },
    {
      "mode": "managed",
      "type": "aws_lambda_permission",
      "name": "api_gw_create_game",
      "provider": "provider[\"registry.terraform.io/hashicorp/aws\"]",
      "instances": [
        {
          "schema_version": 0,
          "attributes": {
            "action": "lambda:InvokeFunction",
            "event_source_token": null,
            "function_name": "CreateGame",
            "function_url_auth_type": null,
            "id": "AllowExecutionFromAPIGateway",
            "invoked_via_function_url": null,
            "principal": "apigateway.amazonaws.com",
            "principal_org_id": null,
            "qualifier": "",
            "region": "us-east-1",
            "source_account": null,
            "source_arn": "arn:aws:execute-api:us-east-1:072351085675:q3szamrsj6/*/*/game",
            "statement_id": "AllowExecutionFromAPIGateway",
            "statement_id_prefix": ""
          },
          "sensitive_attributes": [],
          "identity_schema_version": 0,
          "identity": {
            "account_id": "072351085675",
            "function_name": "CreateGame",
            "qualifier": null,
            "region": "us-east-1",
            "statement_id": "AllowExecutionFromAPIGateway"
          },
          "private": "bnVsbA==",
          "dependencies": [
            "aws_apigatewayv2_api.poker_api",
            "aws_dynamodb_table.games_table",
            "aws_iam_instance_profile.ec2_profile",
            "aws_iam_role.ec2_logs_role",
            "aws_iam_role.lambda_integration_role",
            "aws_instance.poker_server",
            "aws_lambda_function.create_game",
            "aws_security_group.alb_sg",
            "aws_security_group.poker_sg",
            "aws_ssm_parameter.cw_agent_config",
            "data.archive_file.create_game_zip",
            "data.aws_vpc.default"
          ]
        }
      ]
    },
    {
      "mode": "managed",
      "type": "aws_lambda_permission",
      "name": "api_gw_get_account",
      "provider": "provider[\"registry.terraform.io/hashicorp/aws\"]",
      "instances": [
        {
          "schema_version": 0,
          "attributes": {
            "action": "lambda:InvokeFunction",
            "event_source_token": null,
            "function_name": "GetAccount",
            "function_url_auth_type": null,
            "id": "AllowExecutionFromAPIGateway",
            "invoked_via_function_url": null,
            "principal": "apigateway.amazonaws.com",
            "principal_org_id": null,
            "qualifier": "",
            "region": "us-east-1",
            "source_account": null,
            "source_arn": "arn:aws:execute-api:us-east-1:072351085675:q3szamrsj6/*/*/account",
            "statement_id": "AllowExecutionFromAPIGateway",
            "statement_id_prefix": ""
          },
          "sensitive_attributes": [],
          "identity_schema_version": 0,
          "identity": {
            "account_id": "072351085675",
            "function_name": "GetAccount",
            "qualifier": null,
            "region": "us-east-1",
            "statement_id": "AllowExecutionFromAPIGateway"
          },
          "private": "bnVsbA==",
          "dependencies": [
            "aws_apigatewayv2_api.poker_api",
            "aws_dynamodb_table.accounts_table",
            "aws_iam_role.lambda_integration_role",
            "aws_lambda_function.get_account",
            "data.archive_file.get_account_zip"
          ]
        }
      ]
    },
    {
      "mode": "managed",
      "type": "aws_lambda_permission",
      "name": "api_gw_get_game",
      "provider": "provider[\"registry.terraform.io/hashicorp/aws\"]",
      "instances": [
        {
          "schema_version": 0,
          "attributes": {
            "action": "lambda:InvokeFunction",
            "event_source_token": null,
            "function_name": "GetGame",
            "function_url_auth_type": null,
            "id": "AllowExecutionFromAPIGateway",
            "invoked_via_function_url": null,
            "principal": "apigateway.amazonaws.com",
            "principal_org_id": null,
            "qualifier": "",
            "region": "us-east-1",
            "source_account": null,
            "source_arn": "arn:aws:execute-api:us-east-1:072351085675:q3szamrsj6/*/*/game",
            "statement_id": "AllowExecutionFromAPIGateway",
            "statement_id_prefix": ""
          },
          "sensitive_attributes": [],
          "identity_schema_version": 0,
          "identity": {
            "account_id": "072351085675",
            "function_name": "GetGame",
            "qualifier": null,
            "region": "us-east-1",
            "statement_id": "AllowExecutionFromAPIGateway"
          },
          "private": "bnVsbA==",
          "dependencies": [
            "aws_apigatewayv2_api.poker_api",
            "aws_dynamodb_table.games_table",
            "aws_iam_role.lambda_integration_role",
            "aws_lambda_function.get_game",
            "data.archive_file.get_game_zip"
          ]
        }
      ]
    },
    {
      "mode": "managed",
      "type": "aws_lambda_permission",
      "name": "api_gw_get_games",
      "provider": "provider[\"registry.terraform.io/hashicorp/aws\"]",
      "instances": [
        {
          "schema_version": 0,
          "attributes": {
            "action": "lambda:InvokeFunction",
            "event_source_token": null,
            "function_name": "GetGames",
            "function_url_auth_type": null,
            "id": "AllowExecutionFromAPIGateway",
            "invoked_via_function_url": null,
            "principal": "apigateway.amazonaws.com",
            "principal_org_id": null,
            "qualifier": "",
            "region": "us-east-1",
            "source_account": null,
            "source_arn": "arn:aws:execute-api:us-east-1:072351085675:q3szamrsj6/*/*/games",
            "statement_id": "AllowExecutionFromAPIGateway",
            "statement_id_prefix": ""
          },
          "sensitive_attributes": [],
          "identity_schema_version": 0,
          "identity": {
            "account_id": "072351085675",
            "function_name": "GetGames",
            "qualifier": null,
            "region": "us-east-1",
            "statement_id": "AllowExecutionFromAPIGateway"
          },
          "private": "bnVsbA==",
          "dependencies": [
            "aws_apigatewayv2_api.poker_api",
            "aws_dynamodb_table.games_table",
            "aws_iam_role.lambda_integration_role",
            "aws_lambda_function.get_games",
            "data.archive_file.get_games_zip"
          ]
        }
      ]
    },
    {
      "mode": "managed",
      "type": "aws_lambda_permission",
      "name": "api_gw_to_auth_lambda",
      "provider": "provider[\"registry.terraform.io/hashicorp/aws\"]",
      "instances": [
        {
          "schema_version": 0,
          "attributes": {
            "action": "lambda:InvokeFunction",
            "event_source_token": null,
            "function_name": "ServerAuthorizer",
            "function_url_auth_type": null,
            "id": "AllowAuthorizerExecutionFromAPIGateway",
            "invoked_via_function_url": null,
            "principal": "apigateway.amazonaws.com",
            "principal_org_id": null,
            "qualifier": "",
            "region": "us-east-1",
            "source_account": null,
            "source_arn": "arn:aws:execute-api:us-east-1:072351085675:q3szamrsj6/*/*",
            "statement_id": "AllowAuthorizerExecutionFromAPIGateway",
            "statement_id_prefix": ""
          },
          "sensitive_attributes": [],
          "identity_schema_version": 0,
          "identity": {
            "account_id": "072351085675",
            "function_name": "ServerAuthorizer",
            "qualifier": null,
            "region": "us-east-1",
            "statement_id": "AllowAuthorizerExecutionFromAPIGateway"
          },
          "private": "bnVsbA==",
          "dependencies": [
            "aws_apigatewayv2_api.poker_api",
            "aws_iam_role.authorizer_lambda_role",
            "aws_lambda_function.server_auth_lambda",
            "data.archive_file.server_auth_zip",
            "random_password.server_api_token"
          ]
        }
      ]
    },
    {
      "mode": "managed",
      "type": "aws_lambda_permission",
      "name": "api_gw_update_game",
      "provider": "provider[\"registry.terraform.io/hashicorp/aws\"]",
      "instances": [
        {
          "schema_version": 0,
          "attributes": {
            "action": "lambda:InvokeFunction",
            "event_source_token": null,
            "function_name": "UpdateGame",
            "function_url_auth_type": null,
            "id": "AllowExecutionFromAPIGateway",
            "invoked_via_function_url": null,
            "principal": "apigateway.amazonaws.com",
            "principal_org_id": null,
            "qualifier": "",
            "region": "us-east-1",
            "source_account": null,
            "source_arn": "arn:aws:execute-api:us-east-1:072351085675:q3szamrsj6/*/*/game/*",
            "statement_id": "AllowExecutionFromAPIGateway",
            "statement_id_prefix": ""
          },
          "sensitive_attributes": [],
          "identity_schema_version": 0,
          "identity": {
            "account_id": "072351085675",
            "function_name": "UpdateGame",
            "qualifier": null,
            "region": "us-east-1",
            "statement_id": "AllowExecutionFromAPIGateway"
          },
          "private": "bnVsbA==",
          "dependencies": [
            "aws_apigatewayv2_api.poker_api",
            "aws_dynamodb_table.games_table",
            "aws_iam_role.lambda_integration_role",
            "aws_lambda_function.update_game",
            "data.archive_file.update_game_zip",
            "random_password.server_api_token"
          ]
        }
      ]
    },
    {
      "mode": "managed",
      "type": "aws_lb",
      "name": "poker_alb",
      "provider": "provider[\"registry.terraform.io/hashicorp/aws\"]",
      "instances": [
        {
          "schema_version": 0,
          "attributes": {
            "access_logs": [
              {
                "bucket": "",
                "enabled": false,
                "prefix": ""
              }
            ],
            "arn": "arn:aws:elasticloadbalancing:us-east-1:072351085675:loadbalancer/app/poker-game-alb/5abec24d9ad32a8b",
            "arn_suffix": "app/poker-game-alb/5abec24d9ad32a8b",
            "client_keep_alive": 3600,
            "connection_logs": [
              {
                "bucket": "",
                "enabled": false,
                "prefix": ""
              }
            ],
            "customer_owned_ipv4_pool": "",
            "desync_mitigation_mode": "defensive",
            "dns_name": "poker-game-alb-1917828768.us-east-1.elb.amazonaws.com",
            "dns_record_client_routing_policy": null,
            "drop_invalid_header_fields": false,
            "enable_cross_zone_load_balancing": true,
            "enable_deletion_protection": false,
            "enable_http2": true,
            "enable_tls_version_and_cipher_suite_headers": false,
            "enable_waf_fail_open": false,
            "enable_xff_client_port": false,
            "enable_zonal_shift": false,
            "enforce_security_group_inbound_rules_on_private_link_traffic": "",
            "health_check_logs": [
              {
                "bucket": "",
                "enabled": false,
                "prefix": ""
              }
            ],
            "id": "arn:aws:elasticloadbalancing:us-east-1:072351085675:loadbalancer/app/poker-game-alb/5abec24d9ad32a8b",
            "idle_timeout": 60,
            "internal": false,
            "ip_address_type": "ipv4",
            "ipam_pools": [],
            "load_balancer_type": "application",
            "minimum_load_balancer_capacity": [],
            "name": "poker-game-alb",
            "name_prefix": "",
            "preserve_host_header": false,
            "region": "us-east-1",
            "secondary_ips_auto_assigned_per_subnet": null,
            "security_groups": [
              "sg-09b0d29f46fab23ba"
            ],
            "subnet_mapping": [
              {
                "allocation_id": "",
                "ipv6_address": "",
                "outpost_id": "",
                "private_ipv4_address": "",
                "subnet_id": "subnet-00a99e58e80dcd297"
              },
              {
                "allocation_id": "",
                "ipv6_address": "",
                "outpost_id": "",
                "private_ipv4_address": "",
                "subnet_id": "subnet-029adf83780c0c188"
              },
              {
                "allocation_id": "",
                "ipv6_address": "",
                "outpost_id": "",
                "private_ipv4_address": "",
                "subnet_id": "subnet-05ab6777fe891e660"
              },
              {
                "allocation_id": "",
                "ipv6_address": "",
                "outpost_id": "",
                "private_ipv4_address": "",
                "subnet_id": "subnet-064f257f5ebc1222a"
              },
              {
                "allocation_id": "",
                "ipv6_address": "",
                "outpost_id": "",
                "private_ipv4_address": "",
                "subnet_id": "subnet-08f23715afe198ffa"
              },
              {
                "allocation_id": "",
                "ipv6_address": "",
                "outpost_id": "",
                "private_ipv4_address": "",
                "subnet_id": "subnet-0b72afa47198e13ed"
              }
            ],
            "subnets": [
              "subnet-00a99e58e80dcd297",
              "subnet-029adf83780c0c188",
              "subnet-05ab6777fe891e660",
              "subnet-064f257f5ebc1222a",
              "subnet-08f23715afe198ffa",
              "subnet-0b72afa47198e13ed"
            ],
            "tags": {
              "Name": "PokerGameALB"
            },
            "tags_all": {
              "Name": "PokerGameALB"
            },
            "timeouts": null,
            "vpc_id": "vpc-0cca4587cb26d6420",
            "xff_header_processing_mode": "append",
            "zone_id": "Z35SXDOTRQ7X7K"
          },
          "sensitive_attributes": [],
          "identity_schema_version": 0,
          "identity": {
            "arn": "arn:aws:elasticloadbalancing:us-east-1:072351085675:loadbalancer/app/poker-game-alb/5abec24d9ad32a8b"
          },
          "private": "eyJlMmJmYjczMC1lY2FhLTExZTYtOGY4OC0zNDM2M2JjN2M0YzAiOnsiY3JlYXRlIjo2MDAwMDAwMDAwMDAsImRlbGV0ZSI6NjAwMDAwMDAwMDAwLCJ1cGRhdGUiOjYwMDAwMDAwMDAwMH19",
          "dependencies": [
            "aws_security_group.alb_sg",
            "data.aws_subnets.default_public",
            "data.aws_vpc.default"
          ]
        }
      ]
    },
    {
      "mode": "managed",
      "type": "aws_lb_listener",
      "name": "https_secure",
      "provider": "provider[\"registry.terraform.io/hashicorp/aws\"]",
      "instances": [
        {
          "schema_version": 0,
          "attributes": {
            "alpn_policy": null,
            "arn": "arn:aws:elasticloadbalancing:us-east-1:072351085675:listener/app/poker-game-alb/5abec24d9ad32a8b/985b39b9696ca5c2",
            "certificate_arn": "arn:aws:acm:us-east-1:072351085675:certificate/f82aae2e-2588-4899-b0dd-9e1ff1d38e07",
            "default_action": [
              {
                "authenticate_cognito": [],
                "authenticate_oidc": [],
                "fixed_response": [],
                "forward": [],
                "jwt_validation": [],
                "order": 1,
                "redirect": [],
                "target_group_arn": "arn:aws:elasticloadbalancing:us-east-1:072351085675:targetgroup/poker-ec2-target-8000/b6779b3997497515",
                "type": "forward"
              }
            ],
            "id": "arn:aws:elasticloadbalancing:us-east-1:072351085675:listener/app/poker-game-alb/5abec24d9ad32a8b/985b39b9696ca5c2",
            "load_balancer_arn": "arn:aws:elasticloadbalancing:us-east-1:072351085675:loadbalancer/app/poker-game-alb/5abec24d9ad32a8b",
            "mutual_authentication": [
              {
                "advertise_trust_store_ca_names": "",
                "ignore_client_certificate_expiry": false,
                "mode": "off",
                "trust_store_arn": ""
              }
            ],
            "port": 443,
            "protocol": "HTTPS",
            "region": "us-east-1",
            "routing_http_request_x_amzn_mtls_clientcert_header_name": "",
            "routing_http_request_x_amzn_mtls_clientcert_issuer_header_name": "",
            "routing_http_request_x_amzn_mtls_clientcert_leaf_header_name": "",
            "routing_http_request_x_amzn_mtls_clientcert_serial_number_header_name": "",
            "routing_http_request_x_amzn_mtls_clientcert_subject_header_name": "",
            "routing_http_request_x_amzn_mtls_clientcert_validity_header_name": "",
            "routing_http_request_x_amzn_tls_cipher_suite_header_name": "",
            "routing_http_request_x_amzn_tls_version_header_name": "",
            "routing_http_response_access_control_allow_credentials_header_value": "",
            "routing_http_response_access_control_allow_headers_header_value": "",
            "routing_http_response_access_control_allow_methods_header_value": "",
            "routing_http_response_access_control_allow_origin_header_value": "",
            "routing_http_response_access_control_expose_headers_header_value": "",
            "routing_http_response_access_control_max_age_header_value": "",
            "routing_http_response_content_security_policy_header_value": "",
            "routing_http_response_server_enabled": true,
            "routing_http_response_strict_transport_security_header_value": "",
            "routing_http_response_x_content_type_options_header_value": "",
            "routing_http_response_x_frame_options_header_value": "",
            "ssl_policy": "ELBSecurityPolicy-2016-08",
            "tags": {},
            "tags_all": {},
            "tcp_idle_timeout_seconds": null,
            "timeouts": null
          },
          "sensitive_attributes": [],
          "identity_schema_version": 0,
          "identity": {
            "arn": "arn:aws:elasticloadbalancing:us-east-1:072351085675:listener/app/poker-game-alb/5abec24d9ad32a8b/985b39b9696ca5c2"
          },
          "private": "eyJlMmJmYjczMC1lY2FhLTExZTYtOGY4OC0zNDM2M2JjN2M0YzAiOnsiY3JlYXRlIjozMDAwMDAwMDAwMDAsInVwZGF0ZSI6MzAwMDAwMDAwMDAwfX0=",
          "dependencies": [
            "aws_lb.poker_alb",
            "aws_lb_target_group.poker_ec2_8000",
            "aws_security_group.alb_sg",
            "data.aws_acm_certificate.poker_cert",
            "data.aws_subnets.default_public",
            "data.aws_vpc.default"
          ]
        }
      ]
    },
    {
      "mode": "managed",
      "type": "aws_lb_target_group",
      "name": "poker_ec2_8000",
      "provider": "provider[\"registry.terraform.io/hashicorp/aws\"]",
      "instances": [
        {
          "schema_version": 0,
          "attributes": {
            "arn": "arn:aws:elasticloadbalancing:us-east-1:072351085675:targetgroup/poker-ec2-target-8000/b6779b3997497515",
            "arn_suffix": "targetgroup/poker-ec2-target-8000/b6779b3997497515",
            "connection_termination": null,
            "deregistration_delay": "300",
            "health_check": [
              {
                "enabled": true,
                "healthy_threshold": 2,
                "interval": 30,
                "matcher": "200-499",
                "path": "/",
                "port": "8000",
                "protocol": "HTTP",
                "timeout": 5,
                "unhealthy_threshold": 2
              }
            ],
            "id": "arn:aws:elasticloadbalancing:us-east-1:072351085675:targetgroup/poker-ec2-target-8000/b6779b3997497515",
            "ip_address_type": "ipv4",
            "lambda_multi_value_headers_enabled": false,
            "load_balancer_arns": [
              "arn:aws:elasticloadbalancing:us-east-1:072351085675:loadbalancer/app/poker-game-alb/5abec24d9ad32a8b"
            ],
            "load_balancing_algorithm_type": "round_robin",
            "load_balancing_anomaly_mitigation": "off",
            "load_balancing_cross_zone_enabled": "use_load_balancer_configuration",
            "name": "poker-ec2-target-8000",
            "name_prefix": "",
            "port": 8000,
            "preserve_client_ip": null,
            "protocol": "HTTP",
            "protocol_version": "HTTP1",
            "proxy_protocol_v2": false,
            "region": "us-east-1",
            "slow_start": 0,
            "stickiness": [
              {
                "cookie_duration": 86400,
                "cookie_name": "",
                "enabled": false,
                "type": "lb_cookie"
              }
            ],
            "tags": {},
            "tags_all": {},
            "target_control_port": 0,
            "target_failover": [
              {
                "on_deregistration": null,
                "on_unhealthy": null
              }
            ],
            "target_group_health": [
              {
                "dns_failover": [
                  {
                    "minimum_healthy_targets_count": "1",
                    "minimum_healthy_targets_percentage": "off"
                  }
                ],
                "unhealthy_state_routing": [
                  {
                    "minimum_healthy_targets_count": 1,
                    "minimum_healthy_targets_percentage": "off"
                  }
                ]
              }
            ],
            "target_health_state": [
              {
                "enable_unhealthy_connection_termination": null,
                "unhealthy_draining_interval": null
              }
            ],
            "target_type": "instance",
            "vpc_id": "vpc-0cca4587cb26d6420"
          },
          "sensitive_attributes": [],
          "identity_schema_version": 0,
          "identity": {
            "arn": "arn:aws:elasticloadbalancing:us-east-1:072351085675:targetgroup/poker-ec2-target-8000/b6779b3997497515"
          },
          "private": "bnVsbA==",
          "dependencies": [
            "data.aws_vpc.default"
          ]
        }
      ]
    },
    {
      "mode": "managed",
      "type": "aws_lb_target_group_attachment",
      "name": "poker_attachment",
      "provider": "provider[\"registry.terraform.io/hashicorp/aws\"]",
      "instances": [
        {
          "schema_version": 0,
          "attributes": {
            "availability_zone": null,
            "id": "arn:aws:elasticloadbalancing:us-east-1:072351085675:targetgroup/poker-ec2-target-8000/b6779b3997497515,i-038274696909ee7f0,8000",
            "port": 8000,
            "quic_server_id": null,
            "region": "us-east-1",
            "target_group_arn": "arn:aws:elasticloadbalancing:us-east-1:072351085675:targetgroup/poker-ec2-target-8000/b6779b3997497515",
            "target_id": "i-038274696909ee7f0"
          },
          "sensitive_attributes": [],
          "identity_schema_version": 0,
          "identity": {
            "account_id": "072351085675",
            "availability_zone": null,
            "port": 8000,
            "quic_server_id": null,
            "region": "us-east-1",
            "target_group_arn": "arn:aws:elasticloadbalancing:us-east-1:072351085675:targetgroup/poker-ec2-target-8000/b6779b3997497515",
            "target_id": "i-038274696909ee7f0"
          },
          "private": "bnVsbA==",
          "dependencies": [
            "aws_dynamodb_table.games_table",
            "aws_iam_instance_profile.ec2_profile",
            "aws_iam_role.ec2_logs_role",
            "aws_instance.poker_server",
            "aws_lb_target_group.poker_ec2_8000",
            "aws_security_group.alb_sg",
            "aws_security_group.poker_sg",
            "aws_ssm_parameter.cw_agent_config",
            "data.aws_vpc.default"
          ]
        }
      ]
    },
    {
      "mode": "managed",
      "type": "aws_route53_record",
      "name": "api_gateway",
      "provider": "provider[\"registry.terraform.io/hashicorp/aws\"]",
      "instances": [
        {
          "schema_version": 2,
          "attributes": {
            "alias": [
              {
                "evaluate_target_health": true,
                "name": "d-8nddnduhli.execute-api.us-east-1.amazonaws.com",
                "zone_id": "Z1UJRXOUMOOFQ8"
              }
            ],
            "allow_overwrite": null,
            "cidr_routing_policy": [],
            "failover_routing_policy": [],
            "fqdn": "api.mikechucktingle.net",
            "geolocation_routing_policy": [],
            "geoproximity_routing_policy": [],
            "health_check_id": "",
            "id": "Z0053251XXT1FWAUMZOS_api.mikechucktingle.net_A",
            "latency_routing_policy": [],
            "multivalue_answer_routing_policy": false,
            "name": "api.mikechucktingle.net",
            "records": [],
            "set_identifier": "",
            "timeouts": null,
            "ttl": 0,
            "type": "A",
            "weighted_routing_policy": [],
            "zone_id": "Z0053251XXT1FWAUMZOS"
          },
          "sensitive_attributes": [],
          "identity_schema_version": 0,
          "identity": {
            "account_id": "072351085675",
            "name": "api.mikechucktingle.net",
            "set_identifier": null,
            "type": "A",
            "zone_id": "Z0053251XXT1FWAUMZOS"
          },
          "private": "eyJlMmJmYjczMC1lY2FhLTExZTYtOGY4OC0zNDM2M2JjN2M0YzAiOnsiY3JlYXRlIjoxODAwMDAwMDAwMDAwLCJkZWxldGUiOjE4MDAwMDAwMDAwMDAsInVwZGF0ZSI6MTgwMDAwMDAwMDAwMH0sInNjaGVtYV92ZXJzaW9uIjoiMiJ9",
          "dependencies": [
            "aws_apigatewayv2_domain_name.poker_api_domain",
            "data.aws_acm_certificate.poker_cert",
            "data.aws_route53_zone.main"
          ]
        }
      ]
    },
    {
      "mode": "managed",
      "type": "aws_route53_record",
      "name": "cognito_login_alias",
      "provider": "provider[\"registry.terraform.io/hashicorp/aws\"]",
      "instances": [
        {
          "schema_version": 2,
          "attributes": {
            "alias": [
              {
                "evaluate_target_health": false,
                "name": "dfhhg4w04ckuo.cloudfront.net",
                "zone_id": "Z2FDTNDATAQYW2"
              }
            ],
            "allow_overwrite": null,
            "cidr_routing_policy": [],
            "failover_routing_policy": [],
            "fqdn": "auth.mikechucktingle.net",
            "geolocation_routing_policy": [],
            "geoproximity_routing_policy": [],
            "health_check_id": "",
            "id": "Z0053251XXT1FWAUMZOS_auth.mikechucktingle.net_A",
            "latency_routing_policy": [],
            "multivalue_answer_routing_policy": false,
            "name": "auth.mikechucktingle.net",
            "records": [],
            "set_identifier": "",
            "timeouts": null,
            "ttl": 0,
            "type": "A",
            "weighted_routing_policy": [],
            "zone_id": "Z0053251XXT1FWAUMZOS"
          },
          "sensitive_attributes": [],
          "identity_schema_version": 0,
          "identity": {
            "account_id": "072351085675",
            "name": "auth.mikechucktingle.net",
            "set_identifier": null,
            "type": "A",
            "zone_id": "Z0053251XXT1FWAUMZOS"
          },
          "private": "eyJlMmJmYjczMC1lY2FhLTExZTYtOGY4OC0zNDM2M2JjN2M0YzAiOnsiY3JlYXRlIjoxODAwMDAwMDAwMDAwLCJkZWxldGUiOjE4MDAwMDAwMDAwMDAsInVwZGF0ZSI6MTgwMDAwMDAwMDAwMH0sInNjaGVtYV92ZXJzaW9uIjoiMiJ9",
          "dependencies": [
            "aws_cognito_user_pool.poker_pool",
            "aws_cognito_user_pool_domain.poker_domain",
            "data.aws_acm_certificate.poker_cert",
            "data.aws_route53_zone.main"
          ]
        }
      ]
    },
    {
      "mode": "managed",
      "type": "aws_route53_record",
      "name": "game_server",
      "provider": "provider[\"registry.terraform.io/hashicorp/aws\"]",
      "instances": [
        {
          "schema_version": 2,
          "attributes": {
            "alias": [
              {
                "evaluate_target_health": true,
                "name": "poker-game-alb-1917828768.us-east-1.elb.amazonaws.com",
                "zone_id": "Z35SXDOTRQ7X7K"
              }
            ],
            "allow_overwrite": null,
            "cidr_routing_policy": [],
            "failover_routing_policy": [],
            "fqdn": "server.mikechucktingle.net",
            "geolocation_routing_policy": [],
            "geoproximity_routing_policy": [],
            "health_check_id": "",
            "id": "Z0053251XXT1FWAUMZOS_server.mikechucktingle.net_A",
            "latency_routing_policy": [],
            "multivalue_answer_routing_policy": false,
            "name": "server.mikechucktingle.net",
            "records": [],
            "set_identifier": "",
            "timeouts": null,
            "ttl": 0,
            "type": "A",
            "weighted_routing_policy": [],
            "zone_id": "Z0053251XXT1FWAUMZOS"
          },
          "sensitive_attributes": [],
          "identity_schema_version": 0,
          "identity": {
            "account_id": "072351085675",
            "name": "server.mikechucktingle.net",
            "set_identifier": null,
            "type": "A",
            "zone_id": "Z0053251XXT1FWAUMZOS"
          },
          "private": "eyJlMmJmYjczMC1lY2FhLTExZTYtOGY4OC0zNDM2M2JjN2M0YzAiOnsiY3JlYXRlIjoxODAwMDAwMDAwMDAwLCJkZWxldGUiOjE4MDAwMDAwMDAwMDAsInVwZGF0ZSI6MTgwMDAwMDAwMDAwMH0sInNjaGVtYV92ZXJzaW9uIjoiMiJ9",
          "dependencies": [
            "aws_lb.poker_alb",
            "aws_security_group.alb_sg",
            "data.aws_route53_zone.main",
            "data.aws_subnets.default_public",
            "data.aws_vpc.default"
          ]
        }
      ]
    },
    {
      "mode": "managed",
      "type": "aws_route53_record",
      "name": "poker_frontend",
      "provider": "provider[\"registry.terraform.io/hashicorp/aws\"]",
      "instances": [
        {
          "schema_version": 2,
          "attributes": {
            "alias": [
              {
                "evaluate_target_health": false,
                "name": "ddfh2856132nt.cloudfront.net",
                "zone_id": "Z2FDTNDATAQYW2"
              }
            ],
            "allow_overwrite": null,
            "cidr_routing_policy": [],
            "failover_routing_policy": [],
            "fqdn": "poker.mikechucktingle.net",
            "geolocation_routing_policy": [],
            "geoproximity_routing_policy": [],
            "health_check_id": "",
            "id": "Z0053251XXT1FWAUMZOS_poker.mikechucktingle.net_A",
            "latency_routing_policy": [],
            "multivalue_answer_routing_policy": false,
            "name": "poker.mikechucktingle.net",
            "records": [],
            "set_identifier": "",
            "timeouts": null,
            "ttl": 0,
            "type": "A",
            "weighted_routing_policy": [],
            "zone_id": "Z0053251XXT1FWAUMZOS"
          },
          "sensitive_attributes": [],
          "identity_schema_version": 0,
          "identity": {
            "account_id": "072351085675",
            "name": "poker.mikechucktingle.net",
            "set_identifier": null,
            "type": "A",
            "zone_id": "Z0053251XXT1FWAUMZOS"
          },
          "private": "eyJlMmJmYjczMC1lY2FhLTExZTYtOGY4OC0zNDM2M2JjN2M0YzAiOnsiY3JlYXRlIjoxODAwMDAwMDAwMDAwLCJkZWxldGUiOjE4MDAwMDAwMDAwMDAsInVwZGF0ZSI6MTgwMDAwMDAwMDAwMH0sInNjaGVtYV92ZXJzaW9uIjoiMiJ9",
          "dependencies": [
            "aws_cloudfront_distribution.poker_cdn",
            "aws_cloudfront_origin_access_control.poker_oac",
            "aws_cloudfront_origin_request_policy.godot_requests",
            "aws_cloudfront_response_headers_policy.godot_response",
            "aws_cognito_user_pool.poker_pool",
            "aws_cognito_user_pool_client.poker_client",
            "aws_iam_role.lambda_edge_auth_role",
            "aws_lambda_function.server_edge_auth_lambda",
            "aws_lb.poker_alb",
            "aws_s3_bucket.poker_bucket",
            "aws_security_group.alb_sg",
            "data.archive_file.server_edge_auth_zip",
            "data.aws_acm_certificate.poker_cert",
            "data.aws_cloudfront_function.redirect_to_index",
            "data.aws_route53_zone.main",
            "data.aws_subnets.default_public",
            "data.aws_vpc.default"
          ]
        }
      ]
    },
    {
      "mode": "managed",
      "type": "aws_s3_bucket",
      "name": "poker_bucket",
      "provider": "provider[\"registry.terraform.io/hashicorp/aws\"]",
      "instances": [
        {
          "schema_version": 0,
          "attributes": {
            "acceleration_status": "",
            "acl": null,
            "arn": "arn:aws:s3:::chuckycodes-poker-game",
            "bucket": "chuckycodes-poker-game",
            "bucket_domain_name": "chuckycodes-poker-game.s3.amazonaws.com",
            "bucket_namespace": "global",
            "bucket_prefix": "",
            "bucket_region": "us-east-1",
            "bucket_regional_domain_name": "chuckycodes-poker-game.s3.us-east-1.amazonaws.com",
            "cors_rule": [
              {
                "allowed_headers": [
                  "*"
                ],
                "allowed_methods": [
                  "GET"
                ],
                "allowed_origins": [
                  "https://ddfh2856132nt.cloudfront.net",
                  "https://poker.mikechucktingle.net"
                ],
                "expose_headers": [],
                "max_age_seconds": 3000
              }
            ],
            "force_destroy": true,
            "grant": [
              {
                "id": "b0310c725476453a202000443c33d5c7235695ff0adb78854a0ad7109cd40719",
                "permissions": [
                  "FULL_CONTROL"
                ],
                "type": "CanonicalUser",
                "uri": ""
              }
            ],
            "hosted_zone_id": "Z3AQBSTGFYJSTF",
            "id": "chuckycodes-poker-game",
            "lifecycle_rule": [],
            "logging": [],
            "object_lock_configuration": [],
            "object_lock_enabled": false,
            "policy": "{\"Statement\":[{\"Action\":\"s3:GetObject\",\"Condition\":{\"StringEquals\":{\"AWS:SourceArn\":\"arn:aws:cloudfront::072351085675:distribution/E1SJ2O1VFU30SP\"}},\"Effect\":\"Allow\",\"Principal\":{\"Service\":\"cloudfront.amazonaws.com\"},\"Resource\":\"arn:aws:s3:::chuckycodes-poker-game/*\"}],\"Version\":\"2012-10-17\"}",
            "region": "us-east-1",
            "replication_configuration": [],
            "request_payer": "BucketOwner",
            "server_side_encryption_configuration": [
              {
                "rule": [
                  {
                    "apply_server_side_encryption_by_default": [
                      {
                        "kms_master_key_id": "",
                        "sse_algorithm": "AES256"
                      }
                    ],
                    "bucket_key_enabled": true
                  }
                ]
              }
            ],
            "tags": {},
            "tags_all": {},
            "timeouts": null,
            "versioning": [
              {
                "enabled": false,
                "mfa_delete": false
              }
            ],
            "website": [],
            "website_domain": null,
            "website_endpoint": null
          },
          "sensitive_attributes": [],
          "identity_schema_version": 0,
          "identity": {
            "account_id": "072351085675",
            "bucket": "chuckycodes-poker-game",
            "region": "us-east-1"
          },
          "private": "eyJlMmJmYjczMC1lY2FhLTExZTYtOGY4OC0zNDM2M2JjN2M0YzAiOnsiY3JlYXRlIjoxMjAwMDAwMDAwMDAwLCJkZWxldGUiOjM2MDAwMDAwMDAwMDAsInJlYWQiOjEyMDAwMDAwMDAwMDAsInVwZGF0ZSI6MTIwMDAwMDAwMDAwMH19"
        }
      ]
    },
    {
      "mode": "managed",
      "type": "aws_s3_bucket_cors_configuration",
      "name": "poker_cors",
      "provider": "provider[\"registry.terraform.io/hashicorp/aws\"]",
      "instances": [
        {
          "schema_version": 0,
          "attributes": {
            "bucket": "chuckycodes-poker-game",
            "cors_rule": [
              {
                "allowed_headers": [
                  "*"
                ],
                "allowed_methods": [
                  "GET"
                ],
                "allowed_origins": [
                  "https://ddfh2856132nt.cloudfront.net",
                  "https://poker.mikechucktingle.net"
                ],
                "expose_headers": [],
                "id": "",
                "max_age_seconds": 3000
              }
            ],
            "expected_bucket_owner": "",
            "id": "chuckycodes-poker-game",
            "region": "us-east-1"
          },
          "sensitive_attributes": [],
          "identity_schema_version": 1,
          "identity": {
            "account_id": "072351085675",
            "bucket": "chuckycodes-poker-game",
            "region": "us-east-1"
          },
          "private": "bnVsbA==",
          "dependencies": [
            "aws_cloudfront_distribution.poker_cdn",
            "aws_cloudfront_origin_access_control.poker_oac",
            "aws_cloudfront_origin_request_policy.godot_requests",
            "aws_cloudfront_response_headers_policy.godot_response",
            "aws_cognito_user_pool.poker_pool",
            "aws_cognito_user_pool_client.poker_client",
            "aws_iam_role.lambda_edge_auth_role",
            "aws_lambda_function.server_edge_auth_lambda",
            "aws_lb.poker_alb",
            "aws_s3_bucket.poker_bucket",
            "aws_security_group.alb_sg",
            "data.archive_file.server_edge_auth_zip",
            "data.aws_acm_certificate.poker_cert",
            "data.aws_cloudfront_function.redirect_to_index",
            "data.aws_subnets.default_public",
            "data.aws_vpc.default"
          ]
        }
      ]
    },
    {
      "mode": "managed",
      "type": "aws_s3_bucket_policy",
      "name": "poker_bucket_policy",
      "provider": "provider[\"registry.terraform.io/hashicorp/aws\"]",
      "instances": [
        {
          "schema_version": 0,
          "attributes": {
            "bucket": "chuckycodes-poker-game",
            "id": "chuckycodes-poker-game",
            "policy": "{\"Statement\":[{\"Action\":\"s3:GetObject\",\"Condition\":{\"StringEquals\":{\"AWS:SourceArn\":\"arn:aws:cloudfront::072351085675:distribution/E1SJ2O1VFU30SP\"}},\"Effect\":\"Allow\",\"Principal\":{\"Service\":\"cloudfront.amazonaws.com\"},\"Resource\":\"arn:aws:s3:::chuckycodes-poker-game/*\"}],\"Version\":\"2012-10-17\"}",
            "region": "us-east-1"
          },
          "sensitive_attributes": [],
          "identity_schema_version": 0,
          "identity": {
            "account_id": "072351085675",
            "bucket": "chuckycodes-poker-game",
            "region": "us-east-1"
          },
          "private": "bnVsbA==",
          "dependencies": [
            "aws_cloudfront_distribution.poker_cdn",
            "aws_cloudfront_origin_access_control.poker_oac",
            "aws_cloudfront_origin_request_policy.godot_requests",
            "aws_cloudfront_response_headers_policy.godot_response",
            "aws_cognito_user_pool.poker_pool",
            "aws_cognito_user_pool_client.poker_client",
            "aws_iam_role.lambda_edge_auth_role",
            "aws_lambda_function.server_edge_auth_lambda",
            "aws_lb.poker_alb",
            "aws_s3_bucket.poker_bucket",
            "aws_security_group.alb_sg",
            "data.archive_file.server_edge_auth_zip",
            "data.aws_acm_certificate.poker_cert",
            "data.aws_cloudfront_function.redirect_to_index",
            "data.aws_subnets.default_public",
            "data.aws_vpc.default"
          ]
        }
      ]
    },
    {
      "mode": "managed",
      "type": "aws_s3_bucket_public_access_block",
      "name": "poker_bucket_block",
      "provider": "provider[\"registry.terraform.io/hashicorp/aws\"]",
      "instances": [
        {
          "schema_version": 0,
          "attributes": {
            "block_public_acls": true,
            "block_public_policy": true,
            "bucket": "chuckycodes-poker-game",
            "id": "chuckycodes-poker-game",
            "ignore_public_acls": true,
            "region": "us-east-1",
            "restrict_public_buckets": true,
            "skip_destroy": null
          },
          "sensitive_attributes": [],
          "identity_schema_version": 0,
          "identity": {
            "account_id": "072351085675",
            "bucket": "chuckycodes-poker-game",
            "region": "us-east-1"
          },
          "private": "bnVsbA==",
          "dependencies": [
            "aws_s3_bucket.poker_bucket"
          ]
        }
      ]
    },
    {
      "mode": "managed",
      "type": "aws_security_group",
      "name": "alb_sg",
      "provider": "provider[\"registry.terraform.io/hashicorp/aws\"]",
      "instances": [
        {
          "schema_version": 1,
          "attributes": {
            "arn": "arn:aws:ec2:us-east-1:072351085675:security-group/sg-09b0d29f46fab23ba",
            "description": "Public edge entry point for secure HTTPS/WSS traffic",
            "egress": [
              {
                "cidr_blocks": [
                  "0.0.0.0/0"
                ],
                "description": "",
                "from_port": 0,
                "ipv6_cidr_blocks": [],
                "prefix_list_ids": [],
                "protocol": "-1",
                "security_groups": [],
                "self": false,
                "to_port": 0
              }
            ],
            "id": "sg-09b0d29f46fab23ba",
            "ingress": [
              {
                "cidr_blocks": [
                  "0.0.0.0/0"
                ],
                "description": "",
                "from_port": 443,
                "ipv6_cidr_blocks": [],
                "prefix_list_ids": [],
                "protocol": "tcp",
                "security_groups": [],
                "self": false,
                "to_port": 443
              }
            ],
            "name": "poker-alb-sg",
            "name_prefix": "",
            "owner_id": "072351085675",
            "region": "us-east-1",
            "revoke_rules_on_delete": false,
            "tags": {},
            "tags_all": {},
            "timeouts": null,
            "vpc_id": "vpc-0cca4587cb26d6420"
          },
          "sensitive_attributes": [],
          "identity_schema_version": 0,
          "identity": {
            "account_id": "072351085675",
            "id": "sg-09b0d29f46fab23ba",
            "region": "us-east-1"
          },
          "private": "eyJlMmJmYjczMC1lY2FhLTExZTYtOGY4OC0zNDM2M2JjN2M0YzAiOnsiY3JlYXRlIjo2MDAwMDAwMDAwMDAsImRlbGV0ZSI6OTAwMDAwMDAwMDAwfSwic2NoZW1hX3ZlcnNpb24iOiIxIn0=",
          "dependencies": [
            "data.aws_vpc.default"
          ]
        }
      ]
    },
    {
      "mode": "managed",
      "type": "aws_security_group",
      "name": "poker_sg",
      "provider": "provider[\"registry.terraform.io/hashicorp/aws\"]",
      "instances": [
        {
          "schema_version": 1,
          "attributes": {
            "arn": "arn:aws:ec2:us-east-1:072351085675:security-group/sg-00744698e0bf0353c",
            "description": "Nginx front door",
            "egress": [
              {
                "cidr_blocks": [
                  "0.0.0.0/0"
                ],
                "description": "",
                "from_port": 0,
                "ipv6_cidr_blocks": [],
                "prefix_list_ids": [],
                "protocol": "-1",
                "security_groups": [],
                "self": false,
                "to_port": 0
              }
            ],
            "id": "sg-00744698e0bf0353c",
            "ingress": [
              {
                "cidr_blocks": [],
                "description": "",
                "from_port": 8000,
                "ipv6_cidr_blocks": [],
                "prefix_list_ids": [],
                "protocol": "tcp",
                "security_groups": [
                  "sg-09b0d29f46fab23ba"
                ],
                "self": false,
                "to_port": 8000
              }
            ],
            "name": "poker-game-sg",
            "name_prefix": "",
            "owner_id": "072351085675",
            "region": "us-east-1",
            "revoke_rules_on_delete": false,
            "tags": {},
            "tags_all": {},
            "timeouts": null,
            "vpc_id": "vpc-0cca4587cb26d6420"
          },
          "sensitive_attributes": [],
          "identity_schema_version": 0,
          "identity": {
            "account_id": "072351085675",
            "id": "sg-00744698e0bf0353c",
            "region": "us-east-1"
          },
          "private": "eyJlMmJmYjczMC1lY2FhLTExZTYtOGY4OC0zNDM2M2JjN2M0YzAiOnsiY3JlYXRlIjo2MDAwMDAwMDAwMDAsImRlbGV0ZSI6OTAwMDAwMDAwMDAwfSwic2NoZW1hX3ZlcnNpb24iOiIxIn0=",
          "dependencies": [
            "aws_security_group.alb_sg",
            "data.aws_vpc.default"
          ]
        }
      ]
    },
    {
      "mode": "managed",
      "type": "aws_ssm_parameter",
      "name": "cw_agent_config",
      "provider": "provider[\"registry.terraform.io/hashicorp/aws\"]",
      "instances": [
        {
          "schema_version": 0,
          "attributes": {
            "allowed_pattern": "",
            "arn": "arn:aws:ssm:us-east-1:072351085675:parameter/amazon-cloudwatch-agent-config",
            "data_type": "text",
            "description": "",
            "has_value_wo": false,
            "id": "amazon-cloudwatch-agent-config",
            "insecure_value": null,
            "key_id": "",
            "name": "amazon-cloudwatch-agent-config",
            "overwrite": null,
            "region": "us-east-1",
            "tags": {},
            "tags_all": {},
            "tier": "Standard",
            "type": "String",
            "value": "{\"logs\":{\"logs_collected\":{\"files\":{\"collect_list\":[{\"file_path\":\"/home/ec2-user/logs/orchestrator.log\",\"log_group_name\":\"/apps/poker-game\",\"log_stream_name\":\"{instance_id}-orchestrator\"}]}}},\"metrics\":{\"metrics_collected\":{\"mem\":{\"measurement\":[\"mem_used_percent\"],\"metrics_collection_interval\":60}}}}",
            "value_wo": null,
            "value_wo_version": null,
            "version": 9
          },
          "sensitive_attributes": [
            [
              {
                "type": "get_attr",
                "value": "value"
              }
            ],
            [
              {
                "type": "get_attr",
                "value": "value_wo"
              }
            ]
          ],
          "identity_schema_version": 0,
          "identity": {
            "account_id": "072351085675",
            "name": "amazon-cloudwatch-agent-config",
            "region": "us-east-1"
          },
          "private": "bnVsbA=="
        }
      ]
    },
    {
      "mode": "managed",
      "type": "aws_ssm_parameter",
      "name": "server_api_token",
      "provider": "provider[\"registry.terraform.io/hashicorp/aws\"]",
      "instances": [
        {
          "schema_version": 0,
          "attributes": {
            "allowed_pattern": "",
            "arn": "arn:aws:ssm:us-east-1:072351085675:parameter/poker/server/api_token",
            "data_type": "text",
            "description": "Private token for EC2 to bypass public user authentication gates",
            "has_value_wo": false,
            "id": "/poker/server/api_token",
            "insecure_value": null,
            "key_id": "alias/aws/ssm",
            "name": "/poker/server/api_token",
            "overwrite": null,
            "region": "us-east-1",
            "tags": {},
            "tags_all": {},
            "tier": "Standard",
            "type": "SecureString",
            "value": "peUL5YWy9EFZu8n7DANja5T7ZHI3HdlR",
            "value_wo": null,
            "value_wo_version": null,
            "version": 1
          },
          "sensitive_attributes": [
            [
              {
                "type": "get_attr",
                "value": "value"
              }
            ],
            [
              {
                "type": "get_attr",
                "value": "value_wo"
              }
            ]
          ],
          "identity_schema_version": 0,
          "identity": {
            "account_id": "072351085675",
            "name": "/poker/server/api_token",
            "region": "us-east-1"
          },
          "private": "bnVsbA==",
          "dependencies": [
            "random_password.server_api_token"
          ]
        }
      ]
    },
    {
      "mode": "managed",
      "type": "random_password",
      "name": "server_api_token",
      "provider": "provider[\"registry.terraform.io/hashicorp/random\"]",
      "instances": [
        {
          "schema_version": 3,
          "attributes": {
            "bcrypt_hash": "$2a$10$c2ppo6LLoOFfFqU1.hunG.DkaIpLFuWsGydG7QsJ8QdErmgyoeojO",
            "id": "none",
            "keepers": null,
            "length": 32,
            "lower": true,
            "min_lower": 0,
            "min_numeric": 0,
            "min_special": 0,
            "min_upper": 0,
            "number": true,
            "numeric": true,
            "override_special": null,
            "result": "peUL5YWy9EFZu8n7DANja5T7ZHI3HdlR",
            "special": false,
            "upper": true
          },
          "sensitive_attributes": [
            [
              {
                "type": "get_attr",
                "value": "bcrypt_hash"
              }
            ],
            [
              {
                "type": "get_attr",
                "value": "result"
              }
            ]
          ],
          "identity_schema_version": 0
        }
      ]
    }
  ],
  "check_results": null
}
