{
  "version": 4,
  "terraform_version": "1.15.1",
  "serial": 258,
  "lineage": "02673287-27b0-8e53-8c2e-552d245227e7",
  "outputs": {},
  "resources": [
    {
      "mode": "data",
      "type": "archive_file",
      "name": "create_game_zip",
      "provider": "provider[\"registry.terraform.io/hashicorp/archive\"]",
      "instances": [
        {
          "schema_version": 0,
          "attributes": {
            "exclude_symlink_directories": null,
            "excludes": null,
            "id": "898f4a3c4e03673ccda58225660ff850e17fa455",
            "output_base64sha256": "Av1RCH1EzbxxHhrkiXD0j2Kl7cOt7fNA0LhC6HdBZa4=",
            "output_base64sha512": "7t9TOhF7uquAjhLZLmos0/IpKcnrVVoPT30OuZa96zuLH+eM86CZfW3S6gKBvPwa8fqlc/Nxxe1fng84jaAXsg==",
            "output_file_mode": null,
            "output_md5": "923e95b43157884377d3d6f5cba8db52",
            "output_path": "./exports/lambda/CreateGame.zip",
            "output_sha": "898f4a3c4e03673ccda58225660ff850e17fa455",
            "output_sha256": "02fd51087d44cdbc711e1ae48970f48f62a5edc3adedf340d0b842e8774165ae",
            "output_sha512": "eedf533a117bbaab808e12d92e6a2cd3f22929c9eb555a0f4f7d0eb996bdeb3b8b1fe78cf3a0997d6dd2ea0281bcfc1af1faa573f371c5ed5f9e0f388da017b2",
            "output_size": 1871,
            "source": [],
            "source_content": null,
            "source_content_filename": null,
            "source_dir": "./../src/functions/CreateGame",
            "source_file": null,
            "type": "zip"
          },
          "sensitive_attributes": [],
          "identity_schema_version": 0
        }
      ]
    },
    {
      "mode": "data",
      "type": "archive_file",
      "name": "get_account_zip",
      "provider": "provider[\"registry.terraform.io/hashicorp/archive\"]",
      "instances": [
        {
          "schema_version": 0,
          "attributes": {
            "exclude_symlink_directories": null,
            "excludes": null,
            "id": "016bb5bc24c0a7835e195f94ecc9bfa86f1bcd35",
            "output_base64sha256": "rqjoEz58MaCKTtTHuGyuR1tmEQj/5bj1bjW2bIvZ9Vc=",
            "output_base64sha512": "SCHyLokKVuL2GeoyuiSk+U/wv1x+rC4xqJOs/flvy8jFjkcjmuSwwVFYQIuIbtXCNRxlFpBtRb34VrFKAoGUgA==",
            "output_file_mode": null,
            "output_md5": "7f83cb4a05cd7c06f41174b3cda26128",
            "output_path": "./exports/lambda/GetAccount.zip",
            "output_sha": "016bb5bc24c0a7835e195f94ecc9bfa86f1bcd35",
            "output_sha256": "aea8e8133e7c31a08a4ed4c7b86cae475b661108ffe5b8f56e35b66c8bd9f557",
            "output_sha512": "4821f22e890a56e2f619ea32ba24a4f94ff0bf5c7eac2e31a893acfdf96fcbc8c58e47239ae4b0c15158408b886ed5c2351c6516906d45bdf856b14a02819480",
            "output_size": 961,
            "source": [],
            "source_content": null,
            "source_content_filename": null,
            "source_dir": "./../src/functions/GetAccount",
            "source_file": null,
            "type": "zip"
          },
          "sensitive_attributes": [],
          "identity_schema_version": 0
        }
      ]
    },
    {
      "mode": "data",
      "type": "archive_file",
      "name": "lambda_zip",
      "provider": "provider[\"registry.terraform.io/hashicorp/archive\"]",
      "instances": [
        {
          "schema_version": 0,
          "attributes": {
            "exclude_symlink_directories": null,
            "excludes": null,
            "id": "d7e4a97dab4232a0f63012f082a02b9e35e1606c",
            "output_base64sha256": "CdUj/3dMDE57yXe8QRIVT4LzE3ey1lgtTvJhubuf8Gk=",
            "output_base64sha512": "z1AU9WtHw8JJxzlXC2szJifVU988VBNUv97Jr/x0P24YflyBv4xG+daCDC/jvpJkNLty8EANAJEErmdw+fTwxg==",
            "output_file_mode": null,
            "output_md5": "ebef96777e34c9aa230e04bfc82fb31c",
            "output_path": "./exports/lambda/auth_edge.zip",
            "output_sha": "d7e4a97dab4232a0f63012f082a02b9e35e1606c",
            "output_sha256": "09d523ff774c0c4e7bc977bc4112154f82f31377b2d6582d4ef261b9bb9ff069",
            "output_sha512": "cf5014f56b47c3c249c739570b6b332627d553df3c541354bfdec9affc743f6e187e5c81bf8c46f9d6820c2fe3be926434bb72f0400d009104ae6770f9f4f0c6",
            "output_size": 1310,
            "source": [
              {
                "content": "const REGION = \"us-east-1\";\r\nconst USER_POOL_ID = \"us-east-1_P0kvE7vF4\";\r\nconst APP_CLIENT_ID = \"5nke82c4g3l1256jkhve4vivk3\";\r\n\r\nconst JWKS_URL = `https://cognito-idp.${REGION}.amazonaws.com/${USER_POOL_ID}/.well-known/jwks.json`;\r\n\r\nlet cachedKeys = null;\r\n\r\nasync function getPublicKey(kid) {\r\n    if (!cachedKeys) {\r\n        const response = await fetch(JWKS_URL);\r\n        const jwks = await response.json();\r\n        cachedKeys = jwks.keys;\r\n    }\r\n    return cachedKeys.find(key =\u003e key.kid === kid);\r\n}\r\n\r\n// Helper to convert JWK to CryptoKey\r\nasync function importKey(jwk) {\r\n    return await crypto.subtle.importKey(\r\n        \"jwk\",\r\n        jwk,\r\n        { name: \"RSASSA-PKCS1-v1_5\", hash: \"SHA-256\" },\r\n        false,\r\n        [\"verify\"]\r\n    );\r\n}\r\n\r\nexports.handler = async (event) =\u003e {\r\n    const request = event.Records[0].cf.request;\r\n    const headers = request.headers;\r\n\r\n    // 1. Get Token from Header or Cookie\r\n    let token = '';\r\n    if (headers.authorization) {\r\n        token = headers.authorization[0].value.replace('Bearer ', '');\r\n    } else if (headers.cookie) {\r\n        const authCookie = headers.cookie[0].value.split('; ').find(c =\u003e c.startsWith('poker_token='));\r\n        if (authCookie) token = authCookie.split('=')[1];\r\n    }\r\n\r\n    if (!token) return { status: '401', body: 'Missing Token' };\r\n\r\n    try {\r\n        const [headerB64, payloadB64, signatureB64] = token.split('.');\r\n        const header = JSON.parse(atob(headerB64));\r\n        const payload = JSON.parse(atob(payloadB64));\r\n\r\n        // 2. Basic Claims Validation\r\n        if (payload.iss !== `https://cognito-idp.${REGION}.amazonaws.com/${USER_POOL_ID}`) throw new Error('Wrong Issuer');\r\n        if (payload.exp \u003c Math.floor(Date.now() / 1000)) throw new Error('Token Expired');\r\n        // If using ID tokens, check 'aud'. If Access tokens, check 'client_id'.\r\n        if (payload.aud !== APP_CLIENT_ID \u0026\u0026 payload.client_id !== APP_CLIENT_ID) throw new Error('Wrong Audience');\r\n\r\n        // 3. Cryptographic Signature Verification\r\n        const jwk = await getPublicKey(header.kid);\r\n        if (!jwk) throw new Error('Key Not Found');\r\n\r\n        const cryptoKey = await importKey(jwk);\r\n        const data = new TextEncoder().encode(headerB64 + \".\" + payloadB64);\r\n        const signature = Uint8Array.from(atob(signatureB64.replace(/-/g, '+').replace(/_/g, '/')), c =\u003e c.charCodeAt(0));\r\n\r\n        const isValid = await crypto.subtle.verify(\"RSASSA-PKCS1-v1_5\", cryptoKey, signature, data);\r\n\r\n        if (isValid) return request;\r\n        throw new Error('Invalid Signature');\r\n\r\n    } catch (err) {\r\n        console.error('Auth Error:', err.message);\r\n        return { status: '401', body: 'Unauthorized' };\r\n    }\r\n};",
                "filename": "index.js"
              }
            ],
            "source_content": null,
            "source_content_filename": null,
            "source_dir": null,
            "source_file": null,
            "type": "zip"
          },
          "sensitive_attributes": [],
          "identity_schema_version": 0
        }
      ]
    },
    {
      "mode": "data",
      "type": "aws_acm_certificate",
      "name": "poker_cert",
      "provider": "provider[\"registry.terraform.io/hashicorp/aws\"]",
      "instances": [
        {
          "schema_version": 0,
          "attributes": {
            "arn": "arn:aws:acm:us-east-1:072351085675:certificate/f82aae2e-2588-4899-b0dd-9e1ff1d38e07",
            "certificate": "-----BEGIN CERTIFICATE-----\nMIIF3zCCBMegAwIBAgIQCslC1ws+SVHlW5r+q4imEjANBgkqhkiG9w0BAQsFADA8\nMQswCQYDVQQGEwJVUzEPMA0GA1UEChMGQW1hem9uMRwwGgYDVQQDExNBbWF6b24g\nUlNBIDIwNDggTTA0MB4XDTI2MDMxODAwMDAwMFoXDTI2MTAwMTIzNTk1OVowHjEc\nMBoGA1UEAxMTbWlrZWNodWNrdGluZ2xlLm5ldDCCASIwDQYJKoZIhvcNAQEBBQAD\nggEPADCCAQoCggEBALIl7O8eBCfTvkFr65erKMmeR+3AaExTEcoe0mdHQxMSa9Uj\nXW9Si9g4X6Gi9pNknyjByG9uOUl0s9zmaLXUANv9zb+tOf2JBVvJ0oC9Zh9jB2YW\nXZxChVmiQNHzlC42dK29SGlwTnUxIoWypMpSKOMq8KnQ40pG68wBqj4r9/hJtjOV\n0H71SFu94FO23hG1MdV+ucyd3511zhSlZfsJ48kk89ZisRXcSne4GNgXBmkO0vuV\nwr2B8VtHhRE7BEH63l9tzbRT4av1+zRM/ymNQcpf2aqvOXOQVrGXG89pAyzXLL0g\nieWOSyPFKJZUZmJ8rJiYnTUkZxvqAX+A7GcvX0kCAwEAAaOCAvkwggL1MB8GA1Ud\nIwQYMBaAFB9SkmFWglR/gWbYHT0KqjJch90IMB0GA1UdDgQWBBQOMpGwTM1LEYu6\nE5+XXl/NRspQcjA1BgNVHREELjAsghNtaWtlY2h1Y2t0aW5nbGUubmV0ghUqLm1p\na2VjaHVja3RpbmdsZS5uZXQwEwYDVR0gBAwwCjAIBgZngQwBAgEwDgYDVR0PAQH/\nBAQDAgWgMBMGA1UdJQQMMAoGCCsGAQUFBwMBMDsGA1UdHwQ0MDIwMKAuoCyGKmh0\ndHA6Ly9jcmwucjJtMDQuYW1hem9udHJ1c3QuY29tL3IybTA0LmNybDB1BggrBgEF\nBQcBAQRpMGcwLQYIKwYBBQUHMAGGIWh0dHA6Ly9vY3NwLnIybTA0LmFtYXpvbnRy\ndXN0LmNvbTA2BggrBgEFBQcwAoYqaHR0cDovL2NydC5yMm0wNC5hbWF6b250cnVz\ndC5jb20vcjJtMDQuY2VyMAwGA1UdEwEB/wQCMAAwggF+BgorBgEEAdZ5AgQCBIIB\nbgSCAWoBaAB2AMIxfldFGaNF7n843rKQQevHwiFaIr9/1bWtdprZDlLNAAABnQJl\n8M0AAAQDAEcwRQIgDumhWQ/d777ehjUzhR8187p6Vq9wFYTf7dp8kwXlfyQCIQCz\nAarFUUsoOPHZq17Rim9JsBoChxScLermAqGxVrXUrwB2ANdtfRDRp/V3wsfpX9cA\nv/mCyTNaZeHQswFzF8DIxWl3AAABnQJl8KIAAAQDAEcwRQIhANTkuhyvjhdnOZTx\nnLidX4RafFGTxBvmWBJ2K5mW8rrbAiAnRL6uDeRhokseJlnP3sTuurTD6RWRssfu\noNY5vtmkEwB2AJROQ4f67MHvgfMZJCaoGGUBx9NfOAIBP3JnfVU3LhnYAAABnQJl\n8OoAAAQDAEcwRQIhAJxIATpd7alKEaIXp9N77nNj47E/6792/0SynGol0x1KAiAg\nfleELxZOKE7HmP4Cpo/ghqoMhMbwkCcJ/RxxlgwaKDANBgkqhkiG9w0BAQsFAAOC\nAQEAlAOaQxm++t3aJTcSa41D0HjV5YYXl2lCR+b15Uo2OnsJZ9sAAh1X5efXUDRf\nykfV+dnRE+Oe8jjbCoPdOXFJl1GO0vG3I/dPS9UAKnWTUn+dHCcPUrtzdEypFzEF\nGuc0Gedd9WS2hGoRxgYc2GyQOA483If5pj1ENozA7CQP5WjbHoceIGeDTfO+DObU\n1Sd7zxh9nd2/ZjmQFQZxFP/E2b1KG2Q6J+GC337ct+n+fNtsJyvJaXBt1o8o231X\nJMJj29t2lpo2C0DjrdZYVhWkjiBmWDjlWR+hpZ48TECEmTscnH7bqYtbY075PHum\n7rc871LPFDuxDhjs8xFXk/079w==\n-----END CERTIFICATE-----\n",
            "certificate_chain": "-----BEGIN CERTIFICATE-----\nMIIEXjCCA0agAwIBAgITB3MSTyqVLj7Rili9uF0bwM5fJzANBgkqhkiG9w0BAQsF\nADA5MQswCQYDVQQGEwJVUzEPMA0GA1UEChMGQW1hem9uMRkwFwYDVQQDExBBbWF6\nb24gUm9vdCBDQSAxMB4XDTIyMDgyMzIyMjYzNVoXDTMwMDgyMzIyMjYzNVowPDEL\nMAkGA1UEBhMCVVMxDzANBgNVBAoTBkFtYXpvbjEcMBoGA1UEAxMTQW1hem9uIFJT\nQSAyMDQ4IE0wNDCCASIwDQYJKoZIhvcNAQEBBQADggEPADCCAQoCggEBAM3pVR6A\nlQOp4xe776FdePXyejgA38mYx1ou9/jrpV6Sfn+/oqBKgwhY6ePsQHHQayWBJdBn\nv4Wz363qRI4XUh9swBFJ11TnZ3LqOMvHmWq2+loA0QPtOfXdJ2fHBLrBrngtJ/GB\n0p5olAVYrSZgvQGP16Rf8ddtNyxEEhYm3HuhmNi+vSeAq1tLYJPAvRCXonTpWdSD\nxY6hvdmxlqTYi82AtBXSfpGQ58HHM0hw0C6aQakghrwWi5fGslLOqzpimNMIsT7c\nqa0GJx6JfKqJqmQQNplO2h8n9ZsFJgBowof01ppdoLAWg6caMOM0om/VILKaa30F\n9W/r8Qjah7ltGVkCAwEAAaOCAVowggFWMBIGA1UdEwEB/wQIMAYBAf8CAQAwDgYD\nVR0PAQH/BAQDAgGGMB0GA1UdJQQWMBQGCCsGAQUFBwMBBggrBgEFBQcDAjAdBgNV\nHQ4EFgQUH1KSYVaCVH+BZtgdPQqqMlyH3QgwHwYDVR0jBBgwFoAUhBjMhTTsvAyU\nlC4IWZzHshBOCggwewYIKwYBBQUHAQEEbzBtMC8GCCsGAQUFBzABhiNodHRwOi8v\nb2NzcC5yb290Y2ExLmFtYXpvbnRydXN0LmNvbTA6BggrBgEFBQcwAoYuaHR0cDov\nL2NydC5yb290Y2ExLmFtYXpvbnRydXN0LmNvbS9yb290Y2ExLmNlcjA/BgNVHR8E\nODA2MDSgMqAwhi5odHRwOi8vY3JsLnJvb3RjYTEuYW1hem9udHJ1c3QuY29tL3Jv\nb3RjYTEuY3JsMBMGA1UdIAQMMAowCAYGZ4EMAQIBMA0GCSqGSIb3DQEBCwUAA4IB\nAQA+1O5UsAaNuW3lHzJtpNGwBnZd9QEYFtxpiAnIaV4qApnGS9OCw5ZPwie7YSlD\nZF5yyFPsFhUC2Q9uJHY/CRV1b5hIiGH0+6+w5PgKiY1MWuWT8VAaJjFxvuhM7a/e\nfN2TIw1Wd6WCl6YRisunjQOrSP+unqC8A540JNyZ1JOE3jVqat3OZBGgMvihdj2w\nY23EpwesrKiQzkHzmvSH67PVW4ycbPy08HVZnBxZ5NrlGG9bwXR3fNTaz+c+Ej6c\n5AnwI3qkOFgSkg3Y75cdFz6pO/olK+e3AqygAcv0WjzmkDPuBjssuZjCHMC56oH3\nGJkV29Di2j5prHJbwZjG1inU\n-----END CERTIFICATE-----\n-----BEGIN CERTIFICATE-----\nMIIEkjCCA3qgAwIBAgITBn+USionzfP6wq4rAfkI7rnExjANBgkqhkiG9w0BAQsF\nADCBmDELMAkGA1UEBhMCVVMxEDAOBgNVBAgTB0FyaXpvbmExEzARBgNVBAcTClNj\nb3R0c2RhbGUxJTAjBgNVBAoTHFN0YXJmaWVsZCBUZWNobm9sb2dpZXMsIEluYy4x\nOzA5BgNVBAMTMlN0YXJmaWVsZCBTZXJ2aWNlcyBSb290IENlcnRpZmljYXRlIEF1\ndGhvcml0eSAtIEcyMB4XDTE1MDUyNTEyMDAwMFoXDTM3MTIzMTAxMDAwMFowOTEL\nMAkGA1UEBhMCVVMxDzANBgNVBAoTBkFtYXpvbjEZMBcGA1UEAxMQQW1hem9uIFJv\nb3QgQ0EgMTCCASIwDQYJKoZIhvcNAQEBBQADggEPADCCAQoCggEBALJ4gHHKeNXj\nca9HgFB0fW7Y14h29Jlo91ghYPl0hAEvrAIthtOgQ3pOsqTQNroBvo3bSMgHFzZM\n9O6II8c+6zf1tRn4SWiw3te5djgdYZ6k/oI2peVKVuRF4fn9tBb6dNqcmzU5L/qw\nIFAGbHrQgLKm+a/sRxmPUDgH3KKHOVj4utWp+UhnMJbulHheb4mjUcAwhmahRWa6\nVOujw5H5SNz/0egwLX0tdHA114gk957EWW67c4cX8jJGKLhD+rcdqsq08p8kDi1L\n93FcXmn/6pUCyziKrlA4b9v7LWIbxcceVOF34GfID5yHI9Y/QCB/IIDEgEw+OyQm\njgSubJrIqg0CAwEAAaOCATEwggEtMA8GA1UdEwEB/wQFMAMBAf8wDgYDVR0PAQH/\nBAQDAgGGMB0GA1UdDgQWBBSEGMyFNOy8DJSULghZnMeyEE4KCDAfBgNVHSMEGDAW\ngBScXwDfqgHXMCs4iKK4bUqc8hGRgzB4BggrBgEFBQcBAQRsMGowLgYIKwYBBQUH\nMAGGImh0dHA6Ly9vY3NwLnJvb3RnMi5hbWF6b250cnVzdC5jb20wOAYIKwYBBQUH\nMAKGLGh0dHA6Ly9jcnQucm9vdGcyLmFtYXpvbnRydXN0LmNvbS9yb290ZzIuY2Vy\nMD0GA1UdHwQ2MDQwMqAwoC6GLGh0dHA6Ly9jcmwucm9vdGcyLmFtYXpvbnRydXN0\nLmNvbS9yb290ZzIuY3JsMBEGA1UdIAQKMAgwBgYEVR0gADANBgkqhkiG9w0BAQsF\nAAOCAQEAYjdCXLwQtT6LLOkMm2xF4gcAevnFWAu5CIw+7bMlPLVvUOTNNWqnkzSW\nMiGpSESrnO09tKpzbeR/FoCJbM8oAxiDR3mjEH4wW6w7sGDgd9QIpuEdfF7Au/ma\neyKdpwAJfqxGF4PcnCZXmTA5YpaP7dreqsXMGz7KQ2hsVxa81Q4gLv7/wmpdLqBK\nbRRYh5TmOTFffHPLkIhqhBGWJ6bt2YFGpn6jcgAKUj6DiAdjd4lpFw85hdKrCEVN\n0FE6/V1dN2RMfjCyVSRCnTawXZwXgWHxyvkQAiSr6w10kY17RSlQOYiypok1JR4U\nakcjMS9cmvqtmg5iUaQqqcT5NJ0hGA==\n-----END CERTIFICATE-----\n",
            "domain": "mikechucktingle.net",
            "id": "arn:aws:acm:us-east-1:072351085675:certificate/f82aae2e-2588-4899-b0dd-9e1ff1d38e07",
            "key_types": null,
            "most_recent": false,
            "region": "us-east-1",
            "status": "ISSUED",
            "statuses": [
              "ISSUED"
            ],
            "tags": {},
            "types": null
          },
          "sensitive_attributes": [],
          "identity_schema_version": 0
        }
      ]
    },
    {
      "mode": "data",
      "type": "aws_cloudfront_function",
      "name": "redirect_to_index",
      "provider": "provider[\"registry.terraform.io/hashicorp/aws\"]",
      "instances": [
        {
          "schema_version": 0,
          "attributes": {
            "arn": "arn:aws:cloudfront::072351085675:function/RedirectToIndex",
            "code": "function handler(event) {\n    var request = event.request;\n    var uri = request.uri || \"/\";\n\n    // 1) If it's clearly a file (has a dot in the last path segment), pass through.\n    //    e.g. /app.js, /images/logo.png, /assets/app.1234.css, /robots.txt\n    var lastSlash = uri.lastIndexOf(\"/\");\n    var lastSegment = lastSlash \u003e= 0 ? uri.substring(lastSlash + 1) : uri;\n    if (lastSegment.indexOf(\".\") !== -1) {\n        return request;\n    }\n\n    // 2) If it ends with a slash, point to that folder's index.html\n    //    e.g. /docs/  -\u003e /docs/index.html\n    if (uri.endsWith(\"/\")) {\n        request.uri = uri + \"index.html\";\n        return request;\n    }\n\n    // 3) Otherwise, treat it as a client-side route and map to /index.html\n    //    e.g. /dashboard -\u003e /index.html  (URL bar stays /dashboard)\n    request.uri = \"/index.html\";\n    return request;\n}\n",
            "comment": "",
            "etag": "E3UN6WX5RRO2AG",
            "id": "RedirectToIndex",
            "key_value_store_associations": [],
            "last_modified_time": "2025-11-09T04:12:35Z",
            "name": "RedirectToIndex",
            "runtime": "cloudfront-js-2.0",
            "stage": "LIVE",
            "status": "DEPLOYED"
          },
          "sensitive_attributes": [],
          "identity_schema_version": 0
        }
      ]
    },
    {
      "mode": "data",
      "type": "aws_route53_zone",
      "name": "main",
      "provider": "provider[\"registry.terraform.io/hashicorp/aws\"]",
      "instances": [
        {
          "schema_version": 0,
          "attributes": {
            "arn": "arn:aws:route53:::hostedzone/Z0053251XXT1FWAUMZOS",
            "caller_reference": "RISWorkflow-RD:3c3939f0-8f31-4c1c-8b3f-06d586d8c2ba",
            "comment": "HostedZone created by Route53 Registrar",
            "enable_accelerated_recovery": false,
            "id": "Z0053251XXT1FWAUMZOS",
            "linked_service_description": null,
            "linked_service_principal": null,
            "name": "mikechucktingle.net",
            "name_servers": [
              "ns-517.awsdns-00.net",
              "ns-1291.awsdns-33.org",
              "ns-1908.awsdns-46.co.uk",
              "ns-145.awsdns-18.com"
            ],
            "primary_name_server": "ns-517.awsdns-00.net",
            "private_zone": false,
            "resource_record_set_count": 8,
            "tags": {},
            "vpc_id": null,
            "zone_id": "Z0053251XXT1FWAUMZOS"
          },
          "sensitive_attributes": [],
          "identity_schema_version": 0
        }
      ]
    },
    {
      "mode": "data",
      "type": "template_file",
      "name": "lambda_source",
      "provider": "provider[\"registry.terraform.io/hashicorp/template\"]",
      "instances": [
        {
          "schema_version": 0,
          "attributes": {
            "filename": null,
            "id": "759f1b325e56997aeccef032a7aa5f5982ab1168a5ada5a2f23d019c592b2052",
            "rendered": "const REGION = \"us-east-1\";\r\nconst USER_POOL_ID = \"us-east-1_P0kvE7vF4\";\r\nconst APP_CLIENT_ID = \"5nke82c4g3l1256jkhve4vivk3\";\r\n\r\nconst JWKS_URL = `https://cognito-idp.${REGION}.amazonaws.com/${USER_POOL_ID}/.well-known/jwks.json`;\r\n\r\nlet cachedKeys = null;\r\n\r\nasync function getPublicKey(kid) {\r\n    if (!cachedKeys) {\r\n        const response = await fetch(JWKS_URL);\r\n        const jwks = await response.json();\r\n        cachedKeys = jwks.keys;\r\n    }\r\n    return cachedKeys.find(key =\u003e key.kid === kid);\r\n}\r\n\r\n// Helper to convert JWK to CryptoKey\r\nasync function importKey(jwk) {\r\n    return await crypto.subtle.importKey(\r\n        \"jwk\",\r\n        jwk,\r\n        { name: \"RSASSA-PKCS1-v1_5\", hash: \"SHA-256\" },\r\n        false,\r\n        [\"verify\"]\r\n    );\r\n}\r\n\r\nexports.handler = async (event) =\u003e {\r\n    const request = event.Records[0].cf.request;\r\n    const headers = request.headers;\r\n\r\n    // 1. Get Token from Header or Cookie\r\n    let token = '';\r\n    if (headers.authorization) {\r\n        token = headers.authorization[0].value.replace('Bearer ', '');\r\n    } else if (headers.cookie) {\r\n        const authCookie = headers.cookie[0].value.split('; ').find(c =\u003e c.startsWith('poker_token='));\r\n        if (authCookie) token = authCookie.split('=')[1];\r\n    }\r\n\r\n    if (!token) return { status: '401', body: 'Missing Token' };\r\n\r\n    try {\r\n        const [headerB64, payloadB64, signatureB64] = token.split('.');\r\n        const header = JSON.parse(atob(headerB64));\r\n        const payload = JSON.parse(atob(payloadB64));\r\n\r\n        // 2. Basic Claims Validation\r\n        if (payload.iss !== `https://cognito-idp.${REGION}.amazonaws.com/${USER_POOL_ID}`) throw new Error('Wrong Issuer');\r\n        if (payload.exp \u003c Math.floor(Date.now() / 1000)) throw new Error('Token Expired');\r\n        // If using ID tokens, check 'aud'. If Access tokens, check 'client_id'.\r\n        if (payload.aud !== APP_CLIENT_ID \u0026\u0026 payload.client_id !== APP_CLIENT_ID) throw new Error('Wrong Audience');\r\n\r\n        // 3. Cryptographic Signature Verification\r\n        const jwk = await getPublicKey(header.kid);\r\n        if (!jwk) throw new Error('Key Not Found');\r\n\r\n        const cryptoKey = await importKey(jwk);\r\n        const data = new TextEncoder().encode(headerB64 + \".\" + payloadB64);\r\n        const signature = Uint8Array.from(atob(signatureB64.replace(/-/g, '+').replace(/_/g, '/')), c =\u003e c.charCodeAt(0));\r\n\r\n        const isValid = await crypto.subtle.verify(\"RSASSA-PKCS1-v1_5\", cryptoKey, signature, data);\r\n\r\n        if (isValid) return request;\r\n        throw new Error('Invalid Signature');\r\n\r\n    } catch (err) {\r\n        console.error('Auth Error:', err.message);\r\n        return { status: '401', body: 'Unauthorized' };\r\n    }\r\n};",
            "template": "const REGION = \"${region}\";\r\nconst USER_POOL_ID = \"${user_pool_id}\";\r\nconst APP_CLIENT_ID = \"${app_client_id}\";\r\n\r\nconst JWKS_URL = `https://cognito-idp.$${REGION}.amazonaws.com/$${USER_POOL_ID}/.well-known/jwks.json`;\r\n\r\nlet cachedKeys = null;\r\n\r\nasync function getPublicKey(kid) {\r\n    if (!cachedKeys) {\r\n        const response = await fetch(JWKS_URL);\r\n        const jwks = await response.json();\r\n        cachedKeys = jwks.keys;\r\n    }\r\n    return cachedKeys.find(key =\u003e key.kid === kid);\r\n}\r\n\r\n// Helper to convert JWK to CryptoKey\r\nasync function importKey(jwk) {\r\n    return await crypto.subtle.importKey(\r\n        \"jwk\",\r\n        jwk,\r\n        { name: \"RSASSA-PKCS1-v1_5\", hash: \"SHA-256\" },\r\n        false,\r\n        [\"verify\"]\r\n    );\r\n}\r\n\r\nexports.handler = async (event) =\u003e {\r\n    const request = event.Records[0].cf.request;\r\n    const headers = request.headers;\r\n\r\n    // 1. Get Token from Header or Cookie\r\n    let token = '';\r\n    if (headers.authorization) {\r\n        token = headers.authorization[0].value.replace('Bearer ', '');\r\n    } else if (headers.cookie) {\r\n        const authCookie = headers.cookie[0].value.split('; ').find(c =\u003e c.startsWith('poker_token='));\r\n        if (authCookie) token = authCookie.split('=')[1];\r\n    }\r\n\r\n    if (!token) return { status: '401', body: 'Missing Token' };\r\n\r\n    try {\r\n        const [headerB64, payloadB64, signatureB64] = token.split('.');\r\n        const header = JSON.parse(atob(headerB64));\r\n        const payload = JSON.parse(atob(payloadB64));\r\n\r\n        // 2. Basic Claims Validation\r\n        if (payload.iss !== `https://cognito-idp.$${REGION}.amazonaws.com/$${USER_POOL_ID}`) throw new Error('Wrong Issuer');\r\n        if (payload.exp \u003c Math.floor(Date.now() / 1000)) throw new Error('Token Expired');\r\n        // If using ID tokens, check 'aud'. If Access tokens, check 'client_id'.\r\n        if (payload.aud !== APP_CLIENT_ID \u0026\u0026 payload.client_id !== APP_CLIENT_ID) throw new Error('Wrong Audience');\r\n\r\n        // 3. Cryptographic Signature Verification\r\n        const jwk = await getPublicKey(header.kid);\r\n        if (!jwk) throw new Error('Key Not Found');\r\n\r\n        const cryptoKey = await importKey(jwk);\r\n        const data = new TextEncoder().encode(headerB64 + \".\" + payloadB64);\r\n        const signature = Uint8Array.from(atob(signatureB64.replace(/-/g, '+').replace(/_/g, '/')), c =\u003e c.charCodeAt(0));\r\n\r\n        const isValid = await crypto.subtle.verify(\"RSASSA-PKCS1-v1_5\", cryptoKey, signature, data);\r\n\r\n        if (isValid) return request;\r\n        throw new Error('Invalid Signature');\r\n\r\n    } catch (err) {\r\n        console.error('Auth Error:', err.message);\r\n        return { status: '401', body: 'Unauthorized' };\r\n    }\r\n};",
            "vars": {
              "app_client_id": "5nke82c4g3l1256jkhve4vivk3",
              "region": "us-east-1",
              "user_pool_id": "us-east-1_P0kvE7vF4"
            }
          },
          "sensitive_attributes": [],
          "identity_schema_version": 0
        }
      ]
    },
    {
      "mode": "managed",
      "type": "aws_apigatewayv2_api",
      "name": "poker_api",
      "provider": "provider[\"registry.terraform.io/hashicorp/aws\"]",
      "instances": [
        {
          "schema_version": 0,
          "attributes": {
            "api_endpoint": "https://q3szamrsj6.execute-api.us-east-1.amazonaws.com",
            "api_key_selection_expression": "$request.header.x-api-key",
            "arn": "arn:aws:apigateway:us-east-1::/apis/q3szamrsj6",
            "body": null,
            "cors_configuration": [
              {
                "allow_credentials": true,
                "allow_headers": [
                  "authorization",
                  "content-type"
                ],
                "allow_methods": [
                  "DELETE",
                  "GET",
                  "OPTIONS",
                  "POST",
                  "PUT"
                ],
                "allow_origins": [
                  "http://localhost:5173",
                  "https://poker.mikechucktingle.net"
                ],
                "expose_headers": [],
                "max_age": 0
              }
            ],
            "credentials_arn": null,
            "description": "",
            "disable_execute_api_endpoint": false,
            "execution_arn": "arn:aws:execute-api:us-east-1:072351085675:q3szamrsj6",
            "fail_on_warnings": null,
            "id": "q3szamrsj6",
            "ip_address_type": "ipv4",
            "name": "PokerAPI",
            "protocol_type": "HTTP",
            "region": "us-east-1",
            "route_key": null,
            "route_selection_expression": "$request.method $request.path",
            "tags": {},
            "tags_all": {},
            "target": null,
            "version": ""
          },
          "sensitive_attributes": [],
          "identity_schema_version": 0,
          "identity": {
            "account_id": "072351085675",
            "id": "q3szamrsj6",
            "region": "us-east-1"
          },
          "private": "bnVsbA=="
        }
      ]
    },
    {
      "mode": "managed",
      "type": "aws_apigatewayv2_api_mapping",
      "name": "poker_mapping",
      "provider": "provider[\"registry.terraform.io/hashicorp/aws\"]",
      "instances": [
        {
          "schema_version": 0,
          "attributes": {
            "api_id": "q3szamrsj6",
            "api_mapping_key": "",
            "domain_name": "api.mikechucktingle.net",
            "id": "qgfci4",
            "region": "us-east-1",
            "stage": "dev"
          },
          "sensitive_attributes": [],
          "identity_schema_version": 0,
          "private": "bnVsbA==",
          "dependencies": [
            "aws_apigatewayv2_api.poker_api",
            "aws_apigatewayv2_domain_name.poker_api_domain",
            "aws_apigatewayv2_stage.dev",
            "data.aws_acm_certificate.poker_cert"
          ]
        }
      ]
    },
    {
      "mode": "managed",
      "type": "aws_apigatewayv2_authorizer",
      "name": "cognito_auth",
      "provider": "provider[\"registry.terraform.io/hashicorp/aws\"]",
      "instances": [
        {
          "schema_version": 0,
          "attributes": {
            "api_id": "q3szamrsj6",
            "authorizer_credentials_arn": "",
            "authorizer_payload_format_version": "",
            "authorizer_result_ttl_in_seconds": 0,
            "authorizer_type": "JWT",
            "authorizer_uri": "",
            "enable_simple_responses": false,
            "id": "whr83a",
            "identity_sources": [
              "$request.header.Authorization"
            ],
            "jwt_configuration": [
              {
                "audience": [
                  "5nke82c4g3l1256jkhve4vivk3"
                ],
                "issuer": "https://cognito-idp.us-east-1.amazonaws.com/us-east-1_P0kvE7vF4"
              }
            ],
            "name": "CognitoJwtAuthorizer",
            "region": "us-east-1",
            "timeouts": null
          },
          "sensitive_attributes": [],
          "identity_schema_version": 0,
          "private": "eyJlMmJmYjczMC1lY2FhLTExZTYtOGY4OC0zNDM2M2JjN2M0YzAiOnsiZGVsZXRlIjoxODAwMDAwMDAwMDAwfX0=",
          "dependencies": [
            "aws_apigatewayv2_api.poker_api",
            "aws_cognito_user_pool.poker_pool",
            "aws_cognito_user_pool_client.poker_client"
          ]
        }
      ]
    },
    {
      "mode": "managed",
      "type": "aws_apigatewayv2_domain_name",
      "name": "poker_api_domain",
      "provider": "provider[\"registry.terraform.io/hashicorp/aws\"]",
      "instances": [
        {
          "schema_version": 0,
          "attributes": {
            "api_mapping_selection_expression": "$request.basepath",
            "arn": "arn:aws:apigateway:us-east-1::/domainnames/api.mikechucktingle.net",
            "domain_name": "api.mikechucktingle.net",
            "domain_name_configuration": [
              {
                "certificate_arn": "arn:aws:acm:us-east-1:072351085675:certificate/f82aae2e-2588-4899-b0dd-9e1ff1d38e07",
                "endpoint_type": "REGIONAL",
                "hosted_zone_id": "Z1UJRXOUMOOFQ8",
                "ip_address_type": "ipv4",
                "ownership_verification_certificate_arn": "",
                "security_policy": "TLS_1_2",
                "target_domain_name": "d-8nddnduhli.execute-api.us-east-1.amazonaws.com"
              }
            ],
            "id": "api.mikechucktingle.net",
            "mutual_tls_authentication": [],
            "region": "us-east-1",
            "routing_mode": "API_MAPPING_ONLY",
            "tags": {},
            "tags_all": {},
            "timeouts": null
          },
          "sensitive_attributes": [],
          "identity_schema_version": 0,
          "private": "eyJlMmJmYjczMC1lY2FhLTExZTYtOGY4OC0zNDM2M2JjN2M0YzAiOnsiY3JlYXRlIjo2MDAwMDAwMDAwMDAsInVwZGF0ZSI6MzYwMDAwMDAwMDAwMH0sInNjaGVtYV92ZXJzaW9uIjoiMCJ9",
          "dependencies": [
            "data.aws_acm_certificate.poker_cert"
          ]
        }
      ]
    },
    {
      "mode": "managed",
      "type": "aws_apigatewayv2_integration",
      "name": "create_game_int",
      "provider": "provider[\"registry.terraform.io/hashicorp/aws\"]",
      "instances": [
        {
          "schema_version": 0,
          "attributes": {
            "api_id": "q3szamrsj6",
            "connection_id": "",
            "connection_type": "INTERNET",
            "content_handling_strategy": "",
            "credentials_arn": "",
            "description": "",
            "id": "b8j22za",
            "integration_method": "POST",
            "integration_response_selection_expression": "",
            "integration_subtype": "",
            "integration_type": "AWS_PROXY",
            "integration_uri": "arn:aws:apigateway:us-east-1:lambda:path/2015-03-31/functions/arn:aws:lambda:us-east-1:072351085675:function:CreateGame/invocations",
            "passthrough_behavior": "",
            "payload_format_version": "2.0",
            "region": "us-east-1",
            "request_parameters": {},
            "request_templates": {},
            "response_parameters": [],
            "template_selection_expression": "",
            "timeout_milliseconds": 30000,
            "tls_config": []
          },
          "sensitive_attributes": [],
          "identity_schema_version": 0,
          "private": "bnVsbA==",
          "dependencies": [
            "aws_apigatewayv2_api.poker_api",
            "aws_dynamodb_table.games_table",
            "aws_iam_instance_profile.ec2_profile",
            "aws_iam_role.ec2_logs_role",
            "aws_iam_role.lambda_integration_role",
            "aws_instance.poker_server",
            "aws_lambda_function.create_game",
            "aws_security_group.poker_sg",
            "aws_ssm_parameter.cw_agent_config",
            "data.archive_file.create_game_zip"
          ]
        }
      ]
    },
    {
      "mode": "managed",
      "type": "aws_apigatewayv2_integration",
      "name": "get_account_int",
      "provider": "provider[\"registry.terraform.io/hashicorp/aws\"]",
      "instances": [
        {
          "schema_version": 0,
          "attributes": {
            "api_id": "q3szamrsj6",
            "connection_id": "",
            "connection_type": "INTERNET",
            "content_handling_strategy": "",
            "credentials_arn": "",
            "description": "",
            "id": "5frfwte",
            "integration_method": "POST",
            "integration_response_selection_expression": "",
            "integration_subtype": "",
            "integration_type": "AWS_PROXY",
            "integration_uri": "arn:aws:apigateway:us-east-1:lambda:path/2015-03-31/functions/arn:aws:lambda:us-east-1:072351085675:function:GetAccount/invocations",
            "passthrough_behavior": "",
            "payload_format_version": "2.0",
            "region": "us-east-1",
            "request_parameters": {},
            "request_templates": {},
            "response_parameters": [],
            "template_selection_expression": "",
            "timeout_milliseconds": 30000,
            "tls_config": []
          },
          "sensitive_attributes": [],
          "identity_schema_version": 0,
          "private": "bnVsbA==",
          "dependencies": [
            "aws_apigatewayv2_api.poker_api",
            "aws_dynamodb_table.accounts_table",
            "aws_iam_role.lambda_integration_role",
            "aws_lambda_function.get_account",
            "data.archive_file.get_account_zip"
          ]
        }
      ]
    },
    {
      "mode": "managed",
      "type": "aws_apigatewayv2_route",
      "name": "create_game_route",
      "provider": "provider[\"registry.terraform.io/hashicorp/aws\"]",
      "instances": [
        {
          "schema_version": 0,
          "attributes": {
            "api_id": "q3szamrsj6",
            "api_key_required": false,
            "authorization_scopes": [],
            "authorization_type": "JWT",
            "authorizer_id": "whr83a",
            "id": "1g5pt1l",
            "model_selection_expression": "",
            "operation_name": "",
            "region": "us-east-1",
            "request_models": {},
            "request_parameter": [],
            "route_key": "PUT /game",
            "route_response_selection_expression": "",
            "target": "integrations/b8j22za"
          },
          "sensitive_attributes": [],
          "identity_schema_version": 0,
          "identity": {
            "account_id": "072351085675",
            "api_id": "q3szamrsj6",
            "id": "1g5pt1l",
            "region": "us-east-1"
          },
          "private": "bnVsbA==",
          "dependencies": [
            "aws_apigatewayv2_api.poker_api",
            "aws_apigatewayv2_authorizer.cognito_auth",
            "aws_apigatewayv2_integration.create_game_int",
            "aws_cognito_user_pool.poker_pool",
            "aws_cognito_user_pool_client.poker_client",
            "aws_dynamodb_table.games_table",
            "aws_iam_instance_profile.ec2_profile",
            "aws_iam_role.ec2_logs_role",
            "aws_iam_role.lambda_integration_role",
            "aws_instance.poker_server",
            "aws_lambda_function.create_game",
            "aws_security_group.poker_sg",
            "aws_ssm_parameter.cw_agent_config",
            "data.archive_file.create_game_zip"
          ]
        }
      ]
    },
    {
      "mode": "managed",
      "type": "aws_apigatewayv2_route",
      "name": "get_account_route",
      "provider": "provider[\"registry.terraform.io/hashicorp/aws\"]",
      "instances": [
        {
          "schema_version": 0,
          "attributes": {
            "api_id": "q3szamrsj6",
            "api_key_required": false,
            "authorization_scopes": [],
            "authorization_type": "JWT",
            "authorizer_id": "whr83a",
            "id": "zbsnox4",
            "model_selection_expression": "",
            "operation_name": "",
            "region": "us-east-1",
            "request_models": {},
            "request_parameter": [],
            "route_key": "GET /account",
            "route_response_selection_expression": "",
            "target": "integrations/5frfwte"
          },
          "sensitive_attributes": [],
          "identity_schema_version": 0,
          "identity": {
            "account_id": "072351085675",
            "api_id": "q3szamrsj6",
            "id": "zbsnox4",
            "region": "us-east-1"
          },
          "private": "bnVsbA==",
          "dependencies": [
            "aws_apigatewayv2_api.poker_api",
            "aws_apigatewayv2_authorizer.cognito_auth",
            "aws_apigatewayv2_integration.get_account_int",
            "aws_cognito_user_pool.poker_pool",
            "aws_cognito_user_pool_client.poker_client",
            "aws_dynamodb_table.accounts_table",
            "aws_iam_role.lambda_integration_role",
            "aws_lambda_function.get_account",
            "data.archive_file.get_account_zip"
          ]
        }
      ]
    },
    {
      "mode": "managed",
      "type": "aws_apigatewayv2_route",
      "name": "routes",
      "provider": "provider[\"registry.terraform.io/hashicorp/aws\"]",
      "instances": [
        {
          "index_key": "GET /debts",
          "schema_version": 0,
          "attributes": {
            "api_id": "q3szamrsj6",
            "api_key_required": false,
            "authorization_scopes": [],
            "authorization_type": "JWT",
            "authorizer_id": "whr83a",
            "id": "njoh70r",
            "model_selection_expression": "",
            "operation_name": "",
            "region": "us-east-1",
            "request_models": {},
            "request_parameter": [],
            "route_key": "GET /debts",
            "route_response_selection_expression": "",
            "target": ""
          },
          "sensitive_attributes": [],
          "identity_schema_version": 0,
          "identity": {
            "account_id": "072351085675",
            "api_id": "q3szamrsj6",
            "id": "njoh70r",
            "region": "us-east-1"
          },
          "private": "bnVsbA==",
          "dependencies": [
            "aws_apigatewayv2_api.poker_api",
            "aws_apigatewayv2_authorizer.cognito_auth",
            "aws_cognito_user_pool.poker_pool",
            "aws_cognito_user_pool_client.poker_client"
          ]
        },
        {
          "index_key": "POST /account/picture",
          "schema_version": 0,
          "attributes": {
            "api_id": "q3szamrsj6",
            "api_key_required": false,
            "authorization_scopes": [],
            "authorization_type": "JWT",
            "authorizer_id": "whr83a",
            "id": "8dsmal6",
            "model_selection_expression": "",
            "operation_name": "",
            "region": "us-east-1",
            "request_models": {},
            "request_parameter": [],
            "route_key": "POST /account/picture",
            "route_response_selection_expression": "",
            "target": ""
          },
          "sensitive_attributes": [],
          "identity_schema_version": 0,
          "identity": {
            "account_id": "072351085675",
            "api_id": "q3szamrsj6",
            "id": "8dsmal6",
            "region": "us-east-1"
          },
          "private": "bnVsbA==",
          "dependencies": [
            "aws_apigatewayv2_api.poker_api",
            "aws_apigatewayv2_authorizer.cognito_auth",
            "aws_cognito_user_pool.poker_pool",
            "aws_cognito_user_pool_client.poker_client"
          ]
        }
      ]
    },
    {
      "mode": "managed",
      "type": "aws_apigatewayv2_stage",
      "name": "dev",
      "provider": "provider[\"registry.terraform.io/hashicorp/aws\"]",
      "instances": [
        {
          "schema_version": 0,
          "attributes": {
            "access_log_settings": [],
            "api_id": "q3szamrsj6",
            "arn": "arn:aws:apigateway:us-east-1::/apis/q3szamrsj6/stages/dev",
            "auto_deploy": true,
            "client_certificate_id": "",
            "default_route_settings": [
              {
                "data_trace_enabled": false,
                "detailed_metrics_enabled": false,
                "logging_level": "",
                "throttling_burst_limit": 0,
                "throttling_rate_limit": 0
              }
            ],
            "deployment_id": "01mmf3",
            "description": "",
            "execution_arn": "arn:aws:execute-api:us-east-1:072351085675:q3szamrsj6/dev",
            "id": "dev",
            "invoke_url": "https://q3szamrsj6.execute-api.us-east-1.amazonaws.com/dev",
            "name": "dev",
            "region": "us-east-1",
            "route_settings": [],
            "stage_variables": {},
            "tags": {},
            "tags_all": {}
          },
          "sensitive_attributes": [],
          "identity_schema_version": 0,
          "private": "bnVsbA==",
          "dependencies": [
            "aws_apigatewayv2_api.poker_api"
          ]
        }
      ]
    },
    {
      "mode": "managed",
      "type": "aws_cloudfront_distribution",
      "name": "poker_cdn",
      "provider": "provider[\"registry.terraform.io/hashicorp/aws\"]",
      "instances": [
        {
          "schema_version": 1,
          "attributes": {
            "aliases": [
              "poker.mikechucktingle.net"
            ],
            "anycast_ip_list_id": "",
            "arn": "arn:aws:cloudfront::072351085675:distribution/E1SJ2O1VFU30SP",
            "caller_reference": "23be9cc7-ac0c-4fd7-a70d-a6a33a35f734",
            "comment": "",
            "connection_function_association": [],
            "continuous_deployment_policy_id": "",
            "custom_error_response": [],
            "default_cache_behavior": [
              {
                "allowed_methods": [
                  "GET",
                  "HEAD",
                  "OPTIONS"
                ],
                "cache_policy_id": "4135ea2d-6df8-44a3-9df3-4b5a84be39ad",
                "cached_methods": [
                  "GET",
                  "HEAD"
                ],
                "compress": true,
                "default_ttl": 0,
                "field_level_encryption_id": "",
                "forwarded_values": [],
                "function_association": [
                  {
                    "event_type": "viewer-request",
                    "function_arn": "arn:aws:cloudfront::072351085675:function/RedirectToIndex"
                  }
                ],
                "grpc_config": [
                  {
                    "enabled": false
                  }
                ],
                "lambda_function_association": [],
                "max_ttl": 0,
                "min_ttl": 0,
                "origin_request_policy_id": "af02d496-94bc-400f-be9f-19aa4e9259e7",
                "realtime_log_config_arn": "",
                "response_headers_policy_id": "8cdb1d31-535d-4c44-83db-2d761e390b56",
                "smooth_streaming": false,
                "target_origin_id": "chuckycodes-poker-game",
                "trusted_key_groups": [],
                "trusted_signers": [],
                "viewer_protocol_policy": "redirect-to-https"
              }
            ],
            "default_root_object": "index.html",
            "domain_name": "ddfh2856132nt.cloudfront.net",
            "enabled": true,
            "etag": "E2FK6OBCUN98ZX",
            "hosted_zone_id": "Z2FDTNDATAQYW2",
            "http_version": "http2",
            "id": "E1SJ2O1VFU30SP",
            "in_progress_validation_batches": 0,
            "is_ipv6_enabled": true,
            "last_modified_time": "2026-05-21 15:09:47.397 +0000 UTC",
            "logging_config": [],
            "logging_v1_enabled": false,
            "ordered_cache_behavior": [
              {
                "allowed_methods": [
                  "DELETE",
                  "GET",
                  "HEAD",
                  "OPTIONS",
                  "PATCH",
                  "POST",
                  "PUT"
                ],
                "cache_policy_id": "4135ea2d-6df8-44a3-9df3-4b5a84be39ad",
                "cached_methods": [
                  "GET",
                  "HEAD"
                ],
                "compress": true,
                "default_ttl": 0,
                "field_level_encryption_id": "",
                "forwarded_values": [],
                "function_association": [],
                "grpc_config": [
                  {
                    "enabled": false
                  }
                ],
                "lambda_function_association": [
                  {
                    "event_type": "viewer-request",
                    "include_body": false,
                    "lambda_arn": "arn:aws:lambda:us-east-1:072351085675:function:poker-auth-at-edge:3"
                  }
                ],
                "max_ttl": 0,
                "min_ttl": 0,
                "origin_request_policy_id": "216adef6-5c7f-47e4-b989-5492eafa07d3",
                "path_pattern": "/game/*",
                "realtime_log_config_arn": "",
                "response_headers_policy_id": "",
                "smooth_streaming": false,
                "target_origin_id": "ec2-poker-server",
                "trusted_key_groups": [],
                "trusted_signers": [],
                "viewer_protocol_policy": "https-only"
              }
            ],
            "origin": [
              {
                "connection_attempts": 3,
                "connection_timeout": 10,
                "custom_header": [],
                "custom_origin_config": [
                  {
                    "http_port": 8000,
                    "https_port": 443,
                    "ip_address_type": "",
                    "origin_keepalive_timeout": 5,
                    "origin_protocol_policy": "http-only",
                    "origin_read_timeout": 30,
                    "origin_ssl_protocols": [
                      "TLSv1.2"
                    ]
                  }
                ],
                "domain_name": "ec2-3-228-203-155.compute-1.amazonaws.com",
                "origin_access_control_id": "",
                "origin_id": "ec2-poker-server",
                "origin_path": "",
                "origin_shield": [],
                "response_completion_timeout": 0,
                "s3_origin_config": [],
                "vpc_origin_config": []
              },
              {
                "connection_attempts": 3,
                "connection_timeout": 10,
                "custom_header": [],
                "custom_origin_config": [],
                "domain_name": "chuckycodes-poker-game.s3.us-east-1.amazonaws.com",
                "origin_access_control_id": "EWBACNDZ4NC05",
                "origin_id": "chuckycodes-poker-game",
                "origin_path": "",
                "origin_shield": [],
                "response_completion_timeout": 0,
                "s3_origin_config": [],
                "vpc_origin_config": []
              }
            ],
            "origin_group": [],
            "price_class": "PriceClass_All",
            "restrictions": [
              {
                "geo_restriction": [
                  {
                    "locations": [],
                    "restriction_type": "none"
                  }
                ]
              }
            ],
            "retain_on_delete": false,
            "staging": false,
            "status": "Deployed",
            "tags": {},
            "tags_all": {},
            "trusted_key_groups": [
              {
                "enabled": false,
                "items": []
              }
            ],
            "trusted_signers": [
              {
                "enabled": false,
                "items": []
              }
            ],
            "viewer_certificate": [
              {
                "acm_certificate_arn": "arn:aws:acm:us-east-1:072351085675:certificate/f82aae2e-2588-4899-b0dd-9e1ff1d38e07",
                "cloudfront_default_certificate": false,
                "iam_certificate_id": "",
                "minimum_protocol_version": "TLSv1.2_2021",
                "ssl_support_method": "sni-only"
              }
            ],
            "viewer_mtls_config": [],
            "wait_for_deployment": true,
            "web_acl_id": ""
          },
          "sensitive_attributes": [],
          "identity_schema_version": 0,
          "identity": {
            "account_id": "072351085675",
            "id": "E1SJ2O1VFU30SP"
          },
          "private": "eyJzY2hlbWFfdmVyc2lvbiI6IjEifQ==",
          "dependencies": [
            "aws_cloudfront_origin_access_control.poker_oac",
            "aws_cloudfront_origin_request_policy.godot_requests",
            "aws_cloudfront_response_headers_policy.godot_response",
            "aws_cognito_user_pool.poker_pool",
            "aws_cognito_user_pool_client.poker_client",
            "aws_eip.poker_server_eip",
            "aws_iam_instance_profile.ec2_profile",
            "aws_iam_role.ec2_logs_role",
            "aws_iam_role.lambda_edge_role",
            "aws_instance.poker_server",
            "aws_lambda_function.auth_edge",
            "aws_s3_bucket.poker_bucket",
            "aws_security_group.poker_sg",
            "aws_ssm_parameter.cw_agent_config",
            "data.archive_file.lambda_zip",
            "data.aws_acm_certificate.poker_cert",
            "data.aws_cloudfront_function.redirect_to_index",
            "data.template_file.lambda_source"
          ]
        }
      ]
    },
    {
      "mode": "managed",
      "type": "aws_cloudfront_origin_access_control",
      "name": "poker_oac",
      "provider": "provider[\"registry.terraform.io/hashicorp/aws\"]",
      "instances": [
        {
          "schema_version": 0,
          "attributes": {
            "arn": "arn:aws:cloudfront::072351085675:origin-access-control/EWBACNDZ4NC05",
            "description": "Managed by Terraform",
            "etag": "E3UN6WX5RRO2AG",
            "id": "EWBACNDZ4NC05",
            "name": "godot-origin-access-control",
            "origin_access_control_origin_type": "s3",
            "signing_behavior": "always",
            "signing_protocol": "sigv4"
          },
          "sensitive_attributes": [],
          "identity_schema_version": 0,
          "private": "bnVsbA=="
        }
      ]
    },
    {
      "mode": "managed",
      "type": "aws_cloudfront_origin_request_policy",
      "name": "godot_requests",
      "provider": "provider[\"registry.terraform.io/hashicorp/aws\"]",
      "instances": [
        {
          "schema_version": 0,
          "attributes": {
            "arn": "arn:aws:cloudfront::072351085675:origin-request-policy/af02d496-94bc-400f-be9f-19aa4e9259e7",
            "comment": "Origin request policy for Godot web client headers",
            "cookies_config": [
              {
                "cookie_behavior": "none",
                "cookies": []
              }
            ],
            "etag": "E3VSAZHKW7EWVH",
            "headers_config": [
              {
                "header_behavior": "whitelist",
                "headers": [
                  {
                    "items": [
                      "Origin"
                    ]
                  }
                ]
              }
            ],
            "id": "af02d496-94bc-400f-be9f-19aa4e9259e7",
            "name": "godot-web-requests",
            "query_strings_config": [
              {
                "query_string_behavior": "none",
                "query_strings": []
              }
            ]
          },
          "sensitive_attributes": [],
          "identity_schema_version": 0,
          "private": "bnVsbA=="
        }
      ]
    },
    {
      "mode": "managed",
      "type": "aws_cloudfront_response_headers_policy",
      "name": "godot_response",
      "provider": "provider[\"registry.terraform.io/hashicorp/aws\"]",
      "instances": [
        {
          "schema_version": 0,
          "attributes": {
            "arn": "arn:aws:cloudfront::072351085675:response-headers-policy/8cdb1d31-535d-4c44-83db-2d761e390b56",
            "comment": "",
            "cors_config": [],
            "custom_headers_config": [
              {
                "items": [
                  {
                    "header": "Cross-Origin-Embedder-Policy",
                    "override": true,
                    "value": "require-corp"
                  },
                  {
                    "header": "Cross-Origin-Opener-Policy",
                    "override": true,
                    "value": "same-origin"
                  }
                ]
              }
            ],
            "etag": "E1VC38T7YXB528",
            "id": "8cdb1d31-535d-4c44-83db-2d761e390b56",
            "name": "godot-response-headers",
            "remove_headers_config": [],
            "security_headers_config": [
              {
                "content_security_policy": [
                  {
                    "content_security_policy": "default-src 'self'; script-src 'self' 'unsafe-inline' 'wasm-unsafe-eval' 'unsafe-eval'; style-src 'self' 'unsafe-inline'; img-src 'self' blob:; media-src 'self' blob:; font-src 'self' data:; worker-src 'self' blob:; connect-src 'self' *.mikechucktingle.net mikechucktingle.net; object-src 'none'; frame-ancestors 'self';",
                    "override": true
                  }
                ],
                "content_type_options": [
                  {
                    "override": true
                  }
                ],
                "frame_options": [
                  {
                    "frame_option": "SAMEORIGIN",
                    "override": true
                  }
                ],
                "referrer_policy": [
                  {
                    "override": true,
                    "referrer_policy": "no-referrer-when-downgrade"
                  }
                ],
                "strict_transport_security": [
                  {
                    "access_control_max_age_sec": 31536000,
                    "include_subdomains": true,
                    "override": true,
                    "preload": true
                  }
                ],
                "xss_protection": []
              }
            ],
            "server_timing_headers_config": []
          },
          "sensitive_attributes": [],
          "identity_schema_version": 0,
          "private": "bnVsbA=="
        }
      ]
    },
    {
      "mode": "managed",
      "type": "aws_cloudwatch_log_group",
      "name": "create_game_logs",
      "provider": "provider[\"registry.terraform.io/hashicorp/aws\"]",
      "instances": [
        {
          "schema_version": 0,
          "attributes": {
            "arn": "arn:aws:logs:us-east-1:072351085675:log-group:/aws/lambda/CreateGame",
            "deletion_protection_enabled": false,
            "id": "/aws/lambda/CreateGame",
            "kms_key_id": "",
            "log_group_class": "STANDARD",
            "name": "/aws/lambda/CreateGame",
            "name_prefix": "",
            "region": "us-east-1",
            "retention_in_days": 7,
            "skip_destroy": false,
            "tags": {},
            "tags_all": {}
          },
          "sensitive_attributes": [],
          "identity_schema_version": 0,
          "identity": {
            "account_id": "072351085675",
            "name": "/aws/lambda/CreateGame",
            "region": "us-east-1"
          },
          "private": "bnVsbA=="
        }
      ]
    },
    {
      "mode": "managed",
      "type": "aws_cloudwatch_log_group",
      "name": "get_account_logs",
      "provider": "provider[\"registry.terraform.io/hashicorp/aws\"]",
      "instances": [
        {
          "schema_version": 0,
          "attributes": {
            "arn": "arn:aws:logs:us-east-1:072351085675:log-group:/aws/lambda/GetAccount",
            "deletion_protection_enabled": false,
            "id": "/aws/lambda/GetAccount",
            "kms_key_id": "",
            "log_group_class": "STANDARD",
            "name": "/aws/lambda/GetAccount",
            "name_prefix": "",
            "region": "us-east-1",
            "retention_in_days": 7,
            "skip_destroy": false,
            "tags": {},
            "tags_all": {}
          },
          "sensitive_attributes": [],
          "identity_schema_version": 0,
          "identity": {
            "account_id": "072351085675",
            "name": "/aws/lambda/GetAccount",
            "region": "us-east-1"
          },
          "private": "bnVsbA=="
        }
      ]
    },
    {
      "mode": "managed",
      "type": "aws_cloudwatch_log_group",
      "name": "node_app_logs",
      "provider": "provider[\"registry.terraform.io/hashicorp/aws\"]",
      "instances": [
        {
          "schema_version": 0,
          "attributes": {
            "arn": "arn:aws:logs:us-east-1:072351085675:log-group:/apps/poker-game",
            "deletion_protection_enabled": false,
            "id": "/apps/poker-game",
            "kms_key_id": "",
            "log_group_class": "STANDARD",
            "name": "/apps/poker-game",
            "name_prefix": "",
            "region": "us-east-1",
            "retention_in_days": 7,
            "skip_destroy": false,
            "tags": {},
            "tags_all": {}
          },
          "sensitive_attributes": [],
          "identity_schema_version": 0,
          "identity": {
            "account_id": "072351085675",
            "name": "/apps/poker-game",
            "region": "us-east-1"
          },
          "private": "bnVsbA=="
        }
      ]
    },
    {
      "mode": "managed",
      "type": "aws_cognito_managed_login_branding",
      "name": "poker_branding",
      "provider": "provider[\"registry.terraform.io/hashicorp/aws\"]",
      "instances": [
        {
          "schema_version": 0,
          "attributes": {
            "asset": [],
            "client_id": "5nke82c4g3l1256jkhve4vivk3",
            "managed_login_branding_id": "eba10ba0-1937-47bb-b443-b74b53389bd5",
            "region": "us-east-1",
            "settings": null,
            "settings_all": "{\"categories\":{\"auth\":{\"authMethodOrder\":[[{\"display\":\"BUTTON\",\"type\":\"FEDERATED\"},{\"display\":\"INPUT\",\"type\":\"USERNAME_PASSWORD\"}]],\"federation\":{\"interfaceStyle\":\"BUTTON_LIST\",\"order\":[]}},\"form\":{\"displayGraphics\":true,\"instructions\":{\"enabled\":false},\"languageSelector\":{\"enabled\":false},\"location\":{\"horizontal\":\"CENTER\",\"vertical\":\"CENTER\"},\"sessionTimerDisplay\":\"NONE\"},\"global\":{\"colorSchemeMode\":\"LIGHT\",\"pageFooter\":{\"enabled\":false},\"pageHeader\":{\"enabled\":false},\"spacingDensity\":\"REGULAR\"},\"signUp\":{\"acceptanceElements\":[{\"enforcement\":\"NONE\",\"textKey\":\"en\"}]}},\"componentClasses\":{\"buttons\":{\"borderRadius\":8},\"divider\":{\"darkMode\":{\"borderColor\":\"232b37ff\"},\"lightMode\":{\"borderColor\":\"ebebf0ff\"}},\"dropDown\":{\"borderRadius\":8,\"darkMode\":{\"defaults\":{\"itemBackgroundColor\":\"192534ff\"},\"hover\":{\"itemBackgroundColor\":\"081120ff\",\"itemBorderColor\":\"5f6b7aff\",\"itemTextColor\":\"e9ebedff\"},\"match\":{\"itemBackgroundColor\":\"d1d5dbff\",\"itemTextColor\":\"89bdeeff\"}},\"lightMode\":{\"defaults\":{\"itemBackgroundColor\":\"ffffffff\"},\"hover\":{\"itemBackgroundColor\":\"f4f4f4ff\",\"itemBorderColor\":\"7d8998ff\",\"itemTextColor\":\"000716ff\"},\"match\":{\"itemBackgroundColor\":\"414d5cff\",\"itemTextColor\":\"0972d3ff\"}}},\"focusState\":{\"darkMode\":{\"borderColor\":\"539fe5ff\"},\"lightMode\":{\"borderColor\":\"0972d3ff\"}},\"idpButtons\":{\"icons\":{\"enabled\":true}},\"input\":{\"borderRadius\":8,\"darkMode\":{\"defaults\":{\"backgroundColor\":\"0f1b2aff\",\"borderColor\":\"5f6b7aff\"},\"placeholderColor\":\"8d99a8ff\"},\"lightMode\":{\"defaults\":{\"backgroundColor\":\"ffffffff\",\"borderColor\":\"7d8998ff\"},\"placeholderColor\":\"5f6b7aff\"}},\"inputDescription\":{\"darkMode\":{\"textColor\":\"8d99a8ff\"},\"lightMode\":{\"textColor\":\"5f6b7aff\"}},\"inputLabel\":{\"darkMode\":{\"textColor\":\"d1d5dbff\"},\"lightMode\":{\"textColor\":\"000716ff\"}},\"link\":{\"darkMode\":{\"defaults\":{\"textColor\":\"539fe5ff\"},\"hover\":{\"textColor\":\"89bdeeff\"}},\"lightMode\":{\"defaults\":{\"textColor\":\"0972d3ff\"},\"hover\":{\"textColor\":\"033160ff\"}}},\"optionControls\":{\"darkMode\":{\"defaults\":{\"backgroundColor\":\"0f1b2aff\",\"borderColor\":\"7d8998ff\"},\"selected\":{\"backgroundColor\":\"539fe5ff\",\"foregroundColor\":\"000716ff\"}},\"lightMode\":{\"defaults\":{\"backgroundColor\":\"ffffffff\",\"borderColor\":\"7d8998ff\"},\"selected\":{\"backgroundColor\":\"0972d3ff\",\"foregroundColor\":\"ffffffff\"}}},\"statusIndicator\":{\"darkMode\":{\"error\":{\"backgroundColor\":\"1a0000ff\",\"borderColor\":\"eb6f6fff\",\"indicatorColor\":\"eb6f6fff\"},\"pending\":{\"indicatorColor\":\"AAAAAAAA\"},\"success\":{\"backgroundColor\":\"001a02ff\",\"borderColor\":\"29ad32ff\",\"indicatorColor\":\"29ad32ff\"},\"warning\":{\"backgroundColor\":\"1d1906ff\",\"borderColor\":\"e0ca57ff\",\"indicatorColor\":\"e0ca57ff\"}},\"lightMode\":{\"error\":{\"backgroundColor\":\"fff7f7ff\",\"borderColor\":\"d91515ff\",\"indicatorColor\":\"d91515ff\"},\"pending\":{\"indicatorColor\":\"AAAAAAAA\"},\"success\":{\"backgroundColor\":\"f2fcf3ff\",\"borderColor\":\"037f0cff\",\"indicatorColor\":\"037f0cff\"},\"warning\":{\"backgroundColor\":\"fffce9ff\",\"borderColor\":\"8d6605ff\",\"indicatorColor\":\"8d6605ff\"}}}},\"components\":{\"alert\":{\"borderRadius\":12,\"darkMode\":{\"error\":{\"backgroundColor\":\"1a0000ff\",\"borderColor\":\"eb6f6fff\"}},\"lightMode\":{\"error\":{\"backgroundColor\":\"fff7f7ff\",\"borderColor\":\"d91515ff\"}}},\"favicon\":{\"enabledTypes\":[\"ICO\",\"SVG\"]},\"form\":{\"backgroundImage\":{\"enabled\":false},\"borderRadius\":8,\"darkMode\":{\"backgroundColor\":\"0f1b2aff\",\"borderColor\":\"424650ff\"},\"lightMode\":{\"backgroundColor\":\"ffffffff\",\"borderColor\":\"c6c6cdff\"},\"logo\":{\"enabled\":false,\"formInclusion\":\"IN\",\"location\":\"CENTER\",\"position\":\"TOP\"}},\"idpButton\":{\"custom\":{},\"standard\":{\"darkMode\":{\"active\":{\"backgroundColor\":\"354150ff\",\"borderColor\":\"89bdeeff\",\"textColor\":\"89bdeeff\"},\"defaults\":{\"backgroundColor\":\"0f1b2aff\",\"borderColor\":\"c6c6cdff\",\"textColor\":\"c6c6cdff\"},\"hover\":{\"backgroundColor\":\"192534ff\",\"borderColor\":\"89bdeeff\",\"textColor\":\"89bdeeff\"}},\"lightMode\":{\"active\":{\"backgroundColor\":\"d3e7f9ff\",\"borderColor\":\"033160ff\",\"textColor\":\"033160ff\"},\"defaults\":{\"backgroundColor\":\"ffffffff\",\"borderColor\":\"424650ff\",\"textColor\":\"424650ff\"},\"hover\":{\"backgroundColor\":\"f2f8fdff\",\"borderColor\":\"033160ff\",\"textColor\":\"033160ff\"}}}},\"pageBackground\":{\"darkMode\":{\"color\":\"0f1b2aff\"},\"image\":{\"enabled\":true},\"lightMode\":{\"color\":\"ffffffff\"}},\"pageFooter\":{\"backgroundImage\":{\"enabled\":false},\"darkMode\":{\"background\":{\"color\":\"0f141aff\"},\"borderColor\":\"424650ff\"},\"lightMode\":{\"background\":{\"color\":\"fafafaff\"},\"borderColor\":\"d5dbdbff\"},\"logo\":{\"enabled\":false,\"location\":\"START\"}},\"pageHeader\":{\"backgroundImage\":{\"enabled\":false},\"darkMode\":{\"background\":{\"color\":\"0f141aff\"},\"borderColor\":\"424650ff\"},\"lightMode\":{\"background\":{\"color\":\"fafafaff\"},\"borderColor\":\"d5dbdbff\"},\"logo\":{\"enabled\":false,\"location\":\"START\"}},\"pageText\":{\"darkMode\":{\"bodyColor\":\"b6bec9ff\",\"descriptionColor\":\"b6bec9ff\",\"headingColor\":\"d1d5dbff\"},\"lightMode\":{\"bodyColor\":\"414d5cff\",\"descriptionColor\":\"414d5cff\",\"headingColor\":\"000716ff\"}},\"phoneNumberSelector\":{\"displayType\":\"TEXT\"},\"primaryButton\":{\"darkMode\":{\"active\":{\"backgroundColor\":\"539fe5ff\",\"textColor\":\"000716ff\"},\"defaults\":{\"backgroundColor\":\"539fe5ff\",\"textColor\":\"000716ff\"},\"disabled\":{\"backgroundColor\":\"ffffffff\",\"borderColor\":\"ffffffff\"},\"hover\":{\"backgroundColor\":\"89bdeeff\",\"textColor\":\"000716ff\"}},\"lightMode\":{\"active\":{\"backgroundColor\":\"033160ff\",\"textColor\":\"ffffffff\"},\"defaults\":{\"backgroundColor\":\"0972d3ff\",\"textColor\":\"ffffffff\"},\"disabled\":{\"backgroundColor\":\"ffffffff\",\"borderColor\":\"ffffffff\"},\"hover\":{\"backgroundColor\":\"033160ff\",\"textColor\":\"ffffffff\"}}},\"secondaryButton\":{\"darkMode\":{\"active\":{\"backgroundColor\":\"354150ff\",\"borderColor\":\"89bdeeff\",\"textColor\":\"89bdeeff\"},\"defaults\":{\"backgroundColor\":\"0f1b2aff\",\"borderColor\":\"539fe5ff\",\"textColor\":\"539fe5ff\"},\"hover\":{\"backgroundColor\":\"192534ff\",\"borderColor\":\"89bdeeff\",\"textColor\":\"89bdeeff\"}},\"lightMode\":{\"active\":{\"backgroundColor\":\"d3e7f9ff\",\"borderColor\":\"033160ff\",\"textColor\":\"033160ff\"},\"defaults\":{\"backgroundColor\":\"ffffffff\",\"borderColor\":\"0972d3ff\",\"textColor\":\"0972d3ff\"},\"hover\":{\"backgroundColor\":\"f2f8fdff\",\"borderColor\":\"033160ff\",\"textColor\":\"033160ff\"}}}}}",
            "use_cognito_provided_values": true,
            "user_pool_id": "us-east-1_P0kvE7vF4"
          },
          "sensitive_attributes": [],
          "identity_schema_version": 0,
          "dependencies": [
            "aws_cognito_user_pool.poker_pool",
            "aws_cognito_user_pool_client.poker_client"
          ]
        }
      ]
    },
    {
      "mode": "managed",
      "type": "aws_cognito_user_pool",
      "name": "poker_pool",
      "provider": "provider[\"registry.terraform.io/hashicorp/aws\"]",
      "instances": [
        {
          "schema_version": 0,
          "attributes": {
            "account_recovery_setting": [
              {
                "recovery_mechanism": [
                  {
                    "name": "verified_email",
                    "priority": 1
                  },
                  {
                    "name": "verified_phone_number",
                    "priority": 2
                  }
                ]
              }
            ],
            "admin_create_user_config": [
              {
                "allow_admin_create_user_only": false,
                "invite_message_template": []
              }
            ],
            "alias_attributes": [
              "email",
              "preferred_username"
            ],
            "arn": "arn:aws:cognito-idp:us-east-1:072351085675:userpool/us-east-1_P0kvE7vF4",
            "auto_verified_attributes": [
              "email"
            ],
            "creation_date": "2026-05-14T14:44:05Z",
            "custom_domain": "auth.mikechucktingle.net",
            "deletion_protection": "INACTIVE",
            "device_configuration": [],
            "domain": "auth.mikechucktingle.net",
            "email_configuration": [
              {
                "configuration_set": "",
                "email_sending_account": "COGNITO_DEFAULT",
                "from_email_address": "",
                "reply_to_email_address": "",
                "source_arn": ""
              }
            ],
            "email_mfa_configuration": [],
            "email_verification_message": "",
            "email_verification_subject": "",
            "endpoint": "cognito-idp.us-east-1.amazonaws.com/us-east-1_P0kvE7vF4",
            "estimated_number_of_users": 1,
            "id": "us-east-1_P0kvE7vF4",
            "lambda_config": [],
            "last_modified_date": "2026-05-14T14:44:05Z",
            "mfa_configuration": "OFF",
            "name": "poker-user-pool",
            "password_policy": [
              {
                "minimum_length": 8,
                "password_history_size": 0,
                "require_lowercase": true,
                "require_numbers": true,
                "require_symbols": true,
                "require_uppercase": true,
                "temporary_password_validity_days": 7
              }
            ],
            "region": "us-east-1",
            "schema": [
              {
                "attribute_data_type": "String",
                "developer_only_attribute": false,
                "mutable": true,
                "name": "email",
                "number_attribute_constraints": [],
                "required": true,
                "string_attribute_constraints": [
                  {
                    "max_length": "256",
                    "min_length": "7"
                  }
                ]
              }
            ],
            "sign_in_policy": [
              {
                "allowed_first_auth_factors": [
                  "PASSWORD"
                ]
              }
            ],
            "sms_authentication_message": "",
            "sms_configuration": [],
            "sms_verification_message": "",
            "software_token_mfa_configuration": [],
            "tags": {
              "Name": "PokerGameUserPool"
            },
            "tags_all": {
              "Name": "PokerGameUserPool"
            },
            "user_attribute_update_settings": [],
            "user_pool_add_ons": [],
            "user_pool_tier": "ESSENTIALS",
            "username_attributes": [],
            "username_configuration": [],
            "verification_message_template": [
              {
                "default_email_option": "CONFIRM_WITH_CODE",
                "email_message": "",
                "email_message_by_link": "",
                "email_subject": "",
                "email_subject_by_link": "",
                "sms_message": ""
              }
            ],
            "web_authn_configuration": []
          },
          "sensitive_attributes": [],
          "identity_schema_version": 0,
          "private": "bnVsbA=="
        }
      ]
    },
    {
      "mode": "managed",
      "type": "aws_cognito_user_pool_client",
      "name": "poker_client",
      "provider": "provider[\"registry.terraform.io/hashicorp/aws\"]",
      "instances": [
        {
          "schema_version": 0,
          "attributes": {
            "access_token_validity": 60,
            "allowed_oauth_flows": [
              "code"
            ],
            "allowed_oauth_flows_user_pool_client": true,
            "allowed_oauth_scopes": [
              "email",
              "openid",
              "phone"
            ],
            "analytics_configuration": [],
            "auth_session_validity": 3,
            "callback_urls": [
              "http://localhost:5173/",
              "https://poker.mikechucktingle.net/"
            ],
            "client_secret": "",
            "default_redirect_uri": "",
            "enable_propagate_additional_user_context_data": false,
            "enable_token_revocation": true,
            "explicit_auth_flows": [
              "ALLOW_REFRESH_TOKEN_AUTH",
              "ALLOW_USER_AUTH",
              "ALLOW_USER_SRP_AUTH"
            ],
            "generate_secret": false,
            "id": "5nke82c4g3l1256jkhve4vivk3",
            "id_token_validity": 60,
            "logout_urls": [],
            "name": "Poker",
            "prevent_user_existence_errors": "",
            "read_attributes": [],
            "refresh_token_rotation": [],
            "refresh_token_validity": 5,
            "region": "us-east-1",
            "supported_identity_providers": [
              "COGNITO"
            ],
            "token_validity_units": [
              {
                "access_token": "minutes",
                "id_token": "minutes",
                "refresh_token": "days"
              }
            ],
            "user_pool_id": "us-east-1_P0kvE7vF4",
            "write_attributes": []
          },
          "sensitive_attributes": [
            [
              {
                "type": "get_attr",
                "value": "client_secret"
              }
            ]
          ],
          "identity_schema_version": 0,
          "dependencies": [
            "aws_cognito_user_pool.poker_pool"
          ]
        }
      ]
    },
    {
      "mode": "managed",
      "type": "aws_cognito_user_pool_domain",
      "name": "poker_domain",
      "provider": "provider[\"registry.terraform.io/hashicorp/aws\"]",
      "instances": [
        {
          "schema_version": 0,
          "attributes": {
            "aws_account_id": "072351085675",
            "certificate_arn": "arn:aws:acm:us-east-1:072351085675:certificate/f82aae2e-2588-4899-b0dd-9e1ff1d38e07",
            "cloudfront_distribution": "dfhhg4w04ckuo.cloudfront.net",
            "cloudfront_distribution_arn": "dfhhg4w04ckuo.cloudfront.net",
            "cloudfront_distribution_zone_id": "Z2FDTNDATAQYW2",
            "domain": "auth.mikechucktingle.net",
            "id": "auth.mikechucktingle.net",
            "managed_login_version": 2,
            "region": "us-east-1",
            "s3_bucket": "aws-cognito-prod-iad-assets",
            "user_pool_id": "us-east-1_P0kvE7vF4",
            "version": "20260514145329"
          },
          "sensitive_attributes": [],
          "identity_schema_version": 0,
          "private": "bnVsbA==",
          "dependencies": [
            "aws_cognito_user_pool.poker_pool",
            "data.aws_acm_certificate.poker_cert"
          ]
        }
      ]
    },
    {
      "mode": "managed",
      "type": "aws_dynamodb_table",
      "name": "accounts_table",
      "provider": "provider[\"registry.terraform.io/hashicorp/aws\"]",
      "instances": [
        {
          "schema_version": 1,
          "attributes": {
            "arn": "arn:aws:dynamodb:us-east-1:072351085675:table/Accounts",
            "attribute": [
              {
                "name": "AccountId",
                "type": "S"
              },
              {
                "name": "PlayerName",
                "type": "S"
              }
            ],
            "billing_mode": "PAY_PER_REQUEST",
            "deletion_protection_enabled": false,
            "global_secondary_index": [],
            "global_table_witness": [],
            "hash_key": "AccountId",
            "id": "Accounts",
            "import_table": [],
            "local_secondary_index": [],
            "name": "Accounts",
            "on_demand_throughput": [],
            "point_in_time_recovery": [
              {
                "enabled": false,
                "recovery_period_in_days": 0
              }
            ],
            "range_key": "PlayerName",
            "read_capacity": 0,
            "region": "us-east-1",
            "replica": [],
            "restore_backup_arn": null,
            "restore_date_time": null,
            "restore_source_name": null,
            "restore_source_table_arn": null,
            "restore_to_latest_time": null,
            "server_side_encryption": [],
            "stream_arn": "",
            "stream_enabled": false,
            "stream_label": "",
            "stream_view_type": "",
            "table_class": "STANDARD",
            "tags": {
              "Name": "PokerAccounts"
            },
            "tags_all": {
              "Name": "PokerAccounts"
            },
            "timeouts": null,
            "ttl": [
              {
                "attribute_name": "",
                "enabled": false
              }
            ],
            "warm_throughput": [],
            "write_capacity": 0
          },
          "sensitive_attributes": [],
          "identity_schema_version": 0,
          "identity": {
            "account_id": "072351085675",
            "name": "Accounts",
            "region": "us-east-1"
          },
          "private": "eyJlMmJmYjczMC1lY2FhLTExZTYtOGY4OC0zNDM2M2JjN2M0YzAiOnsiY3JlYXRlIjoxODAwMDAwMDAwMDAwLCJkZWxldGUiOjYwMDAwMDAwMDAwMCwidXBkYXRlIjozNjAwMDAwMDAwMDAwfSwic2NoZW1hX3ZlcnNpb24iOiIxIn0="
        }
      ]
    },
    {
      "mode": "managed",
      "type": "aws_dynamodb_table",
      "name": "debts_table",
      "provider": "provider[\"registry.terraform.io/hashicorp/aws\"]",
      "instances": [
        {
          "schema_version": 1,
          "attributes": {
            "arn": "arn:aws:dynamodb:us-east-1:072351085675:table/Debts",
            "attribute": [
              {
                "name": "creditor_id",
                "type": "S"
              },
              {
                "name": "debter_id",
                "type": "S"
              }
            ],
            "billing_mode": "PAY_PER_REQUEST",
            "deletion_protection_enabled": false,
            "global_secondary_index": [
              {
                "hash_key": "creditor_id",
                "key_schema": [
                  {
                    "attribute_name": "creditor_id",
                    "key_type": "HASH"
                  },
                  {
                    "attribute_name": "debter_id",
                    "key_type": "RANGE"
                  }
                ],
                "name": "CreditorIndex",
                "non_key_attributes": [],
                "on_demand_throughput": [],
                "projection_type": "ALL",
                "range_key": "debter_id",
                "read_capacity": 0,
                "warm_throughput": [],
                "write_capacity": 0
              }
            ],
            "global_table_witness": [],
            "hash_key": "debter_id",
            "id": "Debts",
            "import_table": [],
            "local_secondary_index": [],
            "name": "Debts",
            "on_demand_throughput": [],
            "point_in_time_recovery": [
              {
                "enabled": false,
                "recovery_period_in_days": 0
              }
            ],
            "range_key": "creditor_id",
            "read_capacity": 0,
            "region": "us-east-1",
            "replica": [],
            "restore_backup_arn": null,
            "restore_date_time": null,
            "restore_source_name": null,
            "restore_source_table_arn": null,
            "restore_to_latest_time": null,
            "server_side_encryption": [],
            "stream_arn": "",
            "stream_enabled": false,
            "stream_label": "",
            "stream_view_type": "",
            "table_class": "STANDARD",
            "tags": {
              "Name": "PokerDebts"
            },
            "tags_all": {
              "Name": "PokerDebts"
            },
            "timeouts": null,
            "ttl": [
              {
                "attribute_name": "",
                "enabled": false
              }
            ],
            "warm_throughput": [],
            "write_capacity": 0
          },
          "sensitive_attributes": [],
          "identity_schema_version": 0,
          "identity": {
            "account_id": "072351085675",
            "name": "Debts",
            "region": "us-east-1"
          },
          "private": "eyJlMmJmYjczMC1lY2FhLTExZTYtOGY4OC0zNDM2M2JjN2M0YzAiOnsiY3JlYXRlIjoxODAwMDAwMDAwMDAwLCJkZWxldGUiOjYwMDAwMDAwMDAwMCwidXBkYXRlIjozNjAwMDAwMDAwMDAwfSwic2NoZW1hX3ZlcnNpb24iOiIxIn0="
        }
      ]
    },
    {
      "mode": "managed",
      "type": "aws_dynamodb_table",
      "name": "games_table",
      "provider": "provider[\"registry.terraform.io/hashicorp/aws\"]",
      "instances": [
        {
          "schema_version": 1,
          "attributes": {
            "arn": "arn:aws:dynamodb:us-east-1:072351085675:table/Games",
            "attribute": [
              {
                "name": "EndTimeEpochMilliseconds",
                "type": "N"
              },
              {
                "name": "GameId",
                "type": "S"
              },
              {
                "name": "HostPlayerId",
                "type": "S"
              }
            ],
            "billing_mode": "PAY_PER_REQUEST",
            "deletion_protection_enabled": false,
            "global_secondary_index": [
              {
                "hash_key": "HostPlayerId",
                "key_schema": [
                  {
                    "attribute_name": "HostPlayerId",
                    "key_type": "HASH"
                  },
                  {
                    "attribute_name": "EndTimeEpochMilliseconds",
                    "key_type": "RANGE"
                  }
                ],
                "name": "HostPlayerIdIndex",
                "non_key_attributes": [],
                "on_demand_throughput": [],
                "projection_type": "ALL",
                "range_key": "EndTimeEpochMilliseconds",
                "read_capacity": 0,
                "warm_throughput": [],
                "write_capacity": 0
              }
            ],
            "global_table_witness": [],
            "hash_key": "GameId",
            "id": "Games",
            "import_table": [],
            "local_secondary_index": [],
            "name": "Games",
            "on_demand_throughput": [],
            "point_in_time_recovery": [
              {
                "enabled": false,
                "recovery_period_in_days": 0
              }
            ],
            "range_key": "HostPlayerId",
            "read_capacity": 0,
            "region": "us-east-1",
            "replica": [],
            "restore_backup_arn": null,
            "restore_date_time": null,
            "restore_source_name": null,
            "restore_source_table_arn": null,
            "restore_to_latest_time": null,
            "server_side_encryption": [],
            "stream_arn": "",
            "stream_enabled": false,
            "stream_label": "",
            "stream_view_type": "",
            "table_class": "STANDARD",
            "tags": {
              "Name": "PokerGames"
            },
            "tags_all": {
              "Name": "PokerGames"
            },
            "timeouts": null,
            "ttl": [
              {
                "attribute_name": "",
                "enabled": false
              }
            ],
            "warm_throughput": [],
            "write_capacity": 0
          },
          "sensitive_attributes": [],
          "identity_schema_version": 0,
          "identity": {
            "account_id": "072351085675",
            "name": "Games",
            "region": "us-east-1"
          },
          "private": "eyJlMmJmYjczMC1lY2FhLTExZTYtOGY4OC0zNDM2M2JjN2M0YzAiOnsiY3JlYXRlIjoxODAwMDAwMDAwMDAwLCJkZWxldGUiOjYwMDAwMDAwMDAwMCwidXBkYXRlIjozNjAwMDAwMDAwMDAwfSwic2NoZW1hX3ZlcnNpb24iOiIxIn0="
        }
      ]
    },
    {
      "mode": "managed",
      "type": "aws_eip",
      "name": "poker_server_eip",
      "provider": "provider[\"registry.terraform.io/hashicorp/aws\"]",
      "instances": [
        {
          "schema_version": 0,
          "attributes": {
            "address": null,
            "allocation_id": "eipalloc-02692688a4763d83d",
            "arn": "arn:aws:ec2:us-east-1:072351085675:elastic-ip/eipalloc-02692688a4763d83d",
            "associate_with_private_ip": null,
            "association_id": "eipassoc-00e32267baebf0ccc",
            "carrier_ip": "",
            "customer_owned_ip": "",
            "customer_owned_ipv4_pool": "",
            "domain": "vpc",
            "id": "eipalloc-02692688a4763d83d",
            "instance": "i-085abcf93732c5e15",
            "ipam_pool_id": "",
            "network_border_group": "us-east-1",
            "network_interface": "eni-04233c9febd0a0644",
            "private_dns": "ip-172-31-7-128.ec2.internal",
            "private_ip": "172.31.7.128",
            "ptr_record": "",
            "public_dns": "ec2-3-228-203-155.compute-1.amazonaws.com",
            "public_ip": "3.228.203.155",
            "public_ipv4_pool": "amazon",
            "region": "us-east-1",
            "tags": {
              "Name": "PokerServerEIP"
            },
            "tags_all": {
              "Name": "PokerServerEIP"
            },
            "timeouts": null
          },
          "sensitive_attributes": [],
          "identity_schema_version": 0,
          "identity": {
            "account_id": "072351085675",
            "id": "eipalloc-02692688a4763d83d",
            "region": "us-east-1"
          },
          "private": "eyJlMmJmYjczMC1lY2FhLTExZTYtOGY4OC0zNDM2M2JjN2M0YzAiOnsiZGVsZXRlIjoxODAwMDAwMDAwMDAsInJlYWQiOjkwMDAwMDAwMDAwMCwidXBkYXRlIjozMDAwMDAwMDAwMDB9fQ==",
          "dependencies": [
            "aws_iam_instance_profile.ec2_profile",
            "aws_iam_role.ec2_logs_role",
            "aws_instance.poker_server",
            "aws_security_group.poker_sg",
            "aws_ssm_parameter.cw_agent_config"
          ]
        }
      ]
    },
    {
      "mode": "managed",
      "type": "aws_iam_instance_profile",
      "name": "ec2_profile",
      "provider": "provider[\"registry.terraform.io/hashicorp/aws\"]",
      "instances": [
        {
          "schema_version": 0,
          "attributes": {
            "arn": "arn:aws:iam::072351085675:instance-profile/poker-game-ec2-profile",
            "create_date": "2026-05-13T14:01:36Z",
            "id": "poker-game-ec2-profile",
            "name": "poker-game-ec2-profile",
            "name_prefix": "",
            "path": "/",
            "role": "poker-game-ec2-role",
            "tags": {},
            "tags_all": {},
            "unique_id": "AIPARBWDV6RVSBK3SGOOR"
          },
          "sensitive_attributes": [],
          "identity_schema_version": 0,
          "identity": {
            "account_id": "072351085675",
            "name": "poker-game-ec2-profile"
          },
          "private": "bnVsbA==",
          "dependencies": [
            "aws_iam_role.ec2_logs_role"
          ]
        }
      ]
    },
    {
      "mode": "managed",
      "type": "aws_iam_policy",
      "name": "dynamo_poker_access",
      "provider": "provider[\"registry.terraform.io/hashicorp/aws\"]",
      "instances": [
        {
          "schema_version": 0,
          "attributes": {
            "arn": "arn:aws:iam::072351085675:policy/poker-dynamo-access-policy",
            "attachment_count": 1,
            "delay_after_policy_creation_in_ms": null,
            "description": "Allows poker lambdas to read/write to Accounts and Debts tables",
            "id": "arn:aws:iam::072351085675:policy/poker-dynamo-access-policy",
            "name": "poker-dynamo-access-policy",
            "name_prefix": "",
            "path": "/",
            "policy": "{\"Statement\":[{\"Action\":[\"dynamodb:PutItem\",\"dynamodb:GetItem\",\"dynamodb:UpdateItem\",\"dynamodb:Query\",\"dynamodb:Scan\"],\"Effect\":\"Allow\",\"Resource\":[\"arn:aws:dynamodb:us-east-1:072351085675:table/Accounts\",\"arn:aws:dynamodb:us-east-1:072351085675:table/Debts\",\"arn:aws:dynamodb:us-east-1:072351085675:table/Games\",\"arn:aws:dynamodb:us-east-1:072351085675:table/Games/index/*\"]}],\"Version\":\"2012-10-17\"}",
            "policy_id": "ANPARBWDV6RV3AZ6TJC2D",
            "tags": {},
            "tags_all": {}
          },
          "sensitive_attributes": [],
          "identity_schema_version": 0,
          "identity": {
            "arn": "arn:aws:iam::072351085675:policy/poker-dynamo-access-policy"
          },
          "private": "bnVsbA==",
          "dependencies": [
            "aws_dynamodb_table.accounts_table",
            "aws_dynamodb_table.debts_table",
            "aws_dynamodb_table.games_table"
          ]
        }
      ]
    },
    {
      "mode": "managed",
      "type": "aws_iam_policy",
      "name": "ssm_poker_server_access",
      "provider": "provider[\"registry.terraform.io/hashicorp/aws\"]",
      "instances": [
        {
          "schema_version": 0,
          "attributes": {
            "arn": "arn:aws:iam::072351085675:policy/poker-ssm-server-access-policy",
            "attachment_count": 1,
            "delay_after_policy_creation_in_ms": null,
            "description": "Allows CreateGame lambda to execute shell scripts on the game server via SSM",
            "id": "arn:aws:iam::072351085675:policy/poker-ssm-server-access-policy",
            "name": "poker-ssm-server-access-policy",
            "name_prefix": "",
            "path": "/",
            "policy": "{\"Statement\":[{\"Action\":[\"ssm:SendCommand\"],\"Effect\":\"Allow\",\"Resource\":[\"arn:aws:ec2:*:*:instance/i-085abcf93732c5e15\"]},{\"Action\":[\"ssm:SendCommand\"],\"Effect\":\"Allow\",\"Resource\":[\"arn:aws:ssm:*:*:document/AWS-RunShellScript\"]},{\"Action\":[\"ssm:GetCommandInvocation\",\"ssm:ListCommandInvocations\"],\"Effect\":\"Allow\",\"Resource\":[\"*\"]}],\"Version\":\"2012-10-17\"}",
            "policy_id": "ANPARBWDV6RV6BOA5UZUU",
            "tags": {},
            "tags_all": {}
          },
          "sensitive_attributes": [],
          "identity_schema_version": 0,
          "identity": {
            "arn": "arn:aws:iam::072351085675:policy/poker-ssm-server-access-policy"
          },
          "private": "bnVsbA==",
          "dependencies": [
            "aws_iam_instance_profile.ec2_profile",
            "aws_iam_role.ec2_logs_role",
            "aws_instance.poker_server",
            "aws_security_group.poker_sg",
            "aws_ssm_parameter.cw_agent_config"
          ]
        }
      ]
    },
    {
      "mode": "managed",
      "type": "aws_iam_role",
      "name": "ec2_logs_role",
      "provider": "provider[\"registry.terraform.io/hashicorp/aws\"]",
      "instances": [
        {
          "schema_version": 0,
          "attributes": {
            "arn": "arn:aws:iam::072351085675:role/poker-game-ec2-role",
            "assume_role_policy": "{\"Statement\":[{\"Action\":\"sts:AssumeRole\",\"Effect\":\"Allow\",\"Principal\":{\"Service\":\"ec2.amazonaws.com\"}}],\"Version\":\"2012-10-17\"}",
            "create_date": "2026-05-13T14:01:35Z",
            "description": "",
            "force_detach_policies": false,
            "id": "poker-game-ec2-role",
            "inline_policy": [
              {
                "name": "poker-ec2-s3-bucket-policy",
                "policy": "{\"Version\":\"2012-10-17\",\"Statement\":[{\"Action\":[\"s3:GetObject\",\"s3:ListBucket\"],\"Effect\":\"Allow\",\"Resource\":[\"arn:aws:s3:::chuckycodes-games\",\"arn:aws:s3:::chuckycodes-games/*\"]}]}"
              },
              {
                "name": "poker-ec2-ssm-parameter-policy",
                "policy": "{\"Version\":\"2012-10-17\",\"Statement\":[{\"Action\":[\"ssm:GetParameter\",\"ssm:GetParameters\"],\"Effect\":\"Allow\",\"Resource\":[\"arn:aws:ssm:us-east-1:072351085675:parameter/amazon-cloudwatch-agent-config\"]}]}"
              }
            ],
            "managed_policy_arns": [
              "arn:aws:iam::aws:policy/CloudWatchAgentServerPolicy"
            ],
            "max_session_duration": 3600,
            "name": "poker-game-ec2-role",
            "name_prefix": "",
            "path": "/",
            "permissions_boundary": "",
            "tags": {},
            "tags_all": {},
            "unique_id": "AROARBWDV6RV77RKZSJSW"
          },
          "sensitive_attributes": [],
          "identity_schema_version": 0,
          "identity": {
            "account_id": "072351085675",
            "name": "poker-game-ec2-role"
          },
          "private": "bnVsbA=="
        }
      ]
    },
    {
      "mode": "managed",
      "type": "aws_iam_role",
      "name": "lambda_edge_role",
      "provider": "provider[\"registry.terraform.io/hashicorp/aws\"]",
      "instances": [
        {
          "schema_version": 0,
          "attributes": {
            "arn": "arn:aws:iam::072351085675:role/poker-auth-edge-role",
            "assume_role_policy": "{\"Statement\":[{\"Action\":\"sts:AssumeRole\",\"Effect\":\"Allow\",\"Principal\":{\"Service\":[\"lambda.amazonaws.com\",\"edgelambda.amazonaws.com\"]}}],\"Version\":\"2012-10-17\"}",
            "create_date": "2026-05-13T14:01:05Z",
            "description": "",
            "force_detach_policies": false,
            "id": "poker-auth-edge-role",
            "inline_policy": [],
            "managed_policy_arns": [
              "arn:aws:iam::aws:policy/service-role/AWSLambdaBasicExecutionRole"
            ],
            "max_session_duration": 3600,
            "name": "poker-auth-edge-role",
            "name_prefix": "",
            "path": "/",
            "permissions_boundary": "",
            "tags": {},
            "tags_all": {},
            "unique_id": "AROARBWDV6RVTV6MMF5B4"
          },
          "sensitive_attributes": [],
          "identity_schema_version": 0,
          "identity": {
            "account_id": "072351085675",
            "name": "poker-auth-edge-role"
          },
          "private": "bnVsbA=="
        }
      ]
    },
    {
      "mode": "managed",
      "type": "aws_iam_role",
      "name": "lambda_integration_role",
      "provider": "provider[\"registry.terraform.io/hashicorp/aws\"]",
      "instances": [
        {
          "schema_version": 0,
          "attributes": {
            "arn": "arn:aws:iam::072351085675:role/poker-get-account-role",
            "assume_role_policy": "{\"Statement\":[{\"Action\":\"sts:AssumeRole\",\"Effect\":\"Allow\",\"Principal\":{\"Service\":\"lambda.amazonaws.com\"}}],\"Version\":\"2012-10-17\"}",
            "create_date": "2026-05-13T16:36:05Z",
            "description": "",
            "force_detach_policies": false,
            "id": "poker-get-account-role",
            "inline_policy": [],
            "managed_policy_arns": [
              "arn:aws:iam::072351085675:policy/poker-dynamo-access-policy",
              "arn:aws:iam::072351085675:policy/poker-ssm-server-access-policy",
              "arn:aws:iam::aws:policy/service-role/AWSLambdaBasicExecutionRole"
            ],
            "max_session_duration": 3600,
            "name": "poker-get-account-role",
            "name_prefix": "",
            "path": "/",
            "permissions_boundary": "",
            "tags": {},
            "tags_all": {},
            "unique_id": "AROARBWDV6RV5DD5ZWFZH"
          },
          "sensitive_attributes": [],
          "identity_schema_version": 0,
          "identity": {
            "account_id": "072351085675",
            "name": "poker-get-account-role"
          },
          "private": "bnVsbA=="
        }
      ]
    },
    {
      "mode": "managed",
      "type": "aws_iam_role_policy",
      "name": "ec2_s3_bucket_access",
      "provider": "provider[\"registry.terraform.io/hashicorp/aws\"]",
      "instances": [
        {
          "schema_version": 0,
          "attributes": {
            "id": "poker-game-ec2-role:poker-ec2-s3-bucket-policy",
            "name": "poker-ec2-s3-bucket-policy",
            "name_prefix": "",
            "policy": "{\"Version\":\"2012-10-17\",\"Statement\":[{\"Action\":[\"s3:GetObject\",\"s3:ListBucket\"],\"Effect\":\"Allow\",\"Resource\":[\"arn:aws:s3:::chuckycodes-games\",\"arn:aws:s3:::chuckycodes-games/*\"]}]}",
            "role": "poker-game-ec2-role"
          },
          "sensitive_attributes": [],
          "identity_schema_version": 0,
          "identity": {
            "account_id": "072351085675",
            "name": "poker-ec2-s3-bucket-policy",
            "role": "poker-game-ec2-role"
          },
          "private": "bnVsbA==",
          "dependencies": [
            "aws_iam_role.ec2_logs_role"
          ]
        }
      ]
    },
    {
      "mode": "managed",
      "type": "aws_iam_role_policy",
      "name": "ec2_ssm_parameter_access",
      "provider": "provider[\"registry.terraform.io/hashicorp/aws\"]",
      "instances": [
        {
          "schema_version": 0,
          "attributes": {
            "id": "poker-game-ec2-role:poker-ec2-ssm-parameter-policy",
            "name": "poker-ec2-ssm-parameter-policy",
            "name_prefix": "",
            "policy": "{\"Version\":\"2012-10-17\",\"Statement\":[{\"Action\":[\"ssm:GetParameter\",\"ssm:GetParameters\"],\"Effect\":\"Allow\",\"Resource\":[\"arn:aws:ssm:us-east-1:072351085675:parameter/amazon-cloudwatch-agent-config\"]}]}",
            "role": "poker-game-ec2-role"
          },
          "sensitive_attributes": [],
          "identity_schema_version": 0,
          "identity": {
            "account_id": "072351085675",
            "name": "poker-ec2-ssm-parameter-policy",
            "role": "poker-game-ec2-role"
          },
          "private": "bnVsbA==",
          "dependencies": [
            "aws_iam_role.ec2_logs_role",
            "aws_ssm_parameter.cw_agent_config"
          ]
        }
      ]
    },
    {
      "mode": "managed",
      "type": "aws_iam_role_policy_attachment",
      "name": "cw_agent_policy",
      "provider": "provider[\"registry.terraform.io/hashicorp/aws\"]",
      "instances": [
        {
          "schema_version": 0,
          "attributes": {
            "id": "poker-game-ec2-role/arn:aws:iam::aws:policy/CloudWatchAgentServerPolicy",
            "policy_arn": "arn:aws:iam::aws:policy/CloudWatchAgentServerPolicy",
            "role": "poker-game-ec2-role"
          },
          "sensitive_attributes": [],
          "identity_schema_version": 0,
          "identity": {
            "account_id": "072351085675",
            "policy_arn": "arn:aws:iam::aws:policy/CloudWatchAgentServerPolicy",
            "role": "poker-game-ec2-role"
          },
          "private": "bnVsbA==",
          "dependencies": [
            "aws_iam_role.ec2_logs_role"
          ]
        }
      ]
    },
    {
      "mode": "managed",
      "type": "aws_iam_role_policy_attachment",
      "name": "edge_logs",
      "provider": "provider[\"registry.terraform.io/hashicorp/aws\"]",
      "instances": [
        {
          "schema_version": 0,
          "attributes": {
            "id": "poker-auth-edge-role/arn:aws:iam::aws:policy/service-role/AWSLambdaBasicExecutionRole",
            "policy_arn": "arn:aws:iam::aws:policy/service-role/AWSLambdaBasicExecutionRole",
            "role": "poker-auth-edge-role"
          },
          "sensitive_attributes": [],
          "identity_schema_version": 0,
          "identity": {
            "account_id": "072351085675",
            "policy_arn": "arn:aws:iam::aws:policy/service-role/AWSLambdaBasicExecutionRole",
            "role": "poker-auth-edge-role"
          },
          "private": "bnVsbA==",
          "dependencies": [
            "aws_iam_role.lambda_edge_role"
          ]
        }
      ]
    },
    {
      "mode": "managed",
      "type": "aws_iam_role_policy_attachment",
      "name": "lambda_integration_dynamo",
      "provider": "provider[\"registry.terraform.io/hashicorp/aws\"]",
      "instances": [
        {
          "schema_version": 0,
          "attributes": {
            "id": "poker-get-account-role/arn:aws:iam::072351085675:policy/poker-dynamo-access-policy",
            "policy_arn": "arn:aws:iam::072351085675:policy/poker-dynamo-access-policy",
            "role": "poker-get-account-role"
          },
          "sensitive_attributes": [],
          "identity_schema_version": 0,
          "identity": {
            "account_id": "072351085675",
            "policy_arn": "arn:aws:iam::072351085675:policy/poker-dynamo-access-policy",
            "role": "poker-get-account-role"
          },
          "private": "bnVsbA==",
          "dependencies": [
            "aws_dynamodb_table.accounts_table",
            "aws_dynamodb_table.debts_table",
            "aws_dynamodb_table.games_table",
            "aws_iam_policy.dynamo_poker_access",
            "aws_iam_role.lambda_integration_role"
          ]
        }
      ]
    },
    {
      "mode": "managed",
      "type": "aws_iam_role_policy_attachment",
      "name": "lambda_integration_logs",
      "provider": "provider[\"registry.terraform.io/hashicorp/aws\"]",
      "instances": [
        {
          "schema_version": 0,
          "attributes": {
            "id": "poker-get-account-role/arn:aws:iam::aws:policy/service-role/AWSLambdaBasicExecutionRole",
            "policy_arn": "arn:aws:iam::aws:policy/service-role/AWSLambdaBasicExecutionRole",
            "role": "poker-get-account-role"
          },
          "sensitive_attributes": [],
          "identity_schema_version": 0,
          "identity": {
            "account_id": "072351085675",
            "policy_arn": "arn:aws:iam::aws:policy/service-role/AWSLambdaBasicExecutionRole",
            "role": "poker-get-account-role"
          },
          "private": "bnVsbA==",
          "dependencies": [
            "aws_iam_role.lambda_integration_role"
          ]
        }
      ]
    },
    {
      "mode": "managed",
      "type": "aws_iam_role_policy_attachment",
      "name": "lambda_integration_ssm",
      "provider": "provider[\"registry.terraform.io/hashicorp/aws\"]",
      "instances": [
        {
          "schema_version": 0,
          "attributes": {
            "id": "poker-get-account-role/arn:aws:iam::072351085675:policy/poker-ssm-server-access-policy",
            "policy_arn": "arn:aws:iam::072351085675:policy/poker-ssm-server-access-policy",
            "role": "poker-get-account-role"
          },
          "sensitive_attributes": [],
          "identity_schema_version": 0,
          "identity": {
            "account_id": "072351085675",
            "policy_arn": "arn:aws:iam::072351085675:policy/poker-ssm-server-access-policy",
            "role": "poker-get-account-role"
          },
          "private": "bnVsbA==",
          "dependencies": [
            "aws_iam_instance_profile.ec2_profile",
            "aws_iam_policy.ssm_poker_server_access",
            "aws_iam_role.ec2_logs_role",
            "aws_iam_role.lambda_integration_role",
            "aws_instance.poker_server",
            "aws_security_group.poker_sg",
            "aws_ssm_parameter.cw_agent_config"
          ]
        }
      ]
    },
    {
      "mode": "managed",
      "type": "aws_instance",
      "name": "poker_server",
      "provider": "provider[\"registry.terraform.io/hashicorp/aws\"]",
      "instances": [
        {
          "schema_version": 2,
          "attributes": {
            "ami": "ami-0341d95f75f311023",
            "arn": "arn:aws:ec2:us-east-1:072351085675:instance/i-085abcf93732c5e15",
            "associate_public_ip_address": true,
            "availability_zone": "us-east-1d",
            "capacity_reservation_specification": [
              {
                "capacity_reservation_preference": "open",
                "capacity_reservation_target": []
              }
            ],
            "cpu_options": [
              {
                "amd_sev_snp": "",
                "core_count": 1,
                "nested_virtualization": "",
                "threads_per_core": 2
              }
            ],
            "credit_specification": [
              {
                "cpu_credits": "unlimited"
              }
            ],
            "disable_api_stop": false,
            "disable_api_termination": false,
            "ebs_block_device": [],
            "ebs_optimized": false,
            "enable_primary_ipv6": null,
            "enclave_options": [
              {
                "enabled": false
              }
            ],
            "ephemeral_block_device": [],
            "force_destroy": false,
            "get_password_data": false,
            "hibernation": false,
            "host_id": "",
            "host_resource_group_arn": null,
            "iam_instance_profile": "poker-game-ec2-profile",
            "id": "i-085abcf93732c5e15",
            "instance_initiated_shutdown_behavior": "stop",
            "instance_lifecycle": "",
            "instance_market_options": [],
            "instance_state": "running",
            "instance_type": "t3.micro",
            "ipv6_address_count": 0,
            "ipv6_addresses": [],
            "key_name": "",
            "launch_template": [],
            "maintenance_options": [
              {
                "auto_recovery": "default"
              }
            ],
            "metadata_options": [
              {
                "http_endpoint": "enabled",
                "http_protocol_ipv6": "disabled",
                "http_put_response_hop_limit": 2,
                "http_tokens": "required",
                "instance_metadata_tags": "disabled"
              }
            ],
            "monitoring": false,
            "network_interface": [],
            "outpost_arn": "",
            "password_data": "",
            "placement_group": "",
            "placement_group_id": "",
            "placement_partition_number": 0,
            "primary_network_interface": [
              {
                "delete_on_termination": true,
                "network_interface_id": "eni-04233c9febd0a0644"
              }
            ],
            "primary_network_interface_id": "eni-04233c9febd0a0644",
            "private_dns": "ip-172-31-7-128.ec2.internal",
            "private_dns_name_options": [
              {
                "enable_resource_name_dns_a_record": false,
                "enable_resource_name_dns_aaaa_record": false,
                "hostname_type": "ip-name"
              }
            ],
            "private_ip": "172.31.7.128",
            "public_dns": "ec2-3-228-203-155.compute-1.amazonaws.com",
            "public_ip": "3.228.203.155",
            "region": "us-east-1",
            "root_block_device": [
              {
                "delete_on_termination": true,
                "device_name": "/dev/xvda",
                "encrypted": false,
                "iops": 3000,
                "kms_key_id": "",
                "tags": {},
                "tags_all": {},
                "throughput": 125,
                "volume_id": "vol-0bad5d210b6c5b533",
                "volume_size": 8,
                "volume_type": "gp3"
              }
            ],
            "secondary_network_interface": [],
            "secondary_private_ips": [],
            "security_groups": [
              "poker-game-sg"
            ],
            "source_dest_check": true,
            "spot_instance_request_id": "",
            "subnet_id": "subnet-08f23715afe198ffa",
            "tags": {
              "Name": "PokerGameServer"
            },
            "tags_all": {
              "Name": "PokerGameServer"
            },
            "tenancy": "default",
            "timeouts": null,
            "user_data": "#!/bin/bash\nset -e\n\n# System Update and Dependencies\nsudo dnf update -y\nsudo dnf install -y nginx libXcursor libXinerama libXrandr libXi fontconfig nmap-ncat\nsudo yum install -y amazon-cloudwatch-agent\nmkdir -p /home/ec2-user/logs\n\n# Start the agent using the config stored in SSM\n/opt/aws/amazon-cloudwatch-agent/bin/amazon-cloudwatch-agent-ctl \\\n    -a fetch-config \\\n    -m ec2 \\\n    -c ssm:amazon-cloudwatch-agent-config \\\n    -s\n\n# Download Files\naws s3 cp s3://chuckycodes-games/poker-game/server/linux /home/ec2-user/ --recursive\ncd /home/ec2-user\n\n# Nginx setup\nif [ -f \"poker.conf\" ]; then\n    sudo cp poker.conf /etc/nginx/conf.d/poker.conf\n    sudo nginx -t\n    sudo systemctl enable nginx\n    sudo systemctl start nginx\nfi\nchmod +x ./poker_server.x86_64\n\n# Create Session Starter\n# Goal of this script: \n#  - free a port\n#  - launch a new godot server process \n#  - register that new port as a path (/game/PORT) so that nginx can route requests to it\n#  - report back to the launcher process (lambda function) what that new port is so it can save it and tell the user\ncat \u003c\u003c 'EOF' \u003e /home/ec2-user/start_game_session.sh\n#!/bin/bash\n\nexec 3\u003e\u00261\n\nLOG_DIR=\"/home/ec2-user/logs\"\nmkdir -p \"$LOG_DIR\"\n\n# Redirect stdout and stderr to the orchestrator log file, keeping a local copy for SSM to read from\nexec \u003e \u003e(tee -a \"$LOG_DIR/orchestrator.log\") 2\u003e\u00261\necho \"[$(date +'%Y-%m-%dT%H:%M:%S')] Starting new game session request...\"\n\nMIN_PORT=12000\nMAX_PORT=13000\nSERVER_BIN=\"/home/ec2-user/poker_server.x86_64\"\n\n# Find a free port for the new game instance\nwhile :; do\n    PORT=$(( (RANDOM % ($MAX_PORT - $MIN_PORT + 1)) + $MIN_PORT))\n    (echo \u003e/dev/tcp/localhost/$PORT) \u003e/dev/null 2\u003e\u00261 || break\ndone\n\necho \"[$(date +'%Y-%m-%dT%H:%M:%S')] Found free port: $PORT\"\n\necho \"[$(date +'%Y-%m-%dT%H:%M:%S')] Spinning up Godot binary on port $PORT with arguments: $@\"\nsudo -u ec2-user $SERVER_BIN --server --headless --port=$PORT \"$@\" \u003e \"$LOG_DIR/poker_$PORT.log\" 2\u003e\u00261 \u0026\n\nPID=$!\necho \"[$(date +'%Y-%m-%dT%H:%M:%S')] Game server process started with PID: $PID\"\n\n# Disown the process so it detaches from this shell execution thread\ndisown $PID\n\n# Cleanly log the port number so SSM repsonse can pick it up\necho $PORT \u003e\u00263\n\n# Clear file descriptors explicitly so the shell knows it can close cleanly\nexec 3\u003e\u0026-\nEOF\n\n# Finalize file permissions\nchmod +x /home/ec2-user/start_game_session.sh\nif [ -f \"/home/ec2-user/poker_server.x86_64\" ]; then\n    chmod +x /home/ec2-user/poker_server.x86_64\nfi\nchown -R ec2-user:ec2-user /home/ec2-user/",
            "user_data_base64": null,
            "user_data_replace_on_change": true,
            "volume_tags": null,
            "vpc_security_group_ids": [
              "sg-00744698e0bf0353c"
            ]
          },
          "sensitive_attributes": [],
          "identity_schema_version": 0,
          "identity": {
            "account_id": "072351085675",
            "id": "i-085abcf93732c5e15",
            "region": "us-east-1"
          },
          "private": "eyJlMmJmYjczMC1lY2FhLTExZTYtOGY4OC0zNDM2M2JjN2M0YzAiOnsiY3JlYXRlIjo2MDAwMDAwMDAwMDAsImRlbGV0ZSI6MTIwMDAwMDAwMDAwMCwicmVhZCI6OTAwMDAwMDAwMDAwLCJ1cGRhdGUiOjYwMDAwMDAwMDAwMH0sInNjaGVtYV92ZXJzaW9uIjoiMiJ9",
          "dependencies": [
            "aws_iam_instance_profile.ec2_profile",
            "aws_iam_role.ec2_logs_role",
            "aws_security_group.poker_sg",
            "aws_ssm_parameter.cw_agent_config"
          ]
        }
      ]
    },
    {
      "mode": "managed",
      "type": "aws_lambda_function",
      "name": "auth_edge",
      "provider": "provider[\"registry.terraform.io/hashicorp/aws\"].us_east_1",
      "instances": [
        {
          "schema_version": 0,
          "attributes": {
            "architectures": [
              "x86_64"
            ],
            "arn": "arn:aws:lambda:us-east-1:072351085675:function:poker-auth-at-edge",
            "capacity_provider_config": [],
            "code_sha256": "CdUj/3dMDE57yXe8QRIVT4LzE3ey1lgtTvJhubuf8Gk=",
            "code_signing_config_arn": "",
            "dead_letter_config": [],
            "description": "",
            "durable_config": [],
            "environment": [],
            "ephemeral_storage": [
              {
                "size": 512
              }
            ],
            "file_system_config": [],
            "filename": "./exports/lambda/auth_edge.zip",
            "function_name": "poker-auth-at-edge",
            "handler": "index.handler",
            "id": "poker-auth-at-edge",
            "image_config": [],
            "image_uri": "",
            "invoke_arn": "arn:aws:apigateway:us-east-1:lambda:path/2015-03-31/functions/arn:aws:lambda:us-east-1:072351085675:function:poker-auth-at-edge/invocations",
            "kms_key_arn": "",
            "last_modified": "2026-05-21T15:09:36.000+0000",
            "layers": [],
            "logging_config": [
              {
                "application_log_level": "",
                "log_format": "Text",
                "log_group": "/aws/lambda/poker-auth-at-edge",
                "system_log_level": ""
              }
            ],
            "memory_size": 128,
            "package_type": "Zip",
            "publish": true,
            "publish_to": null,
            "qualified_arn": "arn:aws:lambda:us-east-1:072351085675:function:poker-auth-at-edge:3",
            "qualified_invoke_arn": "arn:aws:apigateway:us-east-1:lambda:path/2015-03-31/functions/arn:aws:lambda:us-east-1:072351085675:function:poker-auth-at-edge:3/invocations",
            "region": "us-east-1",
            "replace_security_groups_on_destroy": null,
            "replacement_security_group_ids": null,
            "reserved_concurrent_executions": -1,
            "response_streaming_invoke_arn": "arn:aws:apigateway:us-east-1:lambda:path/2021-11-15/functions/arn:aws:lambda:us-east-1:072351085675:function:poker-auth-at-edge/response-streaming-invocations",
            "role": "arn:aws:iam::072351085675:role/poker-auth-edge-role",
            "runtime": "nodejs20.x",
            "s3_bucket": null,
            "s3_key": null,
            "s3_object_version": null,
            "signing_job_arn": "",
            "signing_profile_version_arn": "",
            "skip_destroy": false,
            "snap_start": [],
            "source_code_hash": "CdUj/3dMDE57yXe8QRIVT4LzE3ey1lgtTvJhubuf8Gk=",
            "source_code_size": 1310,
            "source_kms_key_arn": "",
            "tags": {},
            "tags_all": {},
            "tenancy_config": [],
            "timeout": 3,
            "timeouts": null,
            "tracing_config": [
              {
                "mode": "PassThrough"
              }
            ],
            "version": "3",
            "vpc_config": []
          },
          "sensitive_attributes": [],
          "identity_schema_version": 0,
          "identity": {
            "account_id": "072351085675",
            "function_name": "poker-auth-at-edge",
            "region": "us-east-1"
          },
          "private": "eyJlMmJmYjczMC1lY2FhLTExZTYtOGY4OC0zNDM2M2JjN2M0YzAiOnsiY3JlYXRlIjo2MDAwMDAwMDAwMDAsImRlbGV0ZSI6NjAwMDAwMDAwMDAwLCJ1cGRhdGUiOjYwMDAwMDAwMDAwMH19",
          "dependencies": [
            "aws_cognito_user_pool.poker_pool",
            "aws_cognito_user_pool_client.poker_client",
            "aws_iam_role.lambda_edge_role",
            "data.archive_file.lambda_zip",
            "data.template_file.lambda_source"
          ]
        }
      ]
    },
    {
      "mode": "managed",
      "type": "aws_lambda_function",
      "name": "create_game",
      "provider": "provider[\"registry.terraform.io/hashicorp/aws\"]",
      "instances": [
        {
          "schema_version": 0,
          "attributes": {
            "architectures": [
              "x86_64"
            ],
            "arn": "arn:aws:lambda:us-east-1:072351085675:function:CreateGame",
            "capacity_provider_config": [],
            "code_sha256": "Av1RCH1EzbxxHhrkiXD0j2Kl7cOt7fNA0LhC6HdBZa4=",
            "code_signing_config_arn": "",
            "dead_letter_config": [],
            "description": "",
            "durable_config": [],
            "environment": [
              {
                "variables": {
                  "GAMES_TABLE": "Games",
                  "POKER_SERVER_INSTANCE_ID": "i-085abcf93732c5e15"
                }
              }
            ],
            "ephemeral_storage": [
              {
                "size": 512
              }
            ],
            "file_system_config": [],
            "filename": "./exports/lambda/CreateGame.zip",
            "function_name": "CreateGame",
            "handler": "index.handler",
            "id": "CreateGame",
            "image_config": [],
            "image_uri": "",
            "invoke_arn": "arn:aws:apigateway:us-east-1:lambda:path/2015-03-31/functions/arn:aws:lambda:us-east-1:072351085675:function:CreateGame/invocations",
            "kms_key_arn": "",
            "last_modified": "2026-05-22T17:37:06.000+0000",
            "layers": [],
            "logging_config": [
              {
                "application_log_level": "",
                "log_format": "Text",
                "log_group": "/aws/lambda/CreateGame",
                "system_log_level": ""
              }
            ],
            "memory_size": 512,
            "package_type": "Zip",
            "publish": false,
            "publish_to": null,
            "qualified_arn": "arn:aws:lambda:us-east-1:072351085675:function:CreateGame:$LATEST",
            "qualified_invoke_arn": "arn:aws:apigateway:us-east-1:lambda:path/2015-03-31/functions/arn:aws:lambda:us-east-1:072351085675:function:CreateGame:$LATEST/invocations",
            "region": "us-east-1",
            "replace_security_groups_on_destroy": null,
            "replacement_security_group_ids": null,
            "reserved_concurrent_executions": -1,
            "response_streaming_invoke_arn": "arn:aws:apigateway:us-east-1:lambda:path/2021-11-15/functions/arn:aws:lambda:us-east-1:072351085675:function:CreateGame/response-streaming-invocations",
            "role": "arn:aws:iam::072351085675:role/poker-get-account-role",
            "runtime": "nodejs22.x",
            "s3_bucket": null,
            "s3_key": null,
            "s3_object_version": null,
            "signing_job_arn": "",
            "signing_profile_version_arn": "",
            "skip_destroy": false,
            "snap_start": [],
            "source_code_hash": "Av1RCH1EzbxxHhrkiXD0j2Kl7cOt7fNA0LhC6HdBZa4=",
            "source_code_size": 1871,
            "source_kms_key_arn": "",
            "tags": {},
            "tags_all": {},
            "tenancy_config": [],
            "timeout": 30,
            "timeouts": null,
            "tracing_config": [
              {
                "mode": "PassThrough"
              }
            ],
            "version": "$LATEST",
            "vpc_config": []
          },
          "sensitive_attributes": [],
          "identity_schema_version": 0,
          "identity": {
            "account_id": "072351085675",
            "function_name": "CreateGame",
            "region": "us-east-1"
          },
          "private": "eyJlMmJmYjczMC1lY2FhLTExZTYtOGY4OC0zNDM2M2JjN2M0YzAiOnsiY3JlYXRlIjo2MDAwMDAwMDAwMDAsImRlbGV0ZSI6NjAwMDAwMDAwMDAwLCJ1cGRhdGUiOjYwMDAwMDAwMDAwMH19",
          "dependencies": [
            "aws_dynamodb_table.games_table",
            "aws_iam_instance_profile.ec2_profile",
            "aws_iam_role.ec2_logs_role",
            "aws_iam_role.lambda_integration_role",
            "aws_instance.poker_server",
            "aws_security_group.poker_sg",
            "aws_ssm_parameter.cw_agent_config",
            "data.archive_file.create_game_zip"
          ]
        }
      ]
    },
    {
      "mode": "managed",
      "type": "aws_lambda_function",
      "name": "get_account",
      "provider": "provider[\"registry.terraform.io/hashicorp/aws\"]",
      "instances": [
        {
          "schema_version": 0,
          "attributes": {
            "architectures": [
              "x86_64"
            ],
            "arn": "arn:aws:lambda:us-east-1:072351085675:function:GetAccount",
            "capacity_provider_config": [],
            "code_sha256": "rqjoEz58MaCKTtTHuGyuR1tmEQj/5bj1bjW2bIvZ9Vc=",
            "code_signing_config_arn": "",
            "dead_letter_config": [],
            "description": "",
            "durable_config": [],
            "environment": [
              {
                "variables": {
                  "ACCOUNTS_TABLE": "Accounts"
                }
              }
            ],
            "ephemeral_storage": [
              {
                "size": 512
              }
            ],
            "file_system_config": [],
            "filename": "./exports/lambda/GetAccount.zip",
            "function_name": "GetAccount",
            "handler": "index.handler",
            "id": "GetAccount",
            "image_config": [],
            "image_uri": "",
            "invoke_arn": "arn:aws:apigateway:us-east-1:lambda:path/2015-03-31/functions/arn:aws:lambda:us-east-1:072351085675:function:GetAccount/invocations",
            "kms_key_arn": "",
            "last_modified": "2026-05-22T17:32:32.000+0000",
            "layers": [],
            "logging_config": [
              {
                "application_log_level": "",
                "log_format": "Text",
                "log_group": "/aws/lambda/GetAccount",
                "system_log_level": ""
              }
            ],
            "memory_size": 128,
            "package_type": "Zip",
            "publish": false,
            "publish_to": null,
            "qualified_arn": "arn:aws:lambda:us-east-1:072351085675:function:GetAccount:$LATEST",
            "qualified_invoke_arn": "arn:aws:apigateway:us-east-1:lambda:path/2015-03-31/functions/arn:aws:lambda:us-east-1:072351085675:function:GetAccount:$LATEST/invocations",
            "region": "us-east-1",
            "replace_security_groups_on_destroy": null,
            "replacement_security_group_ids": null,
            "reserved_concurrent_executions": -1,
            "response_streaming_invoke_arn": "arn:aws:apigateway:us-east-1:lambda:path/2021-11-15/functions/arn:aws:lambda:us-east-1:072351085675:function:GetAccount/response-streaming-invocations",
            "role": "arn:aws:iam::072351085675:role/poker-get-account-role",
            "runtime": "nodejs22.x",
            "s3_bucket": null,
            "s3_key": null,
            "s3_object_version": null,
            "signing_job_arn": "",
            "signing_profile_version_arn": "",
            "skip_destroy": false,
            "snap_start": [],
            "source_code_hash": "rqjoEz58MaCKTtTHuGyuR1tmEQj/5bj1bjW2bIvZ9Vc=",
            "source_code_size": 961,
            "source_kms_key_arn": "",
            "tags": {},
            "tags_all": {},
            "tenancy_config": [],
            "timeout": 10,
            "timeouts": null,
            "tracing_config": [
              {
                "mode": "PassThrough"
              }
            ],
            "version": "$LATEST",
            "vpc_config": []
          },
          "sensitive_attributes": [],
          "identity_schema_version": 0,
          "identity": {
            "account_id": "072351085675",
            "function_name": "GetAccount",
            "region": "us-east-1"
          },
          "private": "eyJlMmJmYjczMC1lY2FhLTExZTYtOGY4OC0zNDM2M2JjN2M0YzAiOnsiY3JlYXRlIjo2MDAwMDAwMDAwMDAsImRlbGV0ZSI6NjAwMDAwMDAwMDAwLCJ1cGRhdGUiOjYwMDAwMDAwMDAwMH19",
          "dependencies": [
            "aws_dynamodb_table.accounts_table",
            "aws_iam_role.lambda_integration_role",
            "data.archive_file.get_account_zip"
          ]
        }
      ]
    },
    {
      "mode": "managed",
      "type": "aws_lambda_permission",
      "name": "api_gw_create_game",
      "provider": "provider[\"registry.terraform.io/hashicorp/aws\"]",
      "instances": [
        {
          "schema_version": 0,
          "attributes": {
            "action": "lambda:InvokeFunction",
            "event_source_token": null,
            "function_name": "CreateGame",
            "function_url_auth_type": null,
            "id": "AllowExecutionFromAPIGateway",
            "invoked_via_function_url": null,
            "principal": "apigateway.amazonaws.com",
            "principal_org_id": null,
            "qualifier": "",
            "region": "us-east-1",
            "source_account": null,
            "source_arn": "arn:aws:execute-api:us-east-1:072351085675:q3szamrsj6/*/*/game",
            "statement_id": "AllowExecutionFromAPIGateway",
            "statement_id_prefix": ""
          },
          "sensitive_attributes": [],
          "identity_schema_version": 0,
          "identity": {
            "account_id": "072351085675",
            "function_name": "CreateGame",
            "qualifier": null,
            "region": "us-east-1",
            "statement_id": "AllowExecutionFromAPIGateway"
          },
          "private": "bnVsbA==",
          "dependencies": [
            "aws_apigatewayv2_api.poker_api",
            "aws_dynamodb_table.games_table",
            "aws_iam_instance_profile.ec2_profile",
            "aws_iam_role.ec2_logs_role",
            "aws_iam_role.lambda_integration_role",
            "aws_instance.poker_server",
            "aws_lambda_function.create_game",
            "aws_security_group.poker_sg",
            "aws_ssm_parameter.cw_agent_config",
            "data.archive_file.create_game_zip"
          ]
        }
      ]
    },
    {
      "mode": "managed",
      "type": "aws_lambda_permission",
      "name": "api_gw_get_account",
      "provider": "provider[\"registry.terraform.io/hashicorp/aws\"]",
      "instances": [
        {
          "schema_version": 0,
          "attributes": {
            "action": "lambda:InvokeFunction",
            "event_source_token": null,
            "function_name": "GetAccount",
            "function_url_auth_type": null,
            "id": "AllowExecutionFromAPIGateway",
            "invoked_via_function_url": null,
            "principal": "apigateway.amazonaws.com",
            "principal_org_id": null,
            "qualifier": "",
            "region": "us-east-1",
            "source_account": null,
            "source_arn": "arn:aws:execute-api:us-east-1:072351085675:q3szamrsj6/*/*/account",
            "statement_id": "AllowExecutionFromAPIGateway",
            "statement_id_prefix": ""
          },
          "sensitive_attributes": [],
          "identity_schema_version": 0,
          "identity": {
            "account_id": "072351085675",
            "function_name": "GetAccount",
            "qualifier": null,
            "region": "us-east-1",
            "statement_id": "AllowExecutionFromAPIGateway"
          },
          "private": "bnVsbA==",
          "dependencies": [
            "aws_apigatewayv2_api.poker_api",
            "aws_dynamodb_table.accounts_table",
            "aws_iam_role.lambda_integration_role",
            "aws_lambda_function.get_account",
            "data.archive_file.get_account_zip"
          ]
        }
      ]
    },
    {
      "mode": "managed",
      "type": "aws_route53_record",
      "name": "api_gateway",
      "provider": "provider[\"registry.terraform.io/hashicorp/aws\"]",
      "instances": [
        {
          "schema_version": 2,
          "attributes": {
            "alias": [
              {
                "evaluate_target_health": true,
                "name": "d-8nddnduhli.execute-api.us-east-1.amazonaws.com",
                "zone_id": "Z1UJRXOUMOOFQ8"
              }
            ],
            "allow_overwrite": null,
            "cidr_routing_policy": [],
            "failover_routing_policy": [],
            "fqdn": "api.mikechucktingle.net",
            "geolocation_routing_policy": [],
            "geoproximity_routing_policy": [],
            "health_check_id": "",
            "id": "Z0053251XXT1FWAUMZOS_api.mikechucktingle.net_A",
            "latency_routing_policy": [],
            "multivalue_answer_routing_policy": false,
            "name": "api.mikechucktingle.net",
            "records": [],
            "set_identifier": "",
            "timeouts": null,
            "ttl": 0,
            "type": "A",
            "weighted_routing_policy": [],
            "zone_id": "Z0053251XXT1FWAUMZOS"
          },
          "sensitive_attributes": [],
          "identity_schema_version": 0,
          "identity": {
            "account_id": "072351085675",
            "name": "api.mikechucktingle.net",
            "set_identifier": null,
            "type": "A",
            "zone_id": "Z0053251XXT1FWAUMZOS"
          },
          "private": "eyJlMmJmYjczMC1lY2FhLTExZTYtOGY4OC0zNDM2M2JjN2M0YzAiOnsiY3JlYXRlIjoxODAwMDAwMDAwMDAwLCJkZWxldGUiOjE4MDAwMDAwMDAwMDAsInVwZGF0ZSI6MTgwMDAwMDAwMDAwMH0sInNjaGVtYV92ZXJzaW9uIjoiMiJ9",
          "dependencies": [
            "aws_apigatewayv2_domain_name.poker_api_domain",
            "data.aws_acm_certificate.poker_cert",
            "data.aws_route53_zone.main"
          ]
        }
      ]
    },
    {
      "mode": "managed",
      "type": "aws_route53_record",
      "name": "cognito_login_alias",
      "provider": "provider[\"registry.terraform.io/hashicorp/aws\"]",
      "instances": [
        {
          "schema_version": 2,
          "attributes": {
            "alias": [
              {
                "evaluate_target_health": false,
                "name": "dfhhg4w04ckuo.cloudfront.net",
                "zone_id": "Z2FDTNDATAQYW2"
              }
            ],
            "allow_overwrite": null,
            "cidr_routing_policy": [],
            "failover_routing_policy": [],
            "fqdn": "auth.mikechucktingle.net",
            "geolocation_routing_policy": [],
            "geoproximity_routing_policy": [],
            "health_check_id": "",
            "id": "Z0053251XXT1FWAUMZOS_auth.mikechucktingle.net_A",
            "latency_routing_policy": [],
            "multivalue_answer_routing_policy": false,
            "name": "auth.mikechucktingle.net",
            "records": [],
            "set_identifier": "",
            "timeouts": null,
            "ttl": 0,
            "type": "A",
            "weighted_routing_policy": [],
            "zone_id": "Z0053251XXT1FWAUMZOS"
          },
          "sensitive_attributes": [],
          "identity_schema_version": 0,
          "identity": {
            "account_id": "072351085675",
            "name": "auth.mikechucktingle.net",
            "set_identifier": null,
            "type": "A",
            "zone_id": "Z0053251XXT1FWAUMZOS"
          },
          "private": "eyJlMmJmYjczMC1lY2FhLTExZTYtOGY4OC0zNDM2M2JjN2M0YzAiOnsiY3JlYXRlIjoxODAwMDAwMDAwMDAwLCJkZWxldGUiOjE4MDAwMDAwMDAwMDAsInVwZGF0ZSI6MTgwMDAwMDAwMDAwMH0sInNjaGVtYV92ZXJzaW9uIjoiMiJ9",
          "dependencies": [
            "aws_cognito_user_pool.poker_pool",
            "aws_cognito_user_pool_domain.poker_domain",
            "data.aws_acm_certificate.poker_cert",
            "data.aws_route53_zone.main"
          ]
        }
      ]
    },
    {
      "mode": "managed",
      "type": "aws_route53_record",
      "name": "game_server",
      "provider": "provider[\"registry.terraform.io/hashicorp/aws\"]",
      "instances": [
        {
          "schema_version": 2,
          "attributes": {
            "alias": [],
            "allow_overwrite": null,
            "cidr_routing_policy": [],
            "failover_routing_policy": [],
            "fqdn": "server.mikechucktingle.net",
            "geolocation_routing_policy": [],
            "geoproximity_routing_policy": [],
            "health_check_id": "",
            "id": "Z0053251XXT1FWAUMZOS_server.mikechucktingle.net_A",
            "latency_routing_policy": [],
            "multivalue_answer_routing_policy": false,
            "name": "server.mikechucktingle.net",
            "records": [
              "3.228.203.155"
            ],
            "set_identifier": "",
            "timeouts": null,
            "ttl": 300,
            "type": "A",
            "weighted_routing_policy": [],
            "zone_id": "Z0053251XXT1FWAUMZOS"
          },
          "sensitive_attributes": [],
          "identity_schema_version": 0,
          "identity": {
            "account_id": "072351085675",
            "name": "server.mikechucktingle.net",
            "set_identifier": null,
            "type": "A",
            "zone_id": "Z0053251XXT1FWAUMZOS"
          },
          "private": "eyJlMmJmYjczMC1lY2FhLTExZTYtOGY4OC0zNDM2M2JjN2M0YzAiOnsiY3JlYXRlIjoxODAwMDAwMDAwMDAwLCJkZWxldGUiOjE4MDAwMDAwMDAwMDAsInVwZGF0ZSI6MTgwMDAwMDAwMDAwMH0sInNjaGVtYV92ZXJzaW9uIjoiMiJ9",
          "dependencies": [
            "aws_eip.poker_server_eip",
            "aws_iam_instance_profile.ec2_profile",
            "aws_iam_role.ec2_logs_role",
            "aws_instance.poker_server",
            "aws_security_group.poker_sg",
            "aws_ssm_parameter.cw_agent_config",
            "data.aws_route53_zone.main"
          ]
        }
      ]
    },
    {
      "mode": "managed",
      "type": "aws_route53_record",
      "name": "poker_frontend",
      "provider": "provider[\"registry.terraform.io/hashicorp/aws\"]",
      "instances": [
        {
          "schema_version": 2,
          "attributes": {
            "alias": [
              {
                "evaluate_target_health": false,
                "name": "ddfh2856132nt.cloudfront.net",
                "zone_id": "Z2FDTNDATAQYW2"
              }
            ],
            "allow_overwrite": null,
            "cidr_routing_policy": [],
            "failover_routing_policy": [],
            "fqdn": "poker.mikechucktingle.net",
            "geolocation_routing_policy": [],
            "geoproximity_routing_policy": [],
            "health_check_id": "",
            "id": "Z0053251XXT1FWAUMZOS_poker.mikechucktingle.net_A",
            "latency_routing_policy": [],
            "multivalue_answer_routing_policy": false,
            "name": "poker.mikechucktingle.net",
            "records": [],
            "set_identifier": "",
            "timeouts": null,
            "ttl": 0,
            "type": "A",
            "weighted_routing_policy": [],
            "zone_id": "Z0053251XXT1FWAUMZOS"
          },
          "sensitive_attributes": [],
          "identity_schema_version": 0,
          "identity": {
            "account_id": "072351085675",
            "name": "poker.mikechucktingle.net",
            "set_identifier": null,
            "type": "A",
            "zone_id": "Z0053251XXT1FWAUMZOS"
          },
          "private": "eyJlMmJmYjczMC1lY2FhLTExZTYtOGY4OC0zNDM2M2JjN2M0YzAiOnsiY3JlYXRlIjoxODAwMDAwMDAwMDAwLCJkZWxldGUiOjE4MDAwMDAwMDAwMDAsInVwZGF0ZSI6MTgwMDAwMDAwMDAwMH0sInNjaGVtYV92ZXJzaW9uIjoiMiJ9",
          "dependencies": [
            "aws_cloudfront_distribution.poker_cdn",
            "aws_cloudfront_origin_access_control.poker_oac",
            "aws_cloudfront_origin_request_policy.godot_requests",
            "aws_cloudfront_response_headers_policy.godot_response",
            "aws_cognito_user_pool.poker_pool",
            "aws_cognito_user_pool_client.poker_client",
            "aws_eip.poker_server_eip",
            "aws_iam_instance_profile.ec2_profile",
            "aws_iam_role.ec2_logs_role",
            "aws_iam_role.lambda_edge_role",
            "aws_instance.poker_server",
            "aws_lambda_function.auth_edge",
            "aws_s3_bucket.poker_bucket",
            "aws_security_group.poker_sg",
            "aws_ssm_parameter.cw_agent_config",
            "data.archive_file.lambda_zip",
            "data.aws_acm_certificate.poker_cert",
            "data.aws_cloudfront_function.redirect_to_index",
            "data.aws_route53_zone.main",
            "data.template_file.lambda_source"
          ]
        }
      ]
    },
    {
      "mode": "managed",
      "type": "aws_s3_bucket",
      "name": "poker_bucket",
      "provider": "provider[\"registry.terraform.io/hashicorp/aws\"]",
      "instances": [
        {
          "schema_version": 0,
          "attributes": {
            "acceleration_status": "",
            "acl": null,
            "arn": "arn:aws:s3:::chuckycodes-poker-game",
            "bucket": "chuckycodes-poker-game",
            "bucket_domain_name": "chuckycodes-poker-game.s3.amazonaws.com",
            "bucket_namespace": "global",
            "bucket_prefix": "",
            "bucket_region": "us-east-1",
            "bucket_regional_domain_name": "chuckycodes-poker-game.s3.us-east-1.amazonaws.com",
            "cors_rule": [
              {
                "allowed_headers": [
                  "*"
                ],
                "allowed_methods": [
                  "GET"
                ],
                "allowed_origins": [
                  "https://ddfh2856132nt.cloudfront.net",
                  "https://poker.mikechucktingle.net"
                ],
                "expose_headers": [],
                "max_age_seconds": 3000
              }
            ],
            "force_destroy": true,
            "grant": [
              {
                "id": "b0310c725476453a202000443c33d5c7235695ff0adb78854a0ad7109cd40719",
                "permissions": [
                  "FULL_CONTROL"
                ],
                "type": "CanonicalUser",
                "uri": ""
              }
            ],
            "hosted_zone_id": "Z3AQBSTGFYJSTF",
            "id": "chuckycodes-poker-game",
            "lifecycle_rule": [],
            "logging": [],
            "object_lock_configuration": [],
            "object_lock_enabled": false,
            "policy": "{\"Statement\":[{\"Action\":\"s3:GetObject\",\"Condition\":{\"StringEquals\":{\"AWS:SourceArn\":\"arn:aws:cloudfront::072351085675:distribution/E1SJ2O1VFU30SP\"}},\"Effect\":\"Allow\",\"Principal\":{\"Service\":\"cloudfront.amazonaws.com\"},\"Resource\":\"arn:aws:s3:::chuckycodes-poker-game/*\"}],\"Version\":\"2012-10-17\"}",
            "region": "us-east-1",
            "replication_configuration": [],
            "request_payer": "BucketOwner",
            "server_side_encryption_configuration": [
              {
                "rule": [
                  {
                    "apply_server_side_encryption_by_default": [
                      {
                        "kms_master_key_id": "",
                        "sse_algorithm": "AES256"
                      }
                    ],
                    "bucket_key_enabled": true
                  }
                ]
              }
            ],
            "tags": {},
            "tags_all": {},
            "timeouts": null,
            "versioning": [
              {
                "enabled": false,
                "mfa_delete": false
              }
            ],
            "website": [],
            "website_domain": null,
            "website_endpoint": null
          },
          "sensitive_attributes": [],
          "identity_schema_version": 0,
          "identity": {
            "account_id": "072351085675",
            "bucket": "chuckycodes-poker-game",
            "region": "us-east-1"
          },
          "private": "eyJlMmJmYjczMC1lY2FhLTExZTYtOGY4OC0zNDM2M2JjN2M0YzAiOnsiY3JlYXRlIjoxMjAwMDAwMDAwMDAwLCJkZWxldGUiOjM2MDAwMDAwMDAwMDAsInJlYWQiOjEyMDAwMDAwMDAwMDAsInVwZGF0ZSI6MTIwMDAwMDAwMDAwMH19"
        }
      ]
    },
    {
      "mode": "managed",
      "type": "aws_s3_bucket_cors_configuration",
      "name": "poker_cors",
      "provider": "provider[\"registry.terraform.io/hashicorp/aws\"]",
      "instances": [
        {
          "schema_version": 0,
          "attributes": {
            "bucket": "chuckycodes-poker-game",
            "cors_rule": [
              {
                "allowed_headers": [
                  "*"
                ],
                "allowed_methods": [
                  "GET"
                ],
                "allowed_origins": [
                  "https://ddfh2856132nt.cloudfront.net",
                  "https://poker.mikechucktingle.net"
                ],
                "expose_headers": [],
                "id": "",
                "max_age_seconds": 3000
              }
            ],
            "expected_bucket_owner": "",
            "id": "chuckycodes-poker-game",
            "region": "us-east-1"
          },
          "sensitive_attributes": [],
          "identity_schema_version": 1,
          "identity": {
            "account_id": "072351085675",
            "bucket": "chuckycodes-poker-game",
            "region": "us-east-1"
          },
          "private": "bnVsbA==",
          "dependencies": [
            "aws_cloudfront_distribution.poker_cdn",
            "aws_cloudfront_origin_access_control.poker_oac",
            "aws_cloudfront_origin_request_policy.godot_requests",
            "aws_cloudfront_response_headers_policy.godot_response",
            "aws_cognito_user_pool.poker_pool",
            "aws_cognito_user_pool_client.poker_client",
            "aws_eip.poker_server_eip",
            "aws_iam_instance_profile.ec2_profile",
            "aws_iam_role.ec2_logs_role",
            "aws_iam_role.lambda_edge_role",
            "aws_instance.poker_server",
            "aws_lambda_function.auth_edge",
            "aws_s3_bucket.poker_bucket",
            "aws_security_group.poker_sg",
            "aws_ssm_parameter.cw_agent_config",
            "data.archive_file.lambda_zip",
            "data.aws_acm_certificate.poker_cert",
            "data.aws_cloudfront_function.redirect_to_index",
            "data.template_file.lambda_source"
          ]
        }
      ]
    },
    {
      "mode": "managed",
      "type": "aws_s3_bucket_policy",
      "name": "poker_bucket_policy",
      "provider": "provider[\"registry.terraform.io/hashicorp/aws\"]",
      "instances": [
        {
          "schema_version": 0,
          "attributes": {
            "bucket": "chuckycodes-poker-game",
            "id": "chuckycodes-poker-game",
            "policy": "{\"Statement\":[{\"Action\":\"s3:GetObject\",\"Condition\":{\"StringEquals\":{\"AWS:SourceArn\":\"arn:aws:cloudfront::072351085675:distribution/E1SJ2O1VFU30SP\"}},\"Effect\":\"Allow\",\"Principal\":{\"Service\":\"cloudfront.amazonaws.com\"},\"Resource\":\"arn:aws:s3:::chuckycodes-poker-game/*\"}],\"Version\":\"2012-10-17\"}",
            "region": "us-east-1"
          },
          "sensitive_attributes": [],
          "identity_schema_version": 0,
          "identity": {
            "account_id": "072351085675",
            "bucket": "chuckycodes-poker-game",
            "region": "us-east-1"
          },
          "private": "bnVsbA==",
          "dependencies": [
            "aws_cloudfront_distribution.poker_cdn",
            "aws_cloudfront_origin_access_control.poker_oac",
            "aws_cloudfront_origin_request_policy.godot_requests",
            "aws_cloudfront_response_headers_policy.godot_response",
            "aws_cognito_user_pool.poker_pool",
            "aws_cognito_user_pool_client.poker_client",
            "aws_eip.poker_server_eip",
            "aws_iam_instance_profile.ec2_profile",
            "aws_iam_role.ec2_logs_role",
            "aws_iam_role.lambda_edge_role",
            "aws_instance.poker_server",
            "aws_lambda_function.auth_edge",
            "aws_s3_bucket.poker_bucket",
            "aws_security_group.poker_sg",
            "aws_ssm_parameter.cw_agent_config",
            "data.archive_file.lambda_zip",
            "data.aws_acm_certificate.poker_cert",
            "data.aws_cloudfront_function.redirect_to_index",
            "data.template_file.lambda_source"
          ]
        }
      ]
    },
    {
      "mode": "managed",
      "type": "aws_s3_bucket_public_access_block",
      "name": "poker_bucket_block",
      "provider": "provider[\"registry.terraform.io/hashicorp/aws\"]",
      "instances": [
        {
          "schema_version": 0,
          "attributes": {
            "block_public_acls": true,
            "block_public_policy": true,
            "bucket": "chuckycodes-poker-game",
            "id": "chuckycodes-poker-game",
            "ignore_public_acls": true,
            "region": "us-east-1",
            "restrict_public_buckets": true,
            "skip_destroy": null
          },
          "sensitive_attributes": [],
          "identity_schema_version": 0,
          "identity": {
            "account_id": "072351085675",
            "bucket": "chuckycodes-poker-game",
            "region": "us-east-1"
          },
          "private": "bnVsbA==",
          "dependencies": [
            "aws_s3_bucket.poker_bucket"
          ]
        }
      ]
    },
    {
      "mode": "managed",
      "type": "aws_security_group",
      "name": "poker_sg",
      "provider": "provider[\"registry.terraform.io/hashicorp/aws\"]",
      "instances": [
        {
          "schema_version": 1,
          "attributes": {
            "arn": "arn:aws:ec2:us-east-1:072351085675:security-group/sg-00744698e0bf0353c",
            "description": "Nginx front door",
            "egress": [
              {
                "cidr_blocks": [
                  "0.0.0.0/0"
                ],
                "description": "",
                "from_port": 0,
                "ipv6_cidr_blocks": [],
                "prefix_list_ids": [],
                "protocol": "-1",
                "security_groups": [],
                "self": false,
                "to_port": 0
              }
            ],
            "id": "sg-00744698e0bf0353c",
            "ingress": [
              {
                "cidr_blocks": [
                  "0.0.0.0/0"
                ],
                "description": "",
                "from_port": 8000,
                "ipv6_cidr_blocks": [],
                "prefix_list_ids": [],
                "protocol": "tcp",
                "security_groups": [],
                "self": false,
                "to_port": 8000
              }
            ],
            "name": "poker-game-sg",
            "name_prefix": "",
            "owner_id": "072351085675",
            "region": "us-east-1",
            "revoke_rules_on_delete": false,
            "tags": {},
            "tags_all": {},
            "timeouts": null,
            "vpc_id": "vpc-0cca4587cb26d6420"
          },
          "sensitive_attributes": [],
          "identity_schema_version": 0,
          "identity": {
            "account_id": "072351085675",
            "id": "sg-00744698e0bf0353c",
            "region": "us-east-1"
          },
          "private": "eyJlMmJmYjczMC1lY2FhLTExZTYtOGY4OC0zNDM2M2JjN2M0YzAiOnsiY3JlYXRlIjo2MDAwMDAwMDAwMDAsImRlbGV0ZSI6OTAwMDAwMDAwMDAwfSwic2NoZW1hX3ZlcnNpb24iOiIxIn0="
        }
      ]
    },
    {
      "mode": "managed",
      "type": "aws_ssm_parameter",
      "name": "cw_agent_config",
      "provider": "provider[\"registry.terraform.io/hashicorp/aws\"]",
      "instances": [
        {
          "schema_version": 0,
          "attributes": {
            "allowed_pattern": "",
            "arn": "arn:aws:ssm:us-east-1:072351085675:parameter/amazon-cloudwatch-agent-config",
            "data_type": "text",
            "description": "",
            "has_value_wo": false,
            "id": "amazon-cloudwatch-agent-config",
            "insecure_value": null,
            "key_id": "",
            "name": "amazon-cloudwatch-agent-config",
            "overwrite": null,
            "region": "us-east-1",
            "tags": {},
            "tags_all": {},
            "tier": "Standard",
            "type": "String",
            "value": "{\"logs\":{\"logs_collected\":{\"files\":{\"collect_list\":[{\"file_path\":\"/home/ec2-user/logs/*.log\",\"log_group_name\":\"/apps/poker-game\",\"log_stream_name\":\"{instance_id}\"}]}}},\"metrics\":{\"metrics_collected\":{\"mem\":{\"measurement\":[\"mem_used_percent\"],\"metrics_collection_interval\":60}}}}",
            "value_wo": null,
            "value_wo_version": null,
            "version": 1
          },
          "sensitive_attributes": [
            [
              {
                "type": "get_attr",
                "value": "value"
              }
            ],
            [
              {
                "type": "get_attr",
                "value": "value_wo"
              }
            ]
          ],
          "identity_schema_version": 0,
          "identity": {
            "account_id": "072351085675",
            "name": "amazon-cloudwatch-agent-config",
            "region": "us-east-1"
          },
          "private": "bnVsbA=="
        }
      ]
    }
  ],
  "check_results": null
}
